// !$*UTF8*$!
{
	archiveVersion = 1;
	classes = {
	};
	objectVersion = 55;
	objects = {

/* Begin PBXBuildFile section */
		BD15700028D05ACE00155712 /* ODSButton.swift in Sources */ = {isa = PBXBuildFile; fileRef = BD156FFF28D05ACE00155712 /* ODSButton.swift */; };
		BD15700328D0651A00155712 /* ODSSegmentedControl.swift in Sources */ = {isa = PBXBuildFile; fileRef = BD15700228D0651A00155712 /* ODSSegmentedControl.swift */; };
		BD70EABE28D81C8A0063DE18 /* ProjectView.swift in Sources */ = {isa = PBXBuildFile; fileRef = BD70EABD28D81C8A0063DE18 /* ProjectView.swift */; };
		BD70EAC028D81FCC0063DE18 /* ProjectListCell.swift in Sources */ = {isa = PBXBuildFile; fileRef = BD70EABF28D81FCC0063DE18 /* ProjectListCell.swift */; };
		BD70EB0528D8AAC80063DE18 /* Entity.swift in Sources */ = {isa = PBXBuildFile; fileRef = BD70EB0428D8AAC80063DE18 /* Entity.swift */; };
		BD70EB0728D8AB4D0063DE18 /* Repository.swift in Sources */ = {isa = PBXBuildFile; fileRef = BD70EB0628D8AB4D0063DE18 /* Repository.swift */; };
		BD70EB0928D8AC4F0063DE18 /* Todo.swift in Sources */ = {isa = PBXBuildFile; fileRef = BD70EB0828D8AC4F0063DE18 /* Todo.swift */; };
		BD70EB0B28D8AC5D0063DE18 /* StorableTodo.swift in Sources */ = {isa = PBXBuildFile; fileRef = BD70EB0A28D8AC5D0063DE18 /* StorableTodo.swift */; };
		BD70EB0E28D8B2800063DE18 /* StorageRepository.swift in Sources */ = {isa = PBXBuildFile; fileRef = BD70EB0D28D8B2800063DE18 /* StorageRepository.swift */; };
		BD70EB1528D988A80063DE18 /* TodoListViewModel.swift in Sources */ = {isa = PBXBuildFile; fileRef = BD70EB1428D988A80063DE18 /* TodoListViewModel.swift */; };
		BD70EB1728D9890C0063DE18 /* TodoListCollectionViewAdapter.swift in Sources */ = {isa = PBXBuildFile; fileRef = BD70EB1628D9890C0063DE18 /* TodoListCollectionViewAdapter.swift */; };
		BD8B408828D4558E00A4E810 /* PriorityCell.swift in Sources */ = {isa = PBXBuildFile; fileRef = BD8B408728D4558E00A4E810 /* PriorityCell.swift */; };
		BD8B408B28D458F900A4E810 /* TodoBottomSheetViewController+Layout.swift in Sources */ = {isa = PBXBuildFile; fileRef = BD8B408A28D458F900A4E810 /* TodoBottomSheetViewController+Layout.swift */; };
		BD8B408D28D46C7100A4E810 /* InputCell.swift in Sources */ = {isa = PBXBuildFile; fileRef = BD8B408C28D46C7100A4E810 /* InputCell.swift */; };
		BD8B408F28D472A300A4E810 /* ProjectCategoryCell.swift in Sources */ = {isa = PBXBuildFile; fileRef = BD8B408E28D472A300A4E810 /* ProjectCategoryCell.swift */; };
		BD92EF9A28D2CBF0000C4A4F /* BaseCollectionView.swift in Sources */ = {isa = PBXBuildFile; fileRef = BD92EF9928D2CBF0000C4A4F /* BaseCollectionView.swift */; };
		BD92EFA928D3777C000C4A4F /* TodoBottomSheetViewController.swift in Sources */ = {isa = PBXBuildFile; fileRef = BD92EFA828D3777C000C4A4F /* TodoBottomSheetViewController.swift */; };
		BD9FA4D328CF135100E8D68B /* AppDelegate.swift in Sources */ = {isa = PBXBuildFile; fileRef = BD9FA4D228CF135100E8D68B /* AppDelegate.swift */; };
		BD9FA4D528CF135100E8D68B /* SceneDelegate.swift in Sources */ = {isa = PBXBuildFile; fileRef = BD9FA4D428CF135100E8D68B /* SceneDelegate.swift */; };
		BD9FA4DC28CF135600E8D68B /* Assets.xcassets in Resources */ = {isa = PBXBuildFile; fileRef = BD9FA4DB28CF135600E8D68B /* Assets.xcassets */; };
		BD9FA4DF28CF135600E8D68B /* LaunchScreen.storyboard in Resources */ = {isa = PBXBuildFile; fileRef = BD9FA4DD28CF135600E8D68B /* LaunchScreen.storyboard */; };
		BD9FA4EA28CF135600E8D68B /* OOTDTests.swift in Sources */ = {isa = PBXBuildFile; fileRef = BD9FA4E928CF135600E8D68B /* OOTDTests.swift */; };
		BD9FA4F428CF135600E8D68B /* OOTDUITests.swift in Sources */ = {isa = PBXBuildFile; fileRef = BD9FA4F328CF135600E8D68B /* OOTDUITests.swift */; };
		BD9FA4F628CF135600E8D68B /* OOTDUITestsLaunchTests.swift in Sources */ = {isa = PBXBuildFile; fileRef = BD9FA4F528CF135600E8D68B /* OOTDUITestsLaunchTests.swift */; };
		BD9FA51228CF156800E8D68B /* TodoListViewController.swift in Sources */ = {isa = PBXBuildFile; fileRef = BD9FA51128CF156800E8D68B /* TodoListViewController.swift */; };
		BD9FA51628CF157300E8D68B /* TimerViewController.swift in Sources */ = {isa = PBXBuildFile; fileRef = BD9FA51528CF157300E8D68B /* TimerViewController.swift */; };
		BD9FA51828CF160E00E8D68B /* GitHubRegistrationViewController.swift in Sources */ = {isa = PBXBuildFile; fileRef = BD9FA51728CF160E00E8D68B /* GitHubRegistrationViewController.swift */; };
		BD9FA51A28CF161B00E8D68B /* ProjectViewController.swift in Sources */ = {isa = PBXBuildFile; fileRef = BD9FA51928CF161B00E8D68B /* ProjectViewController.swift */; };
		BD9FA51C28CF162500E8D68B /* SettingViewController.swift in Sources */ = {isa = PBXBuildFile; fileRef = BD9FA51B28CF162500E8D68B /* SettingViewController.swift */; };
		BD9FA51E28CF162F00E8D68B /* TabBarController.swift in Sources */ = {isa = PBXBuildFile; fileRef = BD9FA51D28CF162F00E8D68B /* TabBarController.swift */; };
		BD9FA52828CF171600E8D68B /* SnapKit in Frameworks */ = {isa = PBXBuildFile; productRef = BD9FA52728CF171600E8D68B /* SnapKit */; };
		BD9FA52B28CF174B00E8D68B /* Then in Frameworks */ = {isa = PBXBuildFile; productRef = BD9FA52A28CF174B00E8D68B /* Then */; };
		BD9FA52E28CF17AB00E8D68B /* FSCalendar in Frameworks */ = {isa = PBXBuildFile; productRef = BD9FA52D28CF17AB00E8D68B /* FSCalendar */; };
		BD9FA53128CF180C00E8D68B /* Realm in Frameworks */ = {isa = PBXBuildFile; productRef = BD9FA53028CF180C00E8D68B /* Realm */; };
		BD9FA53328CF180C00E8D68B /* RealmSwift in Frameworks */ = {isa = PBXBuildFile; productRef = BD9FA53228CF180C00E8D68B /* RealmSwift */; };
		BD9FA53528CF1AB800E8D68B /* .swiftlint.yml in Resources */ = {isa = PBXBuildFile; fileRef = BD9FA53428CF1AB800E8D68B /* .swiftlint.yml */; };
		BDB2016228D99F16003FF3A3 /* Observable.swift in Sources */ = {isa = PBXBuildFile; fileRef = BDB2016128D99F16003FF3A3 /* Observable.swift */; };
		BDB65B8628D0713E00679C02 /* OOTD_Core.framework in Frameworks */ = {isa = PBXBuildFile; fileRef = BDD8CA2728CF1FD100668B70 /* OOTD_Core.framework */; };
		BDB65B8728D0713E00679C02 /* OOTD_Core.framework in Embed Frameworks */ = {isa = PBXBuildFile; fileRef = BDD8CA2728CF1FD100668B70 /* OOTD_Core.framework */; settings = {ATTRIBUTES = (CodeSignOnCopy, RemoveHeadersOnCopy, ); }; };
		BDB65B8D28D079A100679C02 /* ODSTextField.swift in Sources */ = {isa = PBXBuildFile; fileRef = BDB65B8C28D079A100679C02 /* ODSTextField.swift */; };
		BDB65B9028D0B5BC00679C02 /* Device.swift in Sources */ = {isa = PBXBuildFile; fileRef = BDB65B8F28D0B5BC00679C02 /* Device.swift */; };
		BDB65B9228D0B6B200679C02 /* PreviewProvider.swift in Sources */ = {isa = PBXBuildFile; fileRef = BDB65B9128D0B6B200679C02 /* PreviewProvider.swift */; };
		BDB65B9428D0BE8100679C02 /* TabBarItem.swift in Sources */ = {isa = PBXBuildFile; fileRef = BDB65B9328D0BE8100679C02 /* TabBarItem.swift */; };
		BDB65B9628D1ADBE00679C02 /* TodoCalendarHeaderView.swift in Sources */ = {isa = PBXBuildFile; fileRef = BDB65B9528D1ADBE00679C02 /* TodoCalendarHeaderView.swift */; };
		BDD8CA2A28CF1FD100668B70 /* OOTD_Core.h in Headers */ = {isa = PBXBuildFile; fileRef = BDD8CA2928CF1FD100668B70 /* OOTD_Core.h */; settings = {ATTRIBUTES = (Public, ); }; };
		BDD8CA2D28CF1FD100668B70 /* OOTD_Core.framework in Frameworks */ = {isa = PBXBuildFile; fileRef = BDD8CA2728CF1FD100668B70 /* OOTD_Core.framework */; };
		BDD8CA2F28CF1FD100668B70 /* OOTD_Core.framework in Embed Frameworks */ = {isa = PBXBuildFile; fileRef = BDD8CA2728CF1FD100668B70 /* OOTD_Core.framework */; settings = {ATTRIBUTES = (CodeSignOnCopy, RemoveHeadersOnCopy, ); }; };
		BDD8CA3828CF207000668B70 /* BaseView.swift in Sources */ = {isa = PBXBuildFile; fileRef = BDD8CA3728CF207000668B70 /* BaseView.swift */; };
		BDD8CA3A28CF208700668B70 /* BaseViewController.swift in Sources */ = {isa = PBXBuildFile; fileRef = BDD8CA3928CF208700668B70 /* BaseViewController.swift */; };
		BDD8CA3C28CF20B700668B70 /* BaseCollectionViewCell.swift in Sources */ = {isa = PBXBuildFile; fileRef = BDD8CA3B28CF20B700668B70 /* BaseCollectionViewCell.swift */; };
		BDD8CA3E28CF20E700668B70 /* Reusable.swift in Sources */ = {isa = PBXBuildFile; fileRef = BDD8CA3D28CF20E700668B70 /* Reusable.swift */; };
		BDD8CA4028CF219F00668B70 /* UIView+.swift in Sources */ = {isa = PBXBuildFile; fileRef = BDD8CA3F28CF219F00668B70 /* UIView+.swift */; };
		BDD8CA4228CF21B800668B70 /* UIStackView+.swift in Sources */ = {isa = PBXBuildFile; fileRef = BDD8CA4128CF21B800668B70 /* UIStackView+.swift */; };
		BDD8CA4628CF291900668B70 /* Adjusted+.swift in Sources */ = {isa = PBXBuildFile; fileRef = BDD8CA4528CF291900668B70 /* Adjusted+.swift */; };
		BDD8CA4928CF29FE00668B70 /* Collection+.swift in Sources */ = {isa = PBXBuildFile; fileRef = BDD8CA4828CF29FE00668B70 /* Collection+.swift */; };
		BDD8CA5428CF30EC00668B70 /* OOTD_UIKit.h in Headers */ = {isa = PBXBuildFile; fileRef = BDD8CA5328CF30EC00668B70 /* OOTD_UIKit.h */; settings = {ATTRIBUTES = (Public, ); }; };
		BDD8CA5728CF30EC00668B70 /* OOTD_UIKit.framework in Frameworks */ = {isa = PBXBuildFile; fileRef = BDD8CA5128CF30EC00668B70 /* OOTD_UIKit.framework */; };
		BDD8CA5828CF30EC00668B70 /* OOTD_UIKit.framework in Embed Frameworks */ = {isa = PBXBuildFile; fileRef = BDD8CA5128CF30EC00668B70 /* OOTD_UIKit.framework */; settings = {ATTRIBUTES = (CodeSignOnCopy, RemoveHeadersOnCopy, ); }; };
		BDD8CA9928CF378700668B70 /* Images.xcassets in Resources */ = {isa = PBXBuildFile; fileRef = BDD8CA9828CF378700668B70 /* Images.xcassets */; };
		BDD8CA9C28CF37E800668B70 /* UIImage+.swift in Sources */ = {isa = PBXBuildFile; fileRef = BDD8CA9B28CF37E800668B70 /* UIImage+.swift */; };
		BDD8CA9E28CF3D5100668B70 /* ODSBundle.swift in Sources */ = {isa = PBXBuildFile; fileRef = BDD8CA9D28CF3D5100668B70 /* ODSBundle.swift */; };
		BDD8CAA428CF415900668B70 /* Pretendard-SemiBold.ttf in Resources */ = {isa = PBXBuildFile; fileRef = BDD8CAA028CF415900668B70 /* Pretendard-SemiBold.ttf */; };
		BDD8CAA528CF415900668B70 /* Pretendard-Medium.ttf in Resources */ = {isa = PBXBuildFile; fileRef = BDD8CAA128CF415900668B70 /* Pretendard-Medium.ttf */; };
		BDD8CAA628CF415900668B70 /* Pretendard-Regular.ttf in Resources */ = {isa = PBXBuildFile; fileRef = BDD8CAA228CF415900668B70 /* Pretendard-Regular.ttf */; };
		BDD8CAA728CF415900668B70 /* Pretendard-Bold.ttf in Resources */ = {isa = PBXBuildFile; fileRef = BDD8CAA328CF415900668B70 /* Pretendard-Bold.ttf */; };
		BDD8CAA928CF41A600668B70 /* Font.swift in Sources */ = {isa = PBXBuildFile; fileRef = BDD8CAA828CF41A600668B70 /* Font.swift */; };
		BDD8CAAE28CF4A5200668B70 /* UIColor+.swift in Sources */ = {isa = PBXBuildFile; fileRef = BDD8CAAD28CF4A5200668B70 /* UIColor+.swift */; };
		BDD8CAB828CF4E5A00668B70 /* Spacing.swift in Sources */ = {isa = PBXBuildFile; fileRef = BDD8CAB728CF4E5A00668B70 /* Spacing.swift */; };
		BDD8CABA28CF4E9F00668B70 /* Radius.swift in Sources */ = {isa = PBXBuildFile; fileRef = BDD8CAB928CF4E9F00668B70 /* Radius.swift */; };
		BDD8CABD28CF73E900668B70 /* ODSNavigationBar.swift in Sources */ = {isa = PBXBuildFile; fileRef = BDD8CABC28CF73E900668B70 /* ODSNavigationBar.swift */; };
		BDD8CAC028CF7DB500668B70 /* SnapKit in Frameworks */ = {isa = PBXBuildFile; productRef = BDD8CABF28CF7DB500668B70 /* SnapKit */; };
		BDD8CAC228CF7DB900668B70 /* Then in Frameworks */ = {isa = PBXBuildFile; productRef = BDD8CAC128CF7DB900668B70 /* Then */; };
		BDD8CAC528CF825800668B70 /* ODSTagView.swift in Sources */ = {isa = PBXBuildFile; fileRef = BDD8CAC428CF825800668B70 /* ODSTagView.swift */; };
		BDD8CACB28CF8BA300668B70 /* ODSBasicBlockCell.swift in Sources */ = {isa = PBXBuildFile; fileRef = BDD8CACA28CF8BA300668B70 /* ODSBasicBlockCell.swift */; };
		BDDAB6DD28D20EB400C021BC /* TodoHeaderView.swift in Sources */ = {isa = PBXBuildFile; fileRef = BDDAB6DC28D20EB400C021BC /* TodoHeaderView.swift */; };
		BDDAB6DF28D2142400C021BC /* TodoCell.swift in Sources */ = {isa = PBXBuildFile; fileRef = BDDAB6DE28D2142400C021BC /* TodoCell.swift */; };
/* End PBXBuildFile section */

/* Begin PBXContainerItemProxy section */
		BD9FA4E628CF135600E8D68B /* PBXContainerItemProxy */ = {
			isa = PBXContainerItemProxy;
			containerPortal = BD9FA4C728CF135100E8D68B /* Project object */;
			proxyType = 1;
			remoteGlobalIDString = BD9FA4CE28CF135100E8D68B;
			remoteInfo = OOTD;
		};
		BD9FA4F028CF135600E8D68B /* PBXContainerItemProxy */ = {
			isa = PBXContainerItemProxy;
			containerPortal = BD9FA4C728CF135100E8D68B /* Project object */;
			proxyType = 1;
			remoteGlobalIDString = BD9FA4CE28CF135100E8D68B;
			remoteInfo = OOTD;
		};
		BDB65B8828D0713E00679C02 /* PBXContainerItemProxy */ = {
			isa = PBXContainerItemProxy;
			containerPortal = BD9FA4C728CF135100E8D68B /* Project object */;
			proxyType = 1;
			remoteGlobalIDString = BDD8CA2628CF1FD100668B70;
			remoteInfo = "OOTD-Core";
		};
		BDD8CA2B28CF1FD100668B70 /* PBXContainerItemProxy */ = {
			isa = PBXContainerItemProxy;
			containerPortal = BD9FA4C728CF135100E8D68B /* Project object */;
			proxyType = 1;
			remoteGlobalIDString = BDD8CA2628CF1FD100668B70;
			remoteInfo = "OOTD-Core";
		};
		BDD8CA5528CF30EC00668B70 /* PBXContainerItemProxy */ = {
			isa = PBXContainerItemProxy;
			containerPortal = BD9FA4C728CF135100E8D68B /* Project object */;
			proxyType = 1;
			remoteGlobalIDString = BDD8CA5028CF30EC00668B70;
			remoteInfo = "OOTD-UIKit";
		};
/* End PBXContainerItemProxy section */

/* Begin PBXCopyFilesBuildPhase section */
		BDB65B8A28D0713F00679C02 /* Embed Frameworks */ = {
			isa = PBXCopyFilesBuildPhase;
			buildActionMask = 2147483647;
			dstPath = "";
			dstSubfolderSpec = 10;
			files = (
				BDB65B8728D0713E00679C02 /* OOTD_Core.framework in Embed Frameworks */,
			);
			name = "Embed Frameworks";
			runOnlyForDeploymentPostprocessing = 0;
		};
		BDD8CA2E28CF1FD100668B70 /* Embed Frameworks */ = {
			isa = PBXCopyFilesBuildPhase;
			buildActionMask = 2147483647;
			dstPath = "";
			dstSubfolderSpec = 10;
			files = (
				BDD8CA2F28CF1FD100668B70 /* OOTD_Core.framework in Embed Frameworks */,
				BDD8CA5828CF30EC00668B70 /* OOTD_UIKit.framework in Embed Frameworks */,
			);
			name = "Embed Frameworks";
			runOnlyForDeploymentPostprocessing = 0;
		};
/* End PBXCopyFilesBuildPhase section */

/* Begin PBXFileReference section */
		BD156FFF28D05ACE00155712 /* ODSButton.swift */ = {isa = PBXFileReference; lastKnownFileType = sourcecode.swift; path = ODSButton.swift; sourceTree = "<group>"; };
		BD15700228D0651A00155712 /* ODSSegmentedControl.swift */ = {isa = PBXFileReference; lastKnownFileType = sourcecode.swift; path = ODSSegmentedControl.swift; sourceTree = "<group>"; };
		BD70EABD28D81C8A0063DE18 /* ProjectView.swift */ = {isa = PBXFileReference; lastKnownFileType = sourcecode.swift; path = ProjectView.swift; sourceTree = "<group>"; };
		BD70EABF28D81FCC0063DE18 /* ProjectListCell.swift */ = {isa = PBXFileReference; lastKnownFileType = sourcecode.swift; path = ProjectListCell.swift; sourceTree = "<group>"; };
		BD70EB0428D8AAC80063DE18 /* Entity.swift */ = {isa = PBXFileReference; lastKnownFileType = sourcecode.swift; path = Entity.swift; sourceTree = "<group>"; };
		BD70EB0628D8AB4D0063DE18 /* Repository.swift */ = {isa = PBXFileReference; lastKnownFileType = sourcecode.swift; path = Repository.swift; sourceTree = "<group>"; };
		BD70EB0828D8AC4F0063DE18 /* Todo.swift */ = {isa = PBXFileReference; lastKnownFileType = sourcecode.swift; path = Todo.swift; sourceTree = "<group>"; };
		BD70EB0A28D8AC5D0063DE18 /* StorableTodo.swift */ = {isa = PBXFileReference; lastKnownFileType = sourcecode.swift; path = StorableTodo.swift; sourceTree = "<group>"; };
		BD70EB0D28D8B2800063DE18 /* StorageRepository.swift */ = {isa = PBXFileReference; lastKnownFileType = sourcecode.swift; path = StorageRepository.swift; sourceTree = "<group>"; };
		BD70EB1428D988A80063DE18 /* TodoListViewModel.swift */ = {isa = PBXFileReference; lastKnownFileType = sourcecode.swift; path = TodoListViewModel.swift; sourceTree = "<group>"; };
		BD70EB1628D9890C0063DE18 /* TodoListCollectionViewAdapter.swift */ = {isa = PBXFileReference; lastKnownFileType = sourcecode.swift; path = TodoListCollectionViewAdapter.swift; sourceTree = "<group>"; };
		BD8B408728D4558E00A4E810 /* PriorityCell.swift */ = {isa = PBXFileReference; lastKnownFileType = sourcecode.swift; path = PriorityCell.swift; sourceTree = "<group>"; };
		BD8B408A28D458F900A4E810 /* TodoBottomSheetViewController+Layout.swift */ = {isa = PBXFileReference; lastKnownFileType = sourcecode.swift; path = "TodoBottomSheetViewController+Layout.swift"; sourceTree = "<group>"; };
		BD8B408C28D46C7100A4E810 /* InputCell.swift */ = {isa = PBXFileReference; lastKnownFileType = sourcecode.swift; path = InputCell.swift; sourceTree = "<group>"; };
		BD8B408E28D472A300A4E810 /* ProjectCategoryCell.swift */ = {isa = PBXFileReference; lastKnownFileType = sourcecode.swift; path = ProjectCategoryCell.swift; sourceTree = "<group>"; };
		BD92EF9928D2CBF0000C4A4F /* BaseCollectionView.swift */ = {isa = PBXFileReference; lastKnownFileType = sourcecode.swift; path = BaseCollectionView.swift; sourceTree = "<group>"; };
		BD92EFA828D3777C000C4A4F /* TodoBottomSheetViewController.swift */ = {isa = PBXFileReference; lastKnownFileType = sourcecode.swift; path = TodoBottomSheetViewController.swift; sourceTree = "<group>"; };
		BD9FA4CF28CF135100E8D68B /* OOTD.app */ = {isa = PBXFileReference; explicitFileType = wrapper.application; includeInIndex = 0; path = OOTD.app; sourceTree = BUILT_PRODUCTS_DIR; };
		BD9FA4D228CF135100E8D68B /* AppDelegate.swift */ = {isa = PBXFileReference; lastKnownFileType = sourcecode.swift; path = AppDelegate.swift; sourceTree = "<group>"; };
		BD9FA4D428CF135100E8D68B /* SceneDelegate.swift */ = {isa = PBXFileReference; lastKnownFileType = sourcecode.swift; path = SceneDelegate.swift; sourceTree = "<group>"; };
		BD9FA4DB28CF135600E8D68B /* Assets.xcassets */ = {isa = PBXFileReference; lastKnownFileType = folder.assetcatalog; path = Assets.xcassets; sourceTree = "<group>"; };
		BD9FA4DE28CF135600E8D68B /* Base */ = {isa = PBXFileReference; lastKnownFileType = file.storyboard; name = Base; path = Base.lproj/LaunchScreen.storyboard; sourceTree = "<group>"; };
		BD9FA4E028CF135600E8D68B /* Info.plist */ = {isa = PBXFileReference; lastKnownFileType = text.plist.xml; path = Info.plist; sourceTree = "<group>"; };
		BD9FA4E528CF135600E8D68B /* OOTDTests.xctest */ = {isa = PBXFileReference; explicitFileType = wrapper.cfbundle; includeInIndex = 0; path = OOTDTests.xctest; sourceTree = BUILT_PRODUCTS_DIR; };
		BD9FA4E928CF135600E8D68B /* OOTDTests.swift */ = {isa = PBXFileReference; lastKnownFileType = sourcecode.swift; path = OOTDTests.swift; sourceTree = "<group>"; };
		BD9FA4EF28CF135600E8D68B /* OOTDUITests.xctest */ = {isa = PBXFileReference; explicitFileType = wrapper.cfbundle; includeInIndex = 0; path = OOTDUITests.xctest; sourceTree = BUILT_PRODUCTS_DIR; };
		BD9FA4F328CF135600E8D68B /* OOTDUITests.swift */ = {isa = PBXFileReference; lastKnownFileType = sourcecode.swift; path = OOTDUITests.swift; sourceTree = "<group>"; };
		BD9FA4F528CF135600E8D68B /* OOTDUITestsLaunchTests.swift */ = {isa = PBXFileReference; lastKnownFileType = sourcecode.swift; path = OOTDUITestsLaunchTests.swift; sourceTree = "<group>"; };
		BD9FA51128CF156800E8D68B /* TodoListViewController.swift */ = {isa = PBXFileReference; lastKnownFileType = sourcecode.swift; path = TodoListViewController.swift; sourceTree = "<group>"; };
		BD9FA51528CF157300E8D68B /* TimerViewController.swift */ = {isa = PBXFileReference; lastKnownFileType = sourcecode.swift; path = TimerViewController.swift; sourceTree = "<group>"; };
		BD9FA51728CF160E00E8D68B /* GitHubRegistrationViewController.swift */ = {isa = PBXFileReference; lastKnownFileType = sourcecode.swift; path = GitHubRegistrationViewController.swift; sourceTree = "<group>"; };
		BD9FA51928CF161B00E8D68B /* ProjectViewController.swift */ = {isa = PBXFileReference; lastKnownFileType = sourcecode.swift; path = ProjectViewController.swift; sourceTree = "<group>"; };
		BD9FA51B28CF162500E8D68B /* SettingViewController.swift */ = {isa = PBXFileReference; lastKnownFileType = sourcecode.swift; path = SettingViewController.swift; sourceTree = "<group>"; };
		BD9FA51D28CF162F00E8D68B /* TabBarController.swift */ = {isa = PBXFileReference; lastKnownFileType = sourcecode.swift; path = TabBarController.swift; sourceTree = "<group>"; };
		BD9FA51F28CF165900E8D68B /* .gitkeep */ = {isa = PBXFileReference; lastKnownFileType = text; path = .gitkeep; sourceTree = "<group>"; };
		BD9FA52128CF166300E8D68B /* .gitkeep */ = {isa = PBXFileReference; lastKnownFileType = text; path = .gitkeep; sourceTree = "<group>"; };
		BD9FA52428CF16E600E8D68B /* .gitkeep */ = {isa = PBXFileReference; lastKnownFileType = text; path = .gitkeep; sourceTree = "<group>"; };
		BD9FA53428CF1AB800E8D68B /* .swiftlint.yml */ = {isa = PBXFileReference; lastKnownFileType = text.yaml; path = .swiftlint.yml; sourceTree = "<group>"; };
		BDB2016128D99F16003FF3A3 /* Observable.swift */ = {isa = PBXFileReference; lastKnownFileType = sourcecode.swift; path = Observable.swift; sourceTree = "<group>"; };
		BDB65B8C28D079A100679C02 /* ODSTextField.swift */ = {isa = PBXFileReference; lastKnownFileType = sourcecode.swift; path = ODSTextField.swift; sourceTree = "<group>"; };
		BDB65B8F28D0B5BC00679C02 /* Device.swift */ = {isa = PBXFileReference; lastKnownFileType = sourcecode.swift; path = Device.swift; sourceTree = "<group>"; };
		BDB65B9128D0B6B200679C02 /* PreviewProvider.swift */ = {isa = PBXFileReference; lastKnownFileType = sourcecode.swift; path = PreviewProvider.swift; sourceTree = "<group>"; };
		BDB65B9328D0BE8100679C02 /* TabBarItem.swift */ = {isa = PBXFileReference; lastKnownFileType = sourcecode.swift; path = TabBarItem.swift; sourceTree = "<group>"; };
		BDB65B9528D1ADBE00679C02 /* TodoCalendarHeaderView.swift */ = {isa = PBXFileReference; lastKnownFileType = sourcecode.swift; path = TodoCalendarHeaderView.swift; sourceTree = "<group>"; };
		BDD8CA2728CF1FD100668B70 /* OOTD_Core.framework */ = {isa = PBXFileReference; explicitFileType = wrapper.framework; includeInIndex = 0; path = OOTD_Core.framework; sourceTree = BUILT_PRODUCTS_DIR; };
		BDD8CA2928CF1FD100668B70 /* OOTD_Core.h */ = {isa = PBXFileReference; lastKnownFileType = sourcecode.c.h; path = OOTD_Core.h; sourceTree = "<group>"; };
		BDD8CA3728CF207000668B70 /* BaseView.swift */ = {isa = PBXFileReference; lastKnownFileType = sourcecode.swift; path = BaseView.swift; sourceTree = "<group>"; };
		BDD8CA3928CF208700668B70 /* BaseViewController.swift */ = {isa = PBXFileReference; lastKnownFileType = sourcecode.swift; path = BaseViewController.swift; sourceTree = "<group>"; };
		BDD8CA3B28CF20B700668B70 /* BaseCollectionViewCell.swift */ = {isa = PBXFileReference; lastKnownFileType = sourcecode.swift; path = BaseCollectionViewCell.swift; sourceTree = "<group>"; };
		BDD8CA3D28CF20E700668B70 /* Reusable.swift */ = {isa = PBXFileReference; lastKnownFileType = sourcecode.swift; path = Reusable.swift; sourceTree = "<group>"; };
		BDD8CA3F28CF219F00668B70 /* UIView+.swift */ = {isa = PBXFileReference; lastKnownFileType = sourcecode.swift; path = "UIView+.swift"; sourceTree = "<group>"; };
		BDD8CA4128CF21B800668B70 /* UIStackView+.swift */ = {isa = PBXFileReference; lastKnownFileType = sourcecode.swift; path = "UIStackView+.swift"; sourceTree = "<group>"; };
		BDD8CA4528CF291900668B70 /* Adjusted+.swift */ = {isa = PBXFileReference; lastKnownFileType = sourcecode.swift; path = "Adjusted+.swift"; sourceTree = "<group>"; };
		BDD8CA4828CF29FE00668B70 /* Collection+.swift */ = {isa = PBXFileReference; lastKnownFileType = sourcecode.swift; path = "Collection+.swift"; sourceTree = "<group>"; };
		BDD8CA5128CF30EC00668B70 /* OOTD_UIKit.framework */ = {isa = PBXFileReference; explicitFileType = wrapper.framework; includeInIndex = 0; path = OOTD_UIKit.framework; sourceTree = BUILT_PRODUCTS_DIR; };
		BDD8CA5328CF30EC00668B70 /* OOTD_UIKit.h */ = {isa = PBXFileReference; lastKnownFileType = sourcecode.c.h; path = OOTD_UIKit.h; sourceTree = "<group>"; };
		BDD8CA9828CF378700668B70 /* Images.xcassets */ = {isa = PBXFileReference; lastKnownFileType = folder.assetcatalog; path = Images.xcassets; sourceTree = "<group>"; };
		BDD8CA9B28CF37E800668B70 /* UIImage+.swift */ = {isa = PBXFileReference; lastKnownFileType = sourcecode.swift; path = "UIImage+.swift"; sourceTree = "<group>"; };
		BDD8CA9D28CF3D5100668B70 /* ODSBundle.swift */ = {isa = PBXFileReference; lastKnownFileType = sourcecode.swift; path = ODSBundle.swift; sourceTree = "<group>"; };
		BDD8CAA028CF415900668B70 /* Pretendard-SemiBold.ttf */ = {isa = PBXFileReference; lastKnownFileType = file; path = "Pretendard-SemiBold.ttf"; sourceTree = "<group>"; };
		BDD8CAA128CF415900668B70 /* Pretendard-Medium.ttf */ = {isa = PBXFileReference; lastKnownFileType = file; path = "Pretendard-Medium.ttf"; sourceTree = "<group>"; };
		BDD8CAA228CF415900668B70 /* Pretendard-Regular.ttf */ = {isa = PBXFileReference; lastKnownFileType = file; path = "Pretendard-Regular.ttf"; sourceTree = "<group>"; };
		BDD8CAA328CF415900668B70 /* Pretendard-Bold.ttf */ = {isa = PBXFileReference; lastKnownFileType = file; path = "Pretendard-Bold.ttf"; sourceTree = "<group>"; };
		BDD8CAA828CF41A600668B70 /* Font.swift */ = {isa = PBXFileReference; lastKnownFileType = sourcecode.swift; path = Font.swift; sourceTree = "<group>"; };
		BDD8CAAD28CF4A5200668B70 /* UIColor+.swift */ = {isa = PBXFileReference; lastKnownFileType = sourcecode.swift; path = "UIColor+.swift"; sourceTree = "<group>"; };
		BDD8CAB728CF4E5A00668B70 /* Spacing.swift */ = {isa = PBXFileReference; lastKnownFileType = sourcecode.swift; path = Spacing.swift; sourceTree = "<group>"; };
		BDD8CAB928CF4E9F00668B70 /* Radius.swift */ = {isa = PBXFileReference; lastKnownFileType = sourcecode.swift; path = Radius.swift; sourceTree = "<group>"; };
		BDD8CABC28CF73E900668B70 /* ODSNavigationBar.swift */ = {isa = PBXFileReference; lastKnownFileType = sourcecode.swift; path = ODSNavigationBar.swift; sourceTree = "<group>"; };
		BDD8CAC428CF825800668B70 /* ODSTagView.swift */ = {isa = PBXFileReference; lastKnownFileType = sourcecode.swift; path = ODSTagView.swift; sourceTree = "<group>"; };
		BDD8CACA28CF8BA300668B70 /* ODSBasicBlockCell.swift */ = {isa = PBXFileReference; lastKnownFileType = sourcecode.swift; path = ODSBasicBlockCell.swift; sourceTree = "<group>"; };
		BDDAB6DC28D20EB400C021BC /* TodoHeaderView.swift */ = {isa = PBXFileReference; lastKnownFileType = sourcecode.swift; path = TodoHeaderView.swift; sourceTree = "<group>"; };
		BDDAB6DE28D2142400C021BC /* TodoCell.swift */ = {isa = PBXFileReference; lastKnownFileType = sourcecode.swift; path = TodoCell.swift; sourceTree = "<group>"; };
/* End PBXFileReference section */

/* Begin PBXFrameworksBuildPhase section */
		BD9FA4CC28CF135100E8D68B /* Frameworks */ = {
			isa = PBXFrameworksBuildPhase;
			buildActionMask = 2147483647;
			files = (
				BD9FA52828CF171600E8D68B /* SnapKit in Frameworks */,
				BD9FA52E28CF17AB00E8D68B /* FSCalendar in Frameworks */,
				BDD8CA5728CF30EC00668B70 /* OOTD_UIKit.framework in Frameworks */,
				BD9FA53128CF180C00E8D68B /* Realm in Frameworks */,
				BDD8CA2D28CF1FD100668B70 /* OOTD_Core.framework in Frameworks */,
				BD9FA53328CF180C00E8D68B /* RealmSwift in Frameworks */,
				BD9FA52B28CF174B00E8D68B /* Then in Frameworks */,
			);
			runOnlyForDeploymentPostprocessing = 0;
		};
		BD9FA4E228CF135600E8D68B /* Frameworks */ = {
			isa = PBXFrameworksBuildPhase;
			buildActionMask = 2147483647;
			files = (
			);
			runOnlyForDeploymentPostprocessing = 0;
		};
		BD9FA4EC28CF135600E8D68B /* Frameworks */ = {
			isa = PBXFrameworksBuildPhase;
			buildActionMask = 2147483647;
			files = (
			);
			runOnlyForDeploymentPostprocessing = 0;
		};
		BDD8CA2428CF1FD100668B70 /* Frameworks */ = {
			isa = PBXFrameworksBuildPhase;
			buildActionMask = 2147483647;
			files = (
			);
			runOnlyForDeploymentPostprocessing = 0;
		};
		BDD8CA4E28CF30EC00668B70 /* Frameworks */ = {
			isa = PBXFrameworksBuildPhase;
			buildActionMask = 2147483647;
			files = (
				BDB65B8628D0713E00679C02 /* OOTD_Core.framework in Frameworks */,
				BDD8CAC028CF7DB500668B70 /* SnapKit in Frameworks */,
				BDD8CAC228CF7DB900668B70 /* Then in Frameworks */,
			);
			runOnlyForDeploymentPostprocessing = 0;
		};
/* End PBXFrameworksBuildPhase section */

/* Begin PBXGroup section */
		BD156FFE28D05ABC00155712 /* ODSButton */ = {
			isa = PBXGroup;
			children = (
				BD156FFF28D05ACE00155712 /* ODSButton.swift */,
			);
			path = ODSButton;
			sourceTree = "<group>";
		};
		BD15700128D0650400155712 /* ODSSegmentedControl */ = {
			isa = PBXGroup;
			children = (
				BD15700228D0651A00155712 /* ODSSegmentedControl.swift */,
			);
			path = ODSSegmentedControl;
			sourceTree = "<group>";
		};
		BD70EB0028D8A8990063DE18 /* Entity */ = {
			isa = PBXGroup;
			children = (
				BD70EB0828D8AC4F0063DE18 /* Todo.swift */,
				BD70EB0A28D8AC5D0063DE18 /* StorableTodo.swift */,
			);
			path = Entity;
			sourceTree = "<group>";
		};
		BD70EB0128D8A9B90063DE18 /* Interface */ = {
			isa = PBXGroup;
			children = (
				BD70EB0428D8AAC80063DE18 /* Entity.swift */,
				BD70EB0628D8AB4D0063DE18 /* Repository.swift */,
			);
			path = Interface;
			sourceTree = "<group>";
		};
		BD70EB0C28D8B2750063DE18 /* Repository */ = {
			isa = PBXGroup;
			children = (
				BD70EB0D28D8B2800063DE18 /* StorageRepository.swift */,
			);
			path = Repository;
			sourceTree = "<group>";
		};
		BD70EB1128D985050063DE18 /* TodoBottomSheet */ = {
			isa = PBXGroup;
			children = (
				BD70EB1228D9851E0063DE18 /* View */,
			);
			path = TodoBottomSheet;
			sourceTree = "<group>";
		};
		BD70EB1228D9851E0063DE18 /* View */ = {
			isa = PBXGroup;
			children = (
				BD8B408C28D46C7100A4E810 /* InputCell.swift */,
				BD8B408728D4558E00A4E810 /* PriorityCell.swift */,
				BD8B408E28D472A300A4E810 /* ProjectCategoryCell.swift */,
				BD92EFA828D3777C000C4A4F /* TodoBottomSheetViewController.swift */,
				BD8B408A28D458F900A4E810 /* TodoBottomSheetViewController+Layout.swift */,
			);
			path = View;
			sourceTree = "<group>";
		};
		BD70EB1328D988230063DE18 /* ViewModel */ = {
			isa = PBXGroup;
			children = (
				BD70EB1428D988A80063DE18 /* TodoListViewModel.swift */,
			);
			path = ViewModel;
			sourceTree = "<group>";
		};
		BD9FA4C628CF135100E8D68B = {
			isa = PBXGroup;
			children = (
				BD9FA53428CF1AB800E8D68B /* .swiftlint.yml */,
				BD9FA4D128CF135100E8D68B /* OOTD */,
				BD9FA4E828CF135600E8D68B /* OOTDTests */,
				BD9FA4F228CF135600E8D68B /* OOTDUITests */,
				BDD8CA2828CF1FD100668B70 /* OOTD-Core */,
				BDD8CA5228CF30EC00668B70 /* OOTD-UIKit */,
				BD9FA4D028CF135100E8D68B /* Products */,
				BDD8CABE28CF7DB500668B70 /* Frameworks */,
			);
			sourceTree = "<group>";
		};
		BD9FA4D028CF135100E8D68B /* Products */ = {
			isa = PBXGroup;
			children = (
				BD9FA4CF28CF135100E8D68B /* OOTD.app */,
				BD9FA4E528CF135600E8D68B /* OOTDTests.xctest */,
				BD9FA4EF28CF135600E8D68B /* OOTDUITests.xctest */,
				BDD8CA2728CF1FD100668B70 /* OOTD_Core.framework */,
				BDD8CA5128CF30EC00668B70 /* OOTD_UIKit.framework */,
			);
			name = Products;
			sourceTree = "<group>";
		};
		BD9FA4D128CF135100E8D68B /* OOTD */ = {
			isa = PBXGroup;
			children = (
				BD9FA4E028CF135600E8D68B /* Info.plist */,
				BD9FA50228CF13E000E8D68B /* Application */,
				BD9FA52328CF16D300E8D68B /* Common */,
				BD9FA50528CF14A400E8D68B /* Data */,
				BD9FA50628CF14D500E8D68B /* Domain */,
				BD9FA50428CF145700E8D68B /* Presentation */,
				BD9FA50328CF143B00E8D68B /* Resources */,
			);
			path = OOTD;
			sourceTree = "<group>";
		};
		BD9FA4E828CF135600E8D68B /* OOTDTests */ = {
			isa = PBXGroup;
			children = (
				BD9FA4E928CF135600E8D68B /* OOTDTests.swift */,
			);
			path = OOTDTests;
			sourceTree = "<group>";
		};
		BD9FA4F228CF135600E8D68B /* OOTDUITests */ = {
			isa = PBXGroup;
			children = (
				BD9FA4F328CF135600E8D68B /* OOTDUITests.swift */,
				BD9FA4F528CF135600E8D68B /* OOTDUITestsLaunchTests.swift */,
			);
			path = OOTDUITests;
			sourceTree = "<group>";
		};
		BD9FA50228CF13E000E8D68B /* Application */ = {
			isa = PBXGroup;
			children = (
				BD9FA4D228CF135100E8D68B /* AppDelegate.swift */,
				BD9FA4D428CF135100E8D68B /* SceneDelegate.swift */,
			);
			path = Application;
			sourceTree = "<group>";
		};
		BD9FA50328CF143B00E8D68B /* Resources */ = {
			isa = PBXGroup;
			children = (
				BD9FA4DB28CF135600E8D68B /* Assets.xcassets */,
				BD9FA4DD28CF135600E8D68B /* LaunchScreen.storyboard */,
			);
			path = Resources;
			sourceTree = "<group>";
		};
		BD9FA50428CF145700E8D68B /* Presentation */ = {
			isa = PBXGroup;
			children = (
				BD9FA50B28CF151B00E8D68B /* GitHub */,
				BD9FA50928CF14F300E8D68B /* Project */,
				BD9FA50A28CF14F500E8D68B /* Setting */,
				BD9FA50728CF14EB00E8D68B /* TabBar */,
				BD9FA51328CF156B00E8D68B /* Timer */,
				BD9FA50828CF14EE00E8D68B /* Todo */,
				BD70EB1128D985050063DE18 /* TodoBottomSheet */,
			);
			path = Presentation;
			sourceTree = "<group>";
		};
		BD9FA50528CF14A400E8D68B /* Data */ = {
			isa = PBXGroup;
			children = (
				BD9FA51F28CF165900E8D68B /* .gitkeep */,
			);
			path = Data;
			sourceTree = "<group>";
		};
		BD9FA50628CF14D500E8D68B /* Domain */ = {
			isa = PBXGroup;
			children = (
				BD70EB0C28D8B2750063DE18 /* Repository */,
				BD70EB0128D8A9B90063DE18 /* Interface */,
				BD70EB0028D8A8990063DE18 /* Entity */,
				BD9FA52128CF166300E8D68B /* .gitkeep */,
			);
			path = Domain;
			sourceTree = "<group>";
		};
		BD9FA50728CF14EB00E8D68B /* TabBar */ = {
			isa = PBXGroup;
			children = (
				BD9FA50F28CF154C00E8D68B /* View */,
			);
			path = TabBar;
			sourceTree = "<group>";
		};
		BD9FA50828CF14EE00E8D68B /* Todo */ = {
			isa = PBXGroup;
			children = (
				BD70EB1328D988230063DE18 /* ViewModel */,
				BD9FA51028CF154D00E8D68B /* View */,
			);
			path = Todo;
			sourceTree = "<group>";
		};
		BD9FA50928CF14F300E8D68B /* Project */ = {
			isa = PBXGroup;
			children = (
				BD9FA50D28CF154900E8D68B /* View */,
			);
			path = Project;
			sourceTree = "<group>";
		};
		BD9FA50A28CF14F500E8D68B /* Setting */ = {
			isa = PBXGroup;
			children = (
				BD9FA50E28CF154A00E8D68B /* View */,
			);
			path = Setting;
			sourceTree = "<group>";
		};
		BD9FA50B28CF151B00E8D68B /* GitHub */ = {
			isa = PBXGroup;
			children = (
				BD9FA50C28CF153500E8D68B /* View */,
			);
			path = GitHub;
			sourceTree = "<group>";
		};
		BD9FA50C28CF153500E8D68B /* View */ = {
			isa = PBXGroup;
			children = (
				BD9FA51728CF160E00E8D68B /* GitHubRegistrationViewController.swift */,
			);
			path = View;
			sourceTree = "<group>";
		};
		BD9FA50D28CF154900E8D68B /* View */ = {
			isa = PBXGroup;
			children = (
				BD9FA51928CF161B00E8D68B /* ProjectViewController.swift */,
				BD70EABD28D81C8A0063DE18 /* ProjectView.swift */,
				BD70EABF28D81FCC0063DE18 /* ProjectListCell.swift */,
			);
			path = View;
			sourceTree = "<group>";
		};
		BD9FA50E28CF154A00E8D68B /* View */ = {
			isa = PBXGroup;
			children = (
				BD9FA51B28CF162500E8D68B /* SettingViewController.swift */,
			);
			path = View;
			sourceTree = "<group>";
		};
		BD9FA50F28CF154C00E8D68B /* View */ = {
			isa = PBXGroup;
			children = (
				BD9FA51D28CF162F00E8D68B /* TabBarController.swift */,
				BDB65B9328D0BE8100679C02 /* TabBarItem.swift */,
			);
			path = View;
			sourceTree = "<group>";
		};
		BD9FA51028CF154D00E8D68B /* View */ = {
			isa = PBXGroup;
			children = (
				BDDAB6DE28D2142400C021BC /* TodoCell.swift */,
				BDB65B9528D1ADBE00679C02 /* TodoCalendarHeaderView.swift */,
				BDDAB6DC28D20EB400C021BC /* TodoHeaderView.swift */,
				BD9FA51128CF156800E8D68B /* TodoListViewController.swift */,
				BD70EB1628D9890C0063DE18 /* TodoListCollectionViewAdapter.swift */,
			);
			path = View;
			sourceTree = "<group>";
		};
		BD9FA51328CF156B00E8D68B /* Timer */ = {
			isa = PBXGroup;
			children = (
				BD9FA51428CF156D00E8D68B /* View */,
			);
			path = Timer;
			sourceTree = "<group>";
		};
		BD9FA51428CF156D00E8D68B /* View */ = {
			isa = PBXGroup;
			children = (
				BD9FA51528CF157300E8D68B /* TimerViewController.swift */,
			);
			path = View;
			sourceTree = "<group>";
		};
		BD9FA52328CF16D300E8D68B /* Common */ = {
			isa = PBXGroup;
			children = (
				BD9FA52428CF16E600E8D68B /* .gitkeep */,
				BDB2016128D99F16003FF3A3 /* Observable.swift */,
			);
			path = Common;
			sourceTree = "<group>";
		};
		BDB65B8B28D0799100679C02 /* ODSTextField */ = {
			isa = PBXGroup;
			children = (
				BDB65B8C28D079A100679C02 /* ODSTextField.swift */,
			);
			path = ODSTextField;
			sourceTree = "<group>";
		};
		BDB65B8E28D0B5AC00679C02 /* Preview */ = {
			isa = PBXGroup;
			children = (
				BDB65B8F28D0B5BC00679C02 /* Device.swift */,
				BDB65B9128D0B6B200679C02 /* PreviewProvider.swift */,
			);
			path = Preview;
			sourceTree = "<group>";
		};
		BDD8CA2828CF1FD100668B70 /* OOTD-Core */ = {
			isa = PBXGroup;
			children = (
				BDD8CA2928CF1FD100668B70 /* OOTD_Core.h */,
				BDD8CA3528CF202600668B70 /* Base */,
				BDD8CA4728CF29F200668B70 /* Foundation+ */,
				BDD8CA3628CF203600668B70 /* Protocol */,
				BDD8CA3428CF202200668B70 /* UIKit+ */,
			);
			path = "OOTD-Core";
			sourceTree = "<group>";
		};
		BDD8CA3428CF202200668B70 /* UIKit+ */ = {
			isa = PBXGroup;
			children = (
				BDD8CA3F28CF219F00668B70 /* UIView+.swift */,
				BDD8CA4128CF21B800668B70 /* UIStackView+.swift */,
				BDD8CA4528CF291900668B70 /* Adjusted+.swift */,
			);
			path = "UIKit+";
			sourceTree = "<group>";
		};
		BDD8CA3528CF202600668B70 /* Base */ = {
			isa = PBXGroup;
			children = (
				BD92EF9928D2CBF0000C4A4F /* BaseCollectionView.swift */,
				BDD8CA3B28CF20B700668B70 /* BaseCollectionViewCell.swift */,
				BDD8CA3728CF207000668B70 /* BaseView.swift */,
				BDD8CA3928CF208700668B70 /* BaseViewController.swift */,
			);
			path = Base;
			sourceTree = "<group>";
		};
		BDD8CA3628CF203600668B70 /* Protocol */ = {
			isa = PBXGroup;
			children = (
				BDD8CA3D28CF20E700668B70 /* Reusable.swift */,
			);
			path = Protocol;
			sourceTree = "<group>";
		};
		BDD8CA4728CF29F200668B70 /* Foundation+ */ = {
			isa = PBXGroup;
			children = (
				BDD8CA4828CF29FE00668B70 /* Collection+.swift */,
			);
			path = "Foundation+";
			sourceTree = "<group>";
		};
		BDD8CA5228CF30EC00668B70 /* OOTD-UIKit */ = {
			isa = PBXGroup;
			children = (
				BDD8CA5328CF30EC00668B70 /* OOTD_UIKit.h */,
				BDD8CA9D28CF3D5100668B70 /* ODSBundle.swift */,
				BDD8CAAA28CF49DA00668B70 /* Colors */,
				BDD8CA9F28CF40D600668B70 /* Fonts */,
				BDD8CA9A28CF37DC00668B70 /* Images */,
				BDD8CAB628CF4E5200668B70 /* Metric */,
				BDD8CAC928CF8B8C00668B70 /* ODSBasicBlockCell */,
				BD156FFE28D05ABC00155712 /* ODSButton */,
				BDD8CABB28CF73A400668B70 /* ODSNavigationBar */,
				BD15700128D0650400155712 /* ODSSegmentedControl */,
				BDD8CAC328CF824800668B70 /* ODSTagView */,
				BDB65B8B28D0799100679C02 /* ODSTextField */,
				BDB65B8E28D0B5AC00679C02 /* Preview */,
			);
			path = "OOTD-UIKit";
			sourceTree = "<group>";
		};
		BDD8CA9A28CF37DC00668B70 /* Images */ = {
			isa = PBXGroup;
			children = (
				BDD8CA9828CF378700668B70 /* Images.xcassets */,
				BDD8CA9B28CF37E800668B70 /* UIImage+.swift */,
			);
			path = Images;
			sourceTree = "<group>";
		};
		BDD8CA9F28CF40D600668B70 /* Fonts */ = {
			isa = PBXGroup;
			children = (
				BDD8CAA828CF41A600668B70 /* Font.swift */,
				BDD8CAA328CF415900668B70 /* Pretendard-Bold.ttf */,
				BDD8CAA128CF415900668B70 /* Pretendard-Medium.ttf */,
				BDD8CAA228CF415900668B70 /* Pretendard-Regular.ttf */,
				BDD8CAA028CF415900668B70 /* Pretendard-SemiBold.ttf */,
			);
			path = Fonts;
			sourceTree = "<group>";
		};
		BDD8CAAA28CF49DA00668B70 /* Colors */ = {
			isa = PBXGroup;
			children = (
				BDD8CAAD28CF4A5200668B70 /* UIColor+.swift */,
			);
			path = Colors;
			sourceTree = "<group>";
		};
		BDD8CAB628CF4E5200668B70 /* Metric */ = {
			isa = PBXGroup;
			children = (
				BDD8CAB728CF4E5A00668B70 /* Spacing.swift */,
				BDD8CAB928CF4E9F00668B70 /* Radius.swift */,
			);
			path = Metric;
			sourceTree = "<group>";
		};
		BDD8CABB28CF73A400668B70 /* ODSNavigationBar */ = {
			isa = PBXGroup;
			children = (
				BDD8CABC28CF73E900668B70 /* ODSNavigationBar.swift */,
			);
			path = ODSNavigationBar;
			sourceTree = "<group>";
		};
		BDD8CABE28CF7DB500668B70 /* Frameworks */ = {
			isa = PBXGroup;
			children = (
			);
			name = Frameworks;
			sourceTree = "<group>";
		};
		BDD8CAC328CF824800668B70 /* ODSTagView */ = {
			isa = PBXGroup;
			children = (
				BDD8CAC428CF825800668B70 /* ODSTagView.swift */,
			);
			path = ODSTagView;
			sourceTree = "<group>";
		};
		BDD8CAC928CF8B8C00668B70 /* ODSBasicBlockCell */ = {
			isa = PBXGroup;
			children = (
				BDD8CACA28CF8BA300668B70 /* ODSBasicBlockCell.swift */,
			);
			path = ODSBasicBlockCell;
			sourceTree = "<group>";
		};
/* End PBXGroup section */

/* Begin PBXHeadersBuildPhase section */
		BDD8CA2228CF1FD100668B70 /* Headers */ = {
			isa = PBXHeadersBuildPhase;
			buildActionMask = 2147483647;
			files = (
				BDD8CA2A28CF1FD100668B70 /* OOTD_Core.h in Headers */,
			);
			runOnlyForDeploymentPostprocessing = 0;
		};
		BDD8CA4C28CF30EC00668B70 /* Headers */ = {
			isa = PBXHeadersBuildPhase;
			buildActionMask = 2147483647;
			files = (
				BDD8CA5428CF30EC00668B70 /* OOTD_UIKit.h in Headers */,
			);
			runOnlyForDeploymentPostprocessing = 0;
		};
/* End PBXHeadersBuildPhase section */

/* Begin PBXNativeTarget section */
		BD9FA4CE28CF135100E8D68B /* OOTD */ = {
			isa = PBXNativeTarget;
			buildConfigurationList = BD9FA4F928CF135600E8D68B /* Build configuration list for PBXNativeTarget "OOTD" */;
			buildPhases = (
				BD9FA53628CF1C5E00E8D68B /* SwiftLint */,
				BD9FA4CB28CF135100E8D68B /* Sources */,
				BD9FA4CC28CF135100E8D68B /* Frameworks */,
				BD9FA4CD28CF135100E8D68B /* Resources */,
				BDD8CA2E28CF1FD100668B70 /* Embed Frameworks */,
			);
			buildRules = (
			);
			dependencies = (
				BDD8CA2C28CF1FD100668B70 /* PBXTargetDependency */,
				BDD8CA5628CF30EC00668B70 /* PBXTargetDependency */,
			);
			name = OOTD;
			packageProductDependencies = (
				BD9FA52728CF171600E8D68B /* SnapKit */,
				BD9FA52A28CF174B00E8D68B /* Then */,
				BD9FA52D28CF17AB00E8D68B /* FSCalendar */,
				BD9FA53028CF180C00E8D68B /* Realm */,
				BD9FA53228CF180C00E8D68B /* RealmSwift */,
			);
			productName = OOTD;
			productReference = BD9FA4CF28CF135100E8D68B /* OOTD.app */;
			productType = "com.apple.product-type.application";
		};
		BD9FA4E428CF135600E8D68B /* OOTDTests */ = {
			isa = PBXNativeTarget;
			buildConfigurationList = BD9FA4FC28CF135600E8D68B /* Build configuration list for PBXNativeTarget "OOTDTests" */;
			buildPhases = (
				BD9FA4E128CF135600E8D68B /* Sources */,
				BD9FA4E228CF135600E8D68B /* Frameworks */,
				BD9FA4E328CF135600E8D68B /* Resources */,
			);
			buildRules = (
			);
			dependencies = (
				BD9FA4E728CF135600E8D68B /* PBXTargetDependency */,
			);
			name = OOTDTests;
			productName = OOTDTests;
			productReference = BD9FA4E528CF135600E8D68B /* OOTDTests.xctest */;
			productType = "com.apple.product-type.bundle.unit-test";
		};
		BD9FA4EE28CF135600E8D68B /* OOTDUITests */ = {
			isa = PBXNativeTarget;
			buildConfigurationList = BD9FA4FF28CF135600E8D68B /* Build configuration list for PBXNativeTarget "OOTDUITests" */;
			buildPhases = (
				BD9FA4EB28CF135600E8D68B /* Sources */,
				BD9FA4EC28CF135600E8D68B /* Frameworks */,
				BD9FA4ED28CF135600E8D68B /* Resources */,
			);
			buildRules = (
			);
			dependencies = (
				BD9FA4F128CF135600E8D68B /* PBXTargetDependency */,
			);
			name = OOTDUITests;
			productName = OOTDUITests;
			productReference = BD9FA4EF28CF135600E8D68B /* OOTDUITests.xctest */;
			productType = "com.apple.product-type.bundle.ui-testing";
		};
		BDD8CA2628CF1FD100668B70 /* OOTD-Core */ = {
			isa = PBXNativeTarget;
			buildConfigurationList = BDD8CA3228CF1FD100668B70 /* Build configuration list for PBXNativeTarget "OOTD-Core" */;
			buildPhases = (
				BDD8CA2228CF1FD100668B70 /* Headers */,
				BDD8CA2328CF1FD100668B70 /* Sources */,
				BDD8CA2428CF1FD100668B70 /* Frameworks */,
				BDD8CA2528CF1FD100668B70 /* Resources */,
			);
			buildRules = (
			);
			dependencies = (
			);
			name = "OOTD-Core";
			productName = "OOTD-Core";
			productReference = BDD8CA2728CF1FD100668B70 /* OOTD_Core.framework */;
			productType = "com.apple.product-type.framework";
		};
		BDD8CA5028CF30EC00668B70 /* OOTD-UIKit */ = {
			isa = PBXNativeTarget;
			buildConfigurationList = BDD8CA5B28CF30EC00668B70 /* Build configuration list for PBXNativeTarget "OOTD-UIKit" */;
			buildPhases = (
				BDD8CA4C28CF30EC00668B70 /* Headers */,
				BDD8CA4D28CF30EC00668B70 /* Sources */,
				BDD8CA4E28CF30EC00668B70 /* Frameworks */,
				BDD8CA4F28CF30EC00668B70 /* Resources */,
				BDB65B8A28D0713F00679C02 /* Embed Frameworks */,
			);
			buildRules = (
			);
			dependencies = (
				BDB65B8928D0713E00679C02 /* PBXTargetDependency */,
			);
			name = "OOTD-UIKit";
			packageProductDependencies = (
				BDD8CABF28CF7DB500668B70 /* SnapKit */,
				BDD8CAC128CF7DB900668B70 /* Then */,
			);
			productName = "OOTD-UIKit";
			productReference = BDD8CA5128CF30EC00668B70 /* OOTD_UIKit.framework */;
			productType = "com.apple.product-type.framework";
		};
/* End PBXNativeTarget section */

/* Begin PBXProject section */
		BD9FA4C728CF135100E8D68B /* Project object */ = {
			isa = PBXProject;
			attributes = {
				BuildIndependentTargetsInParallel = 1;
				LastSwiftUpdateCheck = 1340;
				LastUpgradeCheck = 1340;
				TargetAttributes = {
					BD9FA4CE28CF135100E8D68B = {
						CreatedOnToolsVersion = 13.4.1;
					};
					BD9FA4E428CF135600E8D68B = {
						CreatedOnToolsVersion = 13.4.1;
						TestTargetID = BD9FA4CE28CF135100E8D68B;
					};
					BD9FA4EE28CF135600E8D68B = {
						CreatedOnToolsVersion = 13.4.1;
						TestTargetID = BD9FA4CE28CF135100E8D68B;
					};
					BDD8CA2628CF1FD100668B70 = {
						CreatedOnToolsVersion = 13.4.1;
						LastSwiftMigration = 1340;
					};
					BDD8CA5028CF30EC00668B70 = {
						CreatedOnToolsVersion = 13.4.1;
						LastSwiftMigration = 1340;
					};
				};
			};
			buildConfigurationList = BD9FA4CA28CF135100E8D68B /* Build configuration list for PBXProject "OOTD" */;
			compatibilityVersion = "Xcode 13.0";
			developmentRegion = en;
			hasScannedForEncodings = 0;
			knownRegions = (
				en,
				Base,
			);
			mainGroup = BD9FA4C628CF135100E8D68B;
			packageReferences = (
				BD9FA52628CF171600E8D68B /* XCRemoteSwiftPackageReference "SnapKit" */,
				BD9FA52928CF174B00E8D68B /* XCRemoteSwiftPackageReference "Then" */,
				BD9FA52C28CF17AB00E8D68B /* XCRemoteSwiftPackageReference "FSCalendar" */,
				BD9FA52F28CF180C00E8D68B /* XCRemoteSwiftPackageReference "realm-swift" */,
			);
			productRefGroup = BD9FA4D028CF135100E8D68B /* Products */;
			projectDirPath = "";
			projectRoot = "";
			targets = (
				BD9FA4CE28CF135100E8D68B /* OOTD */,
				BD9FA4E428CF135600E8D68B /* OOTDTests */,
				BD9FA4EE28CF135600E8D68B /* OOTDUITests */,
				BDD8CA2628CF1FD100668B70 /* OOTD-Core */,
				BDD8CA5028CF30EC00668B70 /* OOTD-UIKit */,
			);
		};
/* End PBXProject section */

/* Begin PBXResourcesBuildPhase section */
		BD9FA4CD28CF135100E8D68B /* Resources */ = {
			isa = PBXResourcesBuildPhase;
			buildActionMask = 2147483647;
			files = (
				BD9FA53528CF1AB800E8D68B /* .swiftlint.yml in Resources */,
				BD9FA4DF28CF135600E8D68B /* LaunchScreen.storyboard in Resources */,
				BD9FA4DC28CF135600E8D68B /* Assets.xcassets in Resources */,
			);
			runOnlyForDeploymentPostprocessing = 0;
		};
		BD9FA4E328CF135600E8D68B /* Resources */ = {
			isa = PBXResourcesBuildPhase;
			buildActionMask = 2147483647;
			files = (
			);
			runOnlyForDeploymentPostprocessing = 0;
		};
		BD9FA4ED28CF135600E8D68B /* Resources */ = {
			isa = PBXResourcesBuildPhase;
			buildActionMask = 2147483647;
			files = (
			);
			runOnlyForDeploymentPostprocessing = 0;
		};
		BDD8CA2528CF1FD100668B70 /* Resources */ = {
			isa = PBXResourcesBuildPhase;
			buildActionMask = 2147483647;
			files = (
			);
			runOnlyForDeploymentPostprocessing = 0;
		};
		BDD8CA4F28CF30EC00668B70 /* Resources */ = {
			isa = PBXResourcesBuildPhase;
			buildActionMask = 2147483647;
			files = (
				BDD8CAA428CF415900668B70 /* Pretendard-SemiBold.ttf in Resources */,
				BDD8CAA728CF415900668B70 /* Pretendard-Bold.ttf in Resources */,
				BDD8CA9928CF378700668B70 /* Images.xcassets in Resources */,
				BDD8CAA628CF415900668B70 /* Pretendard-Regular.ttf in Resources */,
				BDD8CAA528CF415900668B70 /* Pretendard-Medium.ttf in Resources */,
			);
			runOnlyForDeploymentPostprocessing = 0;
		};
/* End PBXResourcesBuildPhase section */

/* Begin PBXShellScriptBuildPhase section */
		BD9FA53628CF1C5E00E8D68B /* SwiftLint */ = {
			isa = PBXShellScriptBuildPhase;
			alwaysOutOfDate = 1;
			buildActionMask = 2147483647;
			files = (
			);
			inputFileListPaths = (
			);
			inputPaths = (
			);
			name = SwiftLint;
			outputFileListPaths = (
			);
			outputPaths = (
			);
			runOnlyForDeploymentPostprocessing = 0;
			shellPath = /bin/sh;
			shellScript = "export PATH=\"$PATH:/opt/homebrew/bin\"\n\nif which swiftlint > /dev/null; then\n  swiftlint\nelse\n  echo \"warning: SwiftLint not installed, download from https://github.com/realm/SwiftLint\"\nfi\n";
		};
/* End PBXShellScriptBuildPhase section */

/* Begin PBXSourcesBuildPhase section */
		BD9FA4CB28CF135100E8D68B /* Sources */ = {
			isa = PBXSourcesBuildPhase;
			buildActionMask = 2147483647;
			files = (
				BD8B408B28D458F900A4E810 /* TodoBottomSheetViewController+Layout.swift in Sources */,
				BD9FA51628CF157300E8D68B /* TimerViewController.swift in Sources */,
				BD92EFA928D3777C000C4A4F /* TodoBottomSheetViewController.swift in Sources */,
				BD9FA51E28CF162F00E8D68B /* TabBarController.swift in Sources */,
				BD9FA4D328CF135100E8D68B /* AppDelegate.swift in Sources */,
				BDB65B9428D0BE8100679C02 /* TabBarItem.swift in Sources */,
				BD70EB0E28D8B2800063DE18 /* StorageRepository.swift in Sources */,
				BD70EABE28D81C8A0063DE18 /* ProjectView.swift in Sources */,
				BD9FA51A28CF161B00E8D68B /* ProjectViewController.swift in Sources */,
				BDDAB6DD28D20EB400C021BC /* TodoHeaderView.swift in Sources */,
				BDB65B9628D1ADBE00679C02 /* TodoCalendarHeaderView.swift in Sources */,
				BD8B408F28D472A300A4E810 /* ProjectCategoryCell.swift in Sources */,
				BD70EB0928D8AC4F0063DE18 /* Todo.swift in Sources */,
				BDB2016228D99F16003FF3A3 /* Observable.swift in Sources */,
				BDDAB6DF28D2142400C021BC /* TodoCell.swift in Sources */,
				BD8B408D28D46C7100A4E810 /* InputCell.swift in Sources */,
				BD8B408828D4558E00A4E810 /* PriorityCell.swift in Sources */,
				BD70EB1728D9890C0063DE18 /* TodoListCollectionViewAdapter.swift in Sources */,
				BD70EB0728D8AB4D0063DE18 /* Repository.swift in Sources */,
				BD9FA51828CF160E00E8D68B /* GitHubRegistrationViewController.swift in Sources */,
				BD9FA51228CF156800E8D68B /* TodoListViewController.swift in Sources */,
				BD70EB0528D8AAC80063DE18 /* Entity.swift in Sources */,
				BD9FA51C28CF162500E8D68B /* SettingViewController.swift in Sources */,
				BD70EB0B28D8AC5D0063DE18 /* StorableTodo.swift in Sources */,
				BD70EAC028D81FCC0063DE18 /* ProjectListCell.swift in Sources */,
				BD9FA4D528CF135100E8D68B /* SceneDelegate.swift in Sources */,
				BD70EB1528D988A80063DE18 /* TodoListViewModel.swift in Sources */,
			);
			runOnlyForDeploymentPostprocessing = 0;
		};
		BD9FA4E128CF135600E8D68B /* Sources */ = {
			isa = PBXSourcesBuildPhase;
			buildActionMask = 2147483647;
			files = (
				BD9FA4EA28CF135600E8D68B /* OOTDTests.swift in Sources */,
			);
			runOnlyForDeploymentPostprocessing = 0;
		};
		BD9FA4EB28CF135600E8D68B /* Sources */ = {
			isa = PBXSourcesBuildPhase;
			buildActionMask = 2147483647;
			files = (
				BD9FA4F628CF135600E8D68B /* OOTDUITestsLaunchTests.swift in Sources */,
				BD9FA4F428CF135600E8D68B /* OOTDUITests.swift in Sources */,
			);
			runOnlyForDeploymentPostprocessing = 0;
		};
		BDD8CA2328CF1FD100668B70 /* Sources */ = {
			isa = PBXSourcesBuildPhase;
			buildActionMask = 2147483647;
			files = (
				BDD8CA4628CF291900668B70 /* Adjusted+.swift in Sources */,
				BDD8CA3E28CF20E700668B70 /* Reusable.swift in Sources */,
				BDD8CA4228CF21B800668B70 /* UIStackView+.swift in Sources */,
				BDD8CA4928CF29FE00668B70 /* Collection+.swift in Sources */,
				BDD8CA3828CF207000668B70 /* BaseView.swift in Sources */,
				BD92EF9A28D2CBF0000C4A4F /* BaseCollectionView.swift in Sources */,
				BDD8CA3A28CF208700668B70 /* BaseViewController.swift in Sources */,
				BDD8CA3C28CF20B700668B70 /* BaseCollectionViewCell.swift in Sources */,
				BDD8CA4028CF219F00668B70 /* UIView+.swift in Sources */,
			);
			runOnlyForDeploymentPostprocessing = 0;
		};
		BDD8CA4D28CF30EC00668B70 /* Sources */ = {
			isa = PBXSourcesBuildPhase;
			buildActionMask = 2147483647;
			files = (
				BDB65B9028D0B5BC00679C02 /* Device.swift in Sources */,
				BDB65B8D28D079A100679C02 /* ODSTextField.swift in Sources */,
				BD15700028D05ACE00155712 /* ODSButton.swift in Sources */,
				BDD8CAC528CF825800668B70 /* ODSTagView.swift in Sources */,
				BDD8CA9E28CF3D5100668B70 /* ODSBundle.swift in Sources */,
				BDB65B9228D0B6B200679C02 /* PreviewProvider.swift in Sources */,
				BDD8CACB28CF8BA300668B70 /* ODSBasicBlockCell.swift in Sources */,
				BDD8CAAE28CF4A5200668B70 /* UIColor+.swift in Sources */,
				BD15700328D0651A00155712 /* ODSSegmentedControl.swift in Sources */,
				BDD8CAB828CF4E5A00668B70 /* Spacing.swift in Sources */,
				BDD8CAA928CF41A600668B70 /* Font.swift in Sources */,
				BDD8CABD28CF73E900668B70 /* ODSNavigationBar.swift in Sources */,
				BDD8CA9C28CF37E800668B70 /* UIImage+.swift in Sources */,
				BDD8CABA28CF4E9F00668B70 /* Radius.swift in Sources */,
			);
			runOnlyForDeploymentPostprocessing = 0;
		};
/* End PBXSourcesBuildPhase section */

/* Begin PBXTargetDependency section */
		BD9FA4E728CF135600E8D68B /* PBXTargetDependency */ = {
			isa = PBXTargetDependency;
			target = BD9FA4CE28CF135100E8D68B /* OOTD */;
			targetProxy = BD9FA4E628CF135600E8D68B /* PBXContainerItemProxy */;
		};
		BD9FA4F128CF135600E8D68B /* PBXTargetDependency */ = {
			isa = PBXTargetDependency;
			target = BD9FA4CE28CF135100E8D68B /* OOTD */;
			targetProxy = BD9FA4F028CF135600E8D68B /* PBXContainerItemProxy */;
		};
		BDB65B8928D0713E00679C02 /* PBXTargetDependency */ = {
			isa = PBXTargetDependency;
			target = BDD8CA2628CF1FD100668B70 /* OOTD-Core */;
			targetProxy = BDB65B8828D0713E00679C02 /* PBXContainerItemProxy */;
		};
		BDD8CA2C28CF1FD100668B70 /* PBXTargetDependency */ = {
			isa = PBXTargetDependency;
			target = BDD8CA2628CF1FD100668B70 /* OOTD-Core */;
			targetProxy = BDD8CA2B28CF1FD100668B70 /* PBXContainerItemProxy */;
		};
		BDD8CA5628CF30EC00668B70 /* PBXTargetDependency */ = {
			isa = PBXTargetDependency;
			target = BDD8CA5028CF30EC00668B70 /* OOTD-UIKit */;
			targetProxy = BDD8CA5528CF30EC00668B70 /* PBXContainerItemProxy */;
		};
/* End PBXTargetDependency section */

/* Begin PBXVariantGroup section */
		BD9FA4DD28CF135600E8D68B /* LaunchScreen.storyboard */ = {
			isa = PBXVariantGroup;
			children = (
				BD9FA4DE28CF135600E8D68B /* Base */,
			);
			name = LaunchScreen.storyboard;
			sourceTree = "<group>";
		};
/* End PBXVariantGroup section */

/* Begin XCBuildConfiguration section */
		BD9FA4F728CF135600E8D68B /* Debug */ = {
			isa = XCBuildConfiguration;
			buildSettings = {
				ALWAYS_SEARCH_USER_PATHS = NO;
				CLANG_ANALYZER_NONNULL = YES;
				CLANG_ANALYZER_NUMBER_OBJECT_CONVERSION = YES_AGGRESSIVE;
				CLANG_CXX_LANGUAGE_STANDARD = "gnu++17";
				CLANG_ENABLE_MODULES = YES;
				CLANG_ENABLE_OBJC_ARC = YES;
				CLANG_ENABLE_OBJC_WEAK = YES;
				CLANG_WARN_BLOCK_CAPTURE_AUTORELEASING = YES;
				CLANG_WARN_BOOL_CONVERSION = YES;
				CLANG_WARN_COMMA = YES;
				CLANG_WARN_CONSTANT_CONVERSION = YES;
				CLANG_WARN_DEPRECATED_OBJC_IMPLEMENTATIONS = YES;
				CLANG_WARN_DIRECT_OBJC_ISA_USAGE = YES_ERROR;
				CLANG_WARN_DOCUMENTATION_COMMENTS = YES;
				CLANG_WARN_EMPTY_BODY = YES;
				CLANG_WARN_ENUM_CONVERSION = YES;
				CLANG_WARN_INFINITE_RECURSION = YES;
				CLANG_WARN_INT_CONVERSION = YES;
				CLANG_WARN_NON_LITERAL_NULL_CONVERSION = YES;
				CLANG_WARN_OBJC_IMPLICIT_RETAIN_SELF = YES;
				CLANG_WARN_OBJC_LITERAL_CONVERSION = YES;
				CLANG_WARN_OBJC_ROOT_CLASS = YES_ERROR;
				CLANG_WARN_QUOTED_INCLUDE_IN_FRAMEWORK_HEADER = YES;
				CLANG_WARN_RANGE_LOOP_ANALYSIS = YES;
				CLANG_WARN_STRICT_PROTOTYPES = YES;
				CLANG_WARN_SUSPICIOUS_MOVE = YES;
				CLANG_WARN_UNGUARDED_AVAILABILITY = YES_AGGRESSIVE;
				CLANG_WARN_UNREACHABLE_CODE = YES;
				CLANG_WARN__DUPLICATE_METHOD_MATCH = YES;
				COPY_PHASE_STRIP = NO;
				DEBUG_INFORMATION_FORMAT = dwarf;
				ENABLE_STRICT_OBJC_MSGSEND = YES;
				ENABLE_TESTABILITY = YES;
				GCC_C_LANGUAGE_STANDARD = gnu11;
				GCC_DYNAMIC_NO_PIC = NO;
				GCC_NO_COMMON_BLOCKS = YES;
				GCC_OPTIMIZATION_LEVEL = 0;
				GCC_PREPROCESSOR_DEFINITIONS = (
					"DEBUG=1",
					"$(inherited)",
				);
				GCC_WARN_64_TO_32_BIT_CONVERSION = YES;
				GCC_WARN_ABOUT_RETURN_TYPE = YES_ERROR;
				GCC_WARN_UNDECLARED_SELECTOR = YES;
				GCC_WARN_UNINITIALIZED_AUTOS = YES_AGGRESSIVE;
				GCC_WARN_UNUSED_FUNCTION = YES;
				GCC_WARN_UNUSED_VARIABLE = YES;
				IPHONEOS_DEPLOYMENT_TARGET = 15.0;
				MTL_ENABLE_DEBUG_INFO = INCLUDE_SOURCE;
				MTL_FAST_MATH = YES;
				ONLY_ACTIVE_ARCH = YES;
				SDKROOT = iphoneos;
				SWIFT_ACTIVE_COMPILATION_CONDITIONS = DEBUG;
				SWIFT_OPTIMIZATION_LEVEL = "-Onone";
			};
			name = Debug;
		};
		BD9FA4F828CF135600E8D68B /* Release */ = {
			isa = XCBuildConfiguration;
			buildSettings = {
				ALWAYS_SEARCH_USER_PATHS = NO;
				CLANG_ANALYZER_NONNULL = YES;
				CLANG_ANALYZER_NUMBER_OBJECT_CONVERSION = YES_AGGRESSIVE;
				CLANG_CXX_LANGUAGE_STANDARD = "gnu++17";
				CLANG_ENABLE_MODULES = YES;
				CLANG_ENABLE_OBJC_ARC = YES;
				CLANG_ENABLE_OBJC_WEAK = YES;
				CLANG_WARN_BLOCK_CAPTURE_AUTORELEASING = YES;
				CLANG_WARN_BOOL_CONVERSION = YES;
				CLANG_WARN_COMMA = YES;
				CLANG_WARN_CONSTANT_CONVERSION = YES;
				CLANG_WARN_DEPRECATED_OBJC_IMPLEMENTATIONS = YES;
				CLANG_WARN_DIRECT_OBJC_ISA_USAGE = YES_ERROR;
				CLANG_WARN_DOCUMENTATION_COMMENTS = YES;
				CLANG_WARN_EMPTY_BODY = YES;
				CLANG_WARN_ENUM_CONVERSION = YES;
				CLANG_WARN_INFINITE_RECURSION = YES;
				CLANG_WARN_INT_CONVERSION = YES;
				CLANG_WARN_NON_LITERAL_NULL_CONVERSION = YES;
				CLANG_WARN_OBJC_IMPLICIT_RETAIN_SELF = YES;
				CLANG_WARN_OBJC_LITERAL_CONVERSION = YES;
				CLANG_WARN_OBJC_ROOT_CLASS = YES_ERROR;
				CLANG_WARN_QUOTED_INCLUDE_IN_FRAMEWORK_HEADER = YES;
				CLANG_WARN_RANGE_LOOP_ANALYSIS = YES;
				CLANG_WARN_STRICT_PROTOTYPES = YES;
				CLANG_WARN_SUSPICIOUS_MOVE = YES;
				CLANG_WARN_UNGUARDED_AVAILABILITY = YES_AGGRESSIVE;
				CLANG_WARN_UNREACHABLE_CODE = YES;
				CLANG_WARN__DUPLICATE_METHOD_MATCH = YES;
				COPY_PHASE_STRIP = NO;
				DEBUG_INFORMATION_FORMAT = "dwarf-with-dsym";
				ENABLE_NS_ASSERTIONS = NO;
				ENABLE_STRICT_OBJC_MSGSEND = YES;
				GCC_C_LANGUAGE_STANDARD = gnu11;
				GCC_NO_COMMON_BLOCKS = YES;
				GCC_WARN_64_TO_32_BIT_CONVERSION = YES;
				GCC_WARN_ABOUT_RETURN_TYPE = YES_ERROR;
				GCC_WARN_UNDECLARED_SELECTOR = YES;
				GCC_WARN_UNINITIALIZED_AUTOS = YES_AGGRESSIVE;
				GCC_WARN_UNUSED_FUNCTION = YES;
				GCC_WARN_UNUSED_VARIABLE = YES;
				IPHONEOS_DEPLOYMENT_TARGET = 15.0;
				MTL_ENABLE_DEBUG_INFO = NO;
				MTL_FAST_MATH = YES;
				SDKROOT = iphoneos;
				SWIFT_COMPILATION_MODE = wholemodule;
				SWIFT_OPTIMIZATION_LEVEL = "-O";
				VALIDATE_PRODUCT = YES;
			};
			name = Release;
		};
		BD9FA4FA28CF135600E8D68B /* Debug */ = {
			isa = XCBuildConfiguration;
			buildSettings = {
				ALWAYS_EMBED_SWIFT_STANDARD_LIBRARIES = YES;
				ASSETCATALOG_COMPILER_APPICON_NAME = AppIcon;
				ASSETCATALOG_COMPILER_GLOBAL_ACCENT_COLOR_NAME = AccentColor;
				CODE_SIGN_STYLE = Automatic;
				CURRENT_PROJECT_VERSION = 1;
				DEVELOPMENT_TEAM = W7P3R7ZL78;
				GENERATE_INFOPLIST_FILE = YES;
				INFOPLIST_FILE = OOTD/Info.plist;
				INFOPLIST_KEY_UIApplicationSupportsIndirectInputEvents = YES;
				INFOPLIST_KEY_UILaunchStoryboardName = LaunchScreen;
				INFOPLIST_KEY_UISupportedInterfaceOrientations = UIInterfaceOrientationPortrait;
				INFOPLIST_KEY_UISupportedInterfaceOrientations_iPad = "UIInterfaceOrientationPortrait UIInterfaceOrientationPortraitUpsideDown UIInterfaceOrientationLandscapeLeft UIInterfaceOrientationLandscapeRight";
				INFOPLIST_KEY_UISupportedInterfaceOrientations_iPhone = UIInterfaceOrientationPortrait;
				LD_RUNPATH_SEARCH_PATHS = (
					"$(inherited)",
					"@executable_path/Frameworks",
				);
				MARKETING_VERSION = 1.0;
				PRODUCT_BUNDLE_IDENTIFIER = com.taekki.OOTD;
				PRODUCT_NAME = "$(TARGET_NAME)";
				SWIFT_EMIT_LOC_STRINGS = YES;
				SWIFT_VERSION = 5.0;
				TARGETED_DEVICE_FAMILY = 1;
			};
			name = Debug;
		};
		BD9FA4FB28CF135600E8D68B /* Release */ = {
			isa = XCBuildConfiguration;
			buildSettings = {
				ALWAYS_EMBED_SWIFT_STANDARD_LIBRARIES = YES;
				ASSETCATALOG_COMPILER_APPICON_NAME = AppIcon;
				ASSETCATALOG_COMPILER_GLOBAL_ACCENT_COLOR_NAME = AccentColor;
				CODE_SIGN_STYLE = Automatic;
				CURRENT_PROJECT_VERSION = 1;
				DEVELOPMENT_TEAM = W7P3R7ZL78;
				GENERATE_INFOPLIST_FILE = YES;
				INFOPLIST_FILE = OOTD/Info.plist;
				INFOPLIST_KEY_UIApplicationSupportsIndirectInputEvents = YES;
				INFOPLIST_KEY_UILaunchStoryboardName = LaunchScreen;
				INFOPLIST_KEY_UISupportedInterfaceOrientations = UIInterfaceOrientationPortrait;
				INFOPLIST_KEY_UISupportedInterfaceOrientations_iPad = "UIInterfaceOrientationPortrait UIInterfaceOrientationPortraitUpsideDown UIInterfaceOrientationLandscapeLeft UIInterfaceOrientationLandscapeRight";
				INFOPLIST_KEY_UISupportedInterfaceOrientations_iPhone = UIInterfaceOrientationPortrait;
				LD_RUNPATH_SEARCH_PATHS = (
					"$(inherited)",
					"@executable_path/Frameworks",
				);
				MARKETING_VERSION = 1.0;
				PRODUCT_BUNDLE_IDENTIFIER = com.taekki.OOTD;
				PRODUCT_NAME = "$(TARGET_NAME)";
				SWIFT_EMIT_LOC_STRINGS = YES;
				SWIFT_VERSION = 5.0;
				TARGETED_DEVICE_FAMILY = 1;
			};
			name = Release;
		};
		BD9FA4FD28CF135600E8D68B /* Debug */ = {
			isa = XCBuildConfiguration;
			buildSettings = {
				ALWAYS_EMBED_SWIFT_STANDARD_LIBRARIES = YES;
				BUNDLE_LOADER = "$(TEST_HOST)";
				CODE_SIGN_STYLE = Automatic;
				CURRENT_PROJECT_VERSION = 1;
				DEVELOPMENT_TEAM = W7P3R7ZL78;
				GENERATE_INFOPLIST_FILE = YES;
				IPHONEOS_DEPLOYMENT_TARGET = 15.5;
				MARKETING_VERSION = 1.0;
				PRODUCT_BUNDLE_IDENTIFIER = com.taekki.OOTDTests;
				PRODUCT_NAME = "$(TARGET_NAME)";
				SWIFT_EMIT_LOC_STRINGS = NO;
				SWIFT_VERSION = 5.0;
				TARGETED_DEVICE_FAMILY = "1,2";
				TEST_HOST = "$(BUILT_PRODUCTS_DIR)/OOTD.app/OOTD";
			};
			name = Debug;
		};
		BD9FA4FE28CF135600E8D68B /* Release */ = {
			isa = XCBuildConfiguration;
			buildSettings = {
				ALWAYS_EMBED_SWIFT_STANDARD_LIBRARIES = YES;
				BUNDLE_LOADER = "$(TEST_HOST)";
				CODE_SIGN_STYLE = Automatic;
				CURRENT_PROJECT_VERSION = 1;
				DEVELOPMENT_TEAM = W7P3R7ZL78;
				GENERATE_INFOPLIST_FILE = YES;
				IPHONEOS_DEPLOYMENT_TARGET = 15.5;
				MARKETING_VERSION = 1.0;
				PRODUCT_BUNDLE_IDENTIFIER = com.taekki.OOTDTests;
				PRODUCT_NAME = "$(TARGET_NAME)";
				SWIFT_EMIT_LOC_STRINGS = NO;
				SWIFT_VERSION = 5.0;
				TARGETED_DEVICE_FAMILY = "1,2";
				TEST_HOST = "$(BUILT_PRODUCTS_DIR)/OOTD.app/OOTD";
			};
			name = Release;
		};
		BD9FA50028CF135600E8D68B /* Debug */ = {
			isa = XCBuildConfiguration;
			buildSettings = {
				ALWAYS_EMBED_SWIFT_STANDARD_LIBRARIES = YES;
				CODE_SIGN_STYLE = Automatic;
				CURRENT_PROJECT_VERSION = 1;
				DEVELOPMENT_TEAM = W7P3R7ZL78;
				GENERATE_INFOPLIST_FILE = YES;
				MARKETING_VERSION = 1.0;
				PRODUCT_BUNDLE_IDENTIFIER = com.taekki.OOTDUITests;
				PRODUCT_NAME = "$(TARGET_NAME)";
				SWIFT_EMIT_LOC_STRINGS = NO;
				SWIFT_VERSION = 5.0;
				TARGETED_DEVICE_FAMILY = "1,2";
				TEST_TARGET_NAME = OOTD;
			};
			name = Debug;
		};
		BD9FA50128CF135600E8D68B /* Release */ = {
			isa = XCBuildConfiguration;
			buildSettings = {
				ALWAYS_EMBED_SWIFT_STANDARD_LIBRARIES = YES;
				CODE_SIGN_STYLE = Automatic;
				CURRENT_PROJECT_VERSION = 1;
				DEVELOPMENT_TEAM = W7P3R7ZL78;
				GENERATE_INFOPLIST_FILE = YES;
				MARKETING_VERSION = 1.0;
				PRODUCT_BUNDLE_IDENTIFIER = com.taekki.OOTDUITests;
				PRODUCT_NAME = "$(TARGET_NAME)";
				SWIFT_EMIT_LOC_STRINGS = NO;
				SWIFT_VERSION = 5.0;
				TARGETED_DEVICE_FAMILY = "1,2";
				TEST_TARGET_NAME = OOTD;
			};
			name = Release;
		};
		BDD8CA3028CF1FD100668B70 /* Debug */ = {
			isa = XCBuildConfiguration;
			buildSettings = {
				CLANG_ENABLE_MODULES = YES;
				CODE_SIGN_STYLE = Automatic;
				CURRENT_PROJECT_VERSION = 1;
				DEFINES_MODULE = YES;
				DEVELOPMENT_TEAM = W7P3R7ZL78;
				DYLIB_COMPATIBILITY_VERSION = 1;
				DYLIB_CURRENT_VERSION = 1;
				DYLIB_INSTALL_NAME_BASE = "@rpath";
				GENERATE_INFOPLIST_FILE = YES;
				INFOPLIST_KEY_NSHumanReadableCopyright = "";
				INSTALL_PATH = "$(LOCAL_LIBRARY_DIR)/Frameworks";
				IPHONEOS_DEPLOYMENT_TARGET = 15.0;
				LD_RUNPATH_SEARCH_PATHS = (
					"$(inherited)",
					"@executable_path/Frameworks",
					"@loader_path/Frameworks",
				);
				MARKETING_VERSION = 1.0;
				PRODUCT_BUNDLE_IDENTIFIER = "com.taekki.OOTD-Core";
				PRODUCT_NAME = "$(TARGET_NAME:c99extidentifier)";
				SKIP_INSTALL = YES;
				SUPPORTS_MACCATALYST = NO;
				SWIFT_EMIT_LOC_STRINGS = YES;
				SWIFT_OPTIMIZATION_LEVEL = "-Onone";
				SWIFT_VERSION = 5.0;
				TARGETED_DEVICE_FAMILY = 1;
				VERSIONING_SYSTEM = "apple-generic";
				VERSION_INFO_PREFIX = "";
			};
			name = Debug;
		};
		BDD8CA3128CF1FD100668B70 /* Release */ = {
			isa = XCBuildConfiguration;
			buildSettings = {
				CLANG_ENABLE_MODULES = YES;
				CODE_SIGN_STYLE = Automatic;
				CURRENT_PROJECT_VERSION = 1;
				DEFINES_MODULE = YES;
				DEVELOPMENT_TEAM = W7P3R7ZL78;
				DYLIB_COMPATIBILITY_VERSION = 1;
				DYLIB_CURRENT_VERSION = 1;
				DYLIB_INSTALL_NAME_BASE = "@rpath";
				GENERATE_INFOPLIST_FILE = YES;
				INFOPLIST_KEY_NSHumanReadableCopyright = "";
				INSTALL_PATH = "$(LOCAL_LIBRARY_DIR)/Frameworks";
				IPHONEOS_DEPLOYMENT_TARGET = 15.0;
				LD_RUNPATH_SEARCH_PATHS = (
					"$(inherited)",
					"@executable_path/Frameworks",
					"@loader_path/Frameworks",
				);
				MARKETING_VERSION = 1.0;
				PRODUCT_BUNDLE_IDENTIFIER = "com.taekki.OOTD-Core";
				PRODUCT_NAME = "$(TARGET_NAME:c99extidentifier)";
				SKIP_INSTALL = YES;
				SUPPORTS_MACCATALYST = NO;
				SWIFT_EMIT_LOC_STRINGS = YES;
				SWIFT_VERSION = 5.0;
				TARGETED_DEVICE_FAMILY = 1;
				VERSIONING_SYSTEM = "apple-generic";
				VERSION_INFO_PREFIX = "";
			};
			name = Release;
		};
		BDD8CA5928CF30EC00668B70 /* Debug */ = {
			isa = XCBuildConfiguration;
			buildSettings = {
				CLANG_ENABLE_MODULES = YES;
				CODE_SIGN_STYLE = Automatic;
				CURRENT_PROJECT_VERSION = 1;
				DEFINES_MODULE = YES;
				DEVELOPMENT_TEAM = W7P3R7ZL78;
				DYLIB_COMPATIBILITY_VERSION = 1;
				DYLIB_CURRENT_VERSION = 1;
				DYLIB_INSTALL_NAME_BASE = "@rpath";
				GENERATE_INFOPLIST_FILE = YES;
				INFOPLIST_KEY_NSHumanReadableCopyright = "";
				INSTALL_PATH = "$(LOCAL_LIBRARY_DIR)/Frameworks";
				IPHONEOS_DEPLOYMENT_TARGET = 15.0;
				LD_RUNPATH_SEARCH_PATHS = (
					"$(inherited)",
					"@executable_path/Frameworks",
					"@loader_path/Frameworks",
				);
				MARKETING_VERSION = 1.0;
				PRODUCT_BUNDLE_IDENTIFIER = "com.taekki.OOTD-UIKit";
				PRODUCT_NAME = "$(TARGET_NAME:c99extidentifier)";
				SKIP_INSTALL = YES;
				SUPPORTS_MACCATALYST = NO;
				SWIFT_EMIT_LOC_STRINGS = YES;
				SWIFT_OPTIMIZATION_LEVEL = "-Onone";
				SWIFT_VERSION = 5.0;
				TARGETED_DEVICE_FAMILY = 1;
				VERSIONING_SYSTEM = "apple-generic";
				VERSION_INFO_PREFIX = "";
			};
			name = Debug;
		};
		BDD8CA5A28CF30EC00668B70 /* Release */ = {
			isa = XCBuildConfiguration;
			buildSettings = {
				CLANG_ENABLE_MODULES = YES;
				CODE_SIGN_STYLE = Automatic;
				CURRENT_PROJECT_VERSION = 1;
				DEFINES_MODULE = YES;
				DEVELOPMENT_TEAM = W7P3R7ZL78;
				DYLIB_COMPATIBILITY_VERSION = 1;
				DYLIB_CURRENT_VERSION = 1;
				DYLIB_INSTALL_NAME_BASE = "@rpath";
				GENERATE_INFOPLIST_FILE = YES;
				INFOPLIST_KEY_NSHumanReadableCopyright = "";
				INSTALL_PATH = "$(LOCAL_LIBRARY_DIR)/Frameworks";
				IPHONEOS_DEPLOYMENT_TARGET = 15.0;
				LD_RUNPATH_SEARCH_PATHS = (
					"$(inherited)",
					"@executable_path/Frameworks",
					"@loader_path/Frameworks",
				);
				MARKETING_VERSION = 1.0;
				PRODUCT_BUNDLE_IDENTIFIER = "com.taekki.OOTD-UIKit";
				PRODUCT_NAME = "$(TARGET_NAME:c99extidentifier)";
				SKIP_INSTALL = YES;
				SUPPORTS_MACCATALYST = NO;
				SWIFT_EMIT_LOC_STRINGS = YES;
				SWIFT_VERSION = 5.0;
				TARGETED_DEVICE_FAMILY = 1;
				VERSIONING_SYSTEM = "apple-generic";
				VERSION_INFO_PREFIX = "";
			};
			name = Release;
		};
/* End XCBuildConfiguration section */

/* Begin XCConfigurationList section */
		BD9FA4CA28CF135100E8D68B /* Build configuration list for PBXProject "OOTD" */ = {
			isa = XCConfigurationList;
			buildConfigurations = (
				BD9FA4F728CF135600E8D68B /* Debug */,
				BD9FA4F828CF135600E8D68B /* Release */,
			);
			defaultConfigurationIsVisible = 0;
			defaultConfigurationName = Release;
		};
		BD9FA4F928CF135600E8D68B /* Build configuration list for PBXNativeTarget "OOTD" */ = {
			isa = XCConfigurationList;
			buildConfigurations = (
				BD9FA4FA28CF135600E8D68B /* Debug */,
				BD9FA4FB28CF135600E8D68B /* Release */,
			);
			defaultConfigurationIsVisible = 0;
			defaultConfigurationName = Release;
		};
		BD9FA4FC28CF135600E8D68B /* Build configuration list for PBXNativeTarget "OOTDTests" */ = {
			isa = XCConfigurationList;
			buildConfigurations = (
				BD9FA4FD28CF135600E8D68B /* Debug */,
				BD9FA4FE28CF135600E8D68B /* Release */,
			);
			defaultConfigurationIsVisible = 0;
			defaultConfigurationName = Release;
		};
		BD9FA4FF28CF135600E8D68B /* Build configuration list for PBXNativeTarget "OOTDUITests" */ = {
			isa = XCConfigurationList;
			buildConfigurations = (
				BD9FA50028CF135600E8D68B /* Debug */,
				BD9FA50128CF135600E8D68B /* Release */,
			);
			defaultConfigurationIsVisible = 0;
			defaultConfigurationName = Release;
		};
		BDD8CA3228CF1FD100668B70 /* Build configuration list for PBXNativeTarget "OOTD-Core" */ = {
			isa = XCConfigurationList;
			buildConfigurations = (
				BDD8CA3028CF1FD100668B70 /* Debug */,
				BDD8CA3128CF1FD100668B70 /* Release */,
			);
			defaultConfigurationIsVisible = 0;
			defaultConfigurationName = Release;
		};
		BDD8CA5B28CF30EC00668B70 /* Build configuration list for PBXNativeTarget "OOTD-UIKit" */ = {
			isa = XCConfigurationList;
			buildConfigurations = (
				BDD8CA5928CF30EC00668B70 /* Debug */,
				BDD8CA5A28CF30EC00668B70 /* Release */,
			);
			defaultConfigurationIsVisible = 0;
			defaultConfigurationName = Release;
		};
/* End XCConfigurationList section */

/* Begin XCRemoteSwiftPackageReference section */
		BD9FA52628CF171600E8D68B /* XCRemoteSwiftPackageReference "SnapKit" */ = {
			isa = XCRemoteSwiftPackageReference;
			repositoryURL = "https://github.com/SnapKit/SnapKit.git";
			requirement = {
				kind = upToNextMajorVersion;
				minimumVersion = 5.0.0;
			};
		};
		BD9FA52928CF174B00E8D68B /* XCRemoteSwiftPackageReference "Then" */ = {
			isa = XCRemoteSwiftPackageReference;
			repositoryURL = "https://github.com/devxoul/Then.git";
			requirement = {
				kind = upToNextMajorVersion;
				minimumVersion = 3.0.0;
			};
		};
		BD9FA52C28CF17AB00E8D68B /* XCRemoteSwiftPackageReference "FSCalendar" */ = {
			isa = XCRemoteSwiftPackageReference;
			repositoryURL = "https://github.com/WenchaoD/FSCalendar.git";
			requirement = {
				kind = upToNextMajorVersion;
				minimumVersion = 2.0.0;
			};
		};
		BD9FA52F28CF180C00E8D68B /* XCRemoteSwiftPackageReference "realm-swift" */ = {
			isa = XCRemoteSwiftPackageReference;
			repositoryURL = "https://github.com/realm/realm-swift.git";
			requirement = {
				kind = upToNextMajorVersion;
				minimumVersion = 10.0.0;
			};
		};
/* End XCRemoteSwiftPackageReference section */

/* Begin XCSwiftPackageProductDependency section */
		BD9FA52728CF171600E8D68B /* SnapKit */ = {
			isa = XCSwiftPackageProductDependency;
			package = BD9FA52628CF171600E8D68B /* XCRemoteSwiftPackageReference "SnapKit" */;
			productName = SnapKit;
		};
		BD9FA52A28CF174B00E8D68B /* Then */ = {
			isa = XCSwiftPackageProductDependency;
			package = BD9FA52928CF174B00E8D68B /* XCRemoteSwiftPackageReference "Then" */;
			productName = Then;
		};
		BD9FA52D28CF17AB00E8D68B /* FSCalendar */ = {
			isa = XCSwiftPackageProductDependency;
			package = BD9FA52C28CF17AB00E8D68B /* XCRemoteSwiftPackageReference "FSCalendar" */;
			productName = FSCalendar;
		};
		BD9FA53028CF180C00E8D68B /* Realm */ = {
			isa = XCSwiftPackageProductDependency;
			package = BD9FA52F28CF180C00E8D68B /* XCRemoteSwiftPackageReference "realm-swift" */;
			productName = Realm;
		};
		BD9FA53228CF180C00E8D68B /* RealmSwift */ = {
			isa = XCSwiftPackageProductDependency;
			package = BD9FA52F28CF180C00E8D68B /* XCRemoteSwiftPackageReference "realm-swift" */;
			productName = RealmSwift;
		};
		BDD8CABF28CF7DB500668B70 /* SnapKit */ = {
			isa = XCSwiftPackageProductDependency;
			package = BD9FA52628CF171600E8D68B /* XCRemoteSwiftPackageReference "SnapKit" */;
			productName = SnapKit;
		};
		BDD8CAC128CF7DB900668B70 /* Then */ = {
			isa = XCSwiftPackageProductDependency;
			package = BD9FA52928CF174B00E8D68B /* XCRemoteSwiftPackageReference "Then" */;
			productName = Then;
		};
/* End XCSwiftPackageProductDependency section */
	};
	rootObject = BD9FA4C728CF135100E8D68B /* Project object */;
}
