// !$*UTF8*$!
{
	archiveVersion = 1;
	classes = {
	};
	objectVersion = 55;
	objects = {

/* Begin PBXBuildFile section */
		BD15700028D05ACE00155712 /* ODSButton.swift in Sources */ = {isa = PBXBuildFile; fileRef = BD156FFF28D05ACE00155712 /* ODSButton.swift */; };
		BD19225728DC99C900726ECF /* SettingView.swift in Sources */ = {isa = PBXBuildFile; fileRef = BD19225628DC99C900726ECF /* SettingView.swift */; };
		BD19225E28DC9F0100726ECF /* SettingItemCell.swift in Sources */ = {isa = PBXBuildFile; fileRef = BD19225D28DC9F0100726ECF /* SettingItemCell.swift */; };
		BD19C4C428DC411300D209A1 /* ProjectArchiveCollectionViewAdapter.swift in Sources */ = {isa = PBXBuildFile; fileRef = BD19C4C328DC411300D209A1 /* ProjectArchiveCollectionViewAdapter.swift */; };
		BD19C4C728DC421000D209A1 /* ProjectArchiveViewModel.swift in Sources */ = {isa = PBXBuildFile; fileRef = BD19C4C628DC421000D209A1 /* ProjectArchiveViewModel.swift */; };
		BD19C4C928DC423900D209A1 /* ProjectArchiveSection.swift in Sources */ = {isa = PBXBuildFile; fileRef = BD19C4C828DC423900D209A1 /* ProjectArchiveSection.swift */; };
		BD19C4CB28DC4E1800D209A1 /* MemoCell.swift in Sources */ = {isa = PBXBuildFile; fileRef = BD19C4CA28DC4E1800D209A1 /* MemoCell.swift */; };
		BD19C4CD28DC4E6500D209A1 /* LogoCell.swift in Sources */ = {isa = PBXBuildFile; fileRef = BD19C4CC28DC4E6500D209A1 /* LogoCell.swift */; };
		BD19C4CF28DC569800D209A1 /* PeriodCell.swift in Sources */ = {isa = PBXBuildFile; fileRef = BD19C4CE28DC569800D209A1 /* PeriodCell.swift */; };
		BD1BBB8028EE925C009C793F /* ReactorKit in Frameworks */ = {isa = PBXBuildFile; productRef = BD1BBB7F28EE925C009C793F /* ReactorKit */; };
		BD1BBB8328EE9442009C793F /* SettingViewReactor.swift in Sources */ = {isa = PBXBuildFile; fileRef = BD1BBB8228EE9442009C793F /* SettingViewReactor.swift */; };
		BD1BBB8528EEC655009C793F /* RxSwift in Frameworks */ = {isa = PBXBuildFile; productRef = BD1BBB8428EEC655009C793F /* RxSwift */; };
		BD1BBB8828EECEBA009C793F /* RxDataSources in Frameworks */ = {isa = PBXBuildFile; productRef = BD1BBB8728EECEBA009C793F /* RxDataSources */; };
		BD1BBB8B28EECF4A009C793F /* SettingViewSection.swift in Sources */ = {isa = PBXBuildFile; fileRef = BD1BBB8A28EECF4A009C793F /* SettingViewSection.swift */; };
		BD1BBB8D28EED138009C793F /* SettingItemCellReactor.swift in Sources */ = {isa = PBXBuildFile; fileRef = BD1BBB8C28EED138009C793F /* SettingItemCellReactor.swift */; };
		BD39C48528E31166007AC73C /* UICollectionView+.swift in Sources */ = {isa = PBXBuildFile; fileRef = BD39C48428E31166007AC73C /* UICollectionView+.swift */; };
		BD39C48B28E37522007AC73C /* SplashViewController.swift in Sources */ = {isa = PBXBuildFile; fileRef = BD39C48A28E37522007AC73C /* SplashViewController.swift */; };
		BD39C48E28E3DBC4007AC73C /* Realm in Frameworks */ = {isa = PBXBuildFile; productRef = BD39C48D28E3DBC4007AC73C /* Realm */; };
		BD39C49028E3DBC4007AC73C /* RealmSwift in Frameworks */ = {isa = PBXBuildFile; productRef = BD39C48F28E3DBC4007AC73C /* RealmSwift */; };
		BD39C49128E3EF4A007AC73C /* OOTD_Core.framework in Frameworks */ = {isa = PBXBuildFile; fileRef = BDD8CA2728CF1FD100668B70 /* OOTD_Core.framework */; };
		BD39C49928E46A08007AC73C /* CommitRange.swift in Sources */ = {isa = PBXBuildFile; fileRef = BD39C49828E46A08007AC73C /* CommitRange.swift */; };
		BD39C49B28E46A1B007AC73C /* TodoRange.swift in Sources */ = {isa = PBXBuildFile; fileRef = BD39C49A28E46A1B007AC73C /* TodoRange.swift */; };
		BD489F9928E4916100338427 /* LicenseViewController.swift in Sources */ = {isa = PBXBuildFile; fileRef = BD489F9828E4916100338427 /* LicenseViewController.swift */; };
		BD489F9B28E4917300338427 /* LicenseView.swift in Sources */ = {isa = PBXBuildFile; fileRef = BD489F9A28E4917300338427 /* LicenseView.swift */; };
		BD489F9D28E491EA00338427 /* LicenseViewSection.swift in Sources */ = {isa = PBXBuildFile; fileRef = BD489F9C28E491EA00338427 /* LicenseViewSection.swift */; };
		BD489F9F28E4992800338427 /* ProfileView.swift in Sources */ = {isa = PBXBuildFile; fileRef = BD489F9E28E4992800338427 /* ProfileView.swift */; };
		BD51B1A228F54C51005748F5 /* GoogleService-Info.plist in Resources */ = {isa = PBXBuildFile; fileRef = BD51B1A128F54C51005748F5 /* GoogleService-Info.plist */; };
		BD51B1A528F54CFB005748F5 /* FirebaseAnalyticsWithoutAdIdSupport in Frameworks */ = {isa = PBXBuildFile; productRef = BD51B1A428F54CFB005748F5 /* FirebaseAnalyticsWithoutAdIdSupport */; };
		BD51B1A728F54CFB005748F5 /* FirebaseCrashlytics in Frameworks */ = {isa = PBXBuildFile; productRef = BD51B1A628F54CFB005748F5 /* FirebaseCrashlytics */; };
		BD51B1A928F54CFB005748F5 /* FirebaseMessaging in Frameworks */ = {isa = PBXBuildFile; productRef = BD51B1A828F54CFB005748F5 /* FirebaseMessaging */; };
		BD5C0AEC28E20EC300E1BBCC /* APIEnvironment.swift in Sources */ = {isa = PBXBuildFile; fileRef = BD5C0AEB28E20EC300E1BBCC /* APIEnvironment.swift */; };
		BD5C0AEE28E20F1200E1BBCC /* APIError.swift in Sources */ = {isa = PBXBuildFile; fileRef = BD5C0AED28E20F1200E1BBCC /* APIError.swift */; };
		BD5C0AF028E20F3800E1BBCC /* APIManager.swift in Sources */ = {isa = PBXBuildFile; fileRef = BD5C0AEF28E20F3800E1BBCC /* APIManager.swift */; };
		BD5C0AF228E20F6A00E1BBCC /* HTTPMethod.swift in Sources */ = {isa = PBXBuildFile; fileRef = BD5C0AF128E20F6A00E1BBCC /* HTTPMethod.swift */; };
		BD5C0AF428E20F9D00E1BBCC /* NetworkRequest.swift in Sources */ = {isa = PBXBuildFile; fileRef = BD5C0AF328E20F9D00E1BBCC /* NetworkRequest.swift */; };
		BD5C0AF628E20FD900E1BBCC /* EndPoint.swift in Sources */ = {isa = PBXBuildFile; fileRef = BD5C0AF528E20FD900E1BBCC /* EndPoint.swift */; };
		BD5C0AF928E2102000E1BBCC /* UserDTO.swift in Sources */ = {isa = PBXBuildFile; fileRef = BD5C0AF828E2102000E1BBCC /* UserDTO.swift */; };
		BD5C0AFE28E2110000E1BBCC /* GitHubEndPoint.swift in Sources */ = {isa = PBXBuildFile; fileRef = BD5C0AFD28E2110000E1BBCC /* GitHubEndPoint.swift */; };
		BD5C0B0128E2117100E1BBCC /* GitHubManager.swift in Sources */ = {isa = PBXBuildFile; fileRef = BD5C0B0028E2117100E1BBCC /* GitHubManager.swift */; };
		BD5C0B0328E2245B00E1BBCC /* RepoDTO.swift in Sources */ = {isa = PBXBuildFile; fileRef = BD5C0B0228E2245B00E1BBCC /* RepoDTO.swift */; };
		BD5C0B0528E226DC00E1BBCC /* EventDTO.swift in Sources */ = {isa = PBXBuildFile; fileRef = BD5C0B0428E226DC00E1BBCC /* EventDTO.swift */; };
		BD621A2728DA15C5008CFBB8 /* TodoBottomSheetState.swift in Sources */ = {isa = PBXBuildFile; fileRef = BD621A2628DA15C5008CFBB8 /* TodoBottomSheetState.swift */; };
		BD621A2928DAC5C6008CFBB8 /* UIViewController+.swift in Sources */ = {isa = PBXBuildFile; fileRef = BD621A2828DAC5C6008CFBB8 /* UIViewController+.swift */; };
		BD621A2B28DB62C8008CFBB8 /* BaseCollectionReusableView.swift in Sources */ = {isa = PBXBuildFile; fileRef = BD621A2A28DB62C8008CFBB8 /* BaseCollectionReusableView.swift */; };
		BD621A2D28DB764E008CFBB8 /* Priority.swift in Sources */ = {isa = PBXBuildFile; fileRef = BD621A2C28DB764E008CFBB8 /* Priority.swift */; };
		BD621A2F28DC39DC008CFBB8 /* ProjectArchiveViewController.swift in Sources */ = {isa = PBXBuildFile; fileRef = BD621A2E28DC39DC008CFBB8 /* ProjectArchiveViewController.swift */; };
		BD621A3328DC3A6E008CFBB8 /* ProjectArchiveView.swift in Sources */ = {isa = PBXBuildFile; fileRef = BD621A3228DC3A6E008CFBB8 /* ProjectArchiveView.swift */; };
		BD70EABE28D81C8A0063DE18 /* ProjectView.swift in Sources */ = {isa = PBXBuildFile; fileRef = BD70EABD28D81C8A0063DE18 /* ProjectView.swift */; };
		BD70EAC028D81FCC0063DE18 /* ProjectListCell.swift in Sources */ = {isa = PBXBuildFile; fileRef = BD70EABF28D81FCC0063DE18 /* ProjectListCell.swift */; };
		BD70EB0528D8AAC80063DE18 /* Entity.swift in Sources */ = {isa = PBXBuildFile; fileRef = BD70EB0428D8AAC80063DE18 /* Entity.swift */; };
		BD70EB0728D8AB4D0063DE18 /* Repository.swift in Sources */ = {isa = PBXBuildFile; fileRef = BD70EB0628D8AB4D0063DE18 /* Repository.swift */; };
		BD70EB0928D8AC4F0063DE18 /* Todo.swift in Sources */ = {isa = PBXBuildFile; fileRef = BD70EB0828D8AC4F0063DE18 /* Todo.swift */; };
		BD70EB0B28D8AC5D0063DE18 /* StorableTodo.swift in Sources */ = {isa = PBXBuildFile; fileRef = BD70EB0A28D8AC5D0063DE18 /* StorableTodo.swift */; };
		BD70EB0E28D8B2800063DE18 /* StorageRepository.swift in Sources */ = {isa = PBXBuildFile; fileRef = BD70EB0D28D8B2800063DE18 /* StorageRepository.swift */; };
		BD70EB1528D988A80063DE18 /* TodoListViewModel.swift in Sources */ = {isa = PBXBuildFile; fileRef = BD70EB1428D988A80063DE18 /* TodoListViewModel.swift */; };
		BD70EB1728D9890C0063DE18 /* TodoListCollectionViewAdapter.swift in Sources */ = {isa = PBXBuildFile; fileRef = BD70EB1628D9890C0063DE18 /* TodoListCollectionViewAdapter.swift */; };
		BD8B408828D4558E00A4E810 /* PriorityCell.swift in Sources */ = {isa = PBXBuildFile; fileRef = BD8B408728D4558E00A4E810 /* PriorityCell.swift */; };
		BD8B408D28D46C7100A4E810 /* InputCell.swift in Sources */ = {isa = PBXBuildFile; fileRef = BD8B408C28D46C7100A4E810 /* InputCell.swift */; };
		BD8B408F28D472A300A4E810 /* ProjectCategoryCell.swift in Sources */ = {isa = PBXBuildFile; fileRef = BD8B408E28D472A300A4E810 /* ProjectCategoryCell.swift */; };
		BD92EF9A28D2CBF0000C4A4F /* BaseCollectionView.swift in Sources */ = {isa = PBXBuildFile; fileRef = BD92EF9928D2CBF0000C4A4F /* BaseCollectionView.swift */; };
		BD92EFA928D3777C000C4A4F /* TodoBottomSheetViewController.swift in Sources */ = {isa = PBXBuildFile; fileRef = BD92EFA828D3777C000C4A4F /* TodoBottomSheetViewController.swift */; };
		BD9FA4D328CF135100E8D68B /* AppDelegate.swift in Sources */ = {isa = PBXBuildFile; fileRef = BD9FA4D228CF135100E8D68B /* AppDelegate.swift */; };
		BD9FA4D528CF135100E8D68B /* SceneDelegate.swift in Sources */ = {isa = PBXBuildFile; fileRef = BD9FA4D428CF135100E8D68B /* SceneDelegate.swift */; };
		BD9FA4DC28CF135600E8D68B /* Assets.xcassets in Resources */ = {isa = PBXBuildFile; fileRef = BD9FA4DB28CF135600E8D68B /* Assets.xcassets */; };
		BD9FA4DF28CF135600E8D68B /* LaunchScreen.storyboard in Resources */ = {isa = PBXBuildFile; fileRef = BD9FA4DD28CF135600E8D68B /* LaunchScreen.storyboard */; };
		BD9FA51228CF156800E8D68B /* TodoListViewController.swift in Sources */ = {isa = PBXBuildFile; fileRef = BD9FA51128CF156800E8D68B /* TodoListViewController.swift */; };
		BD9FA51828CF160E00E8D68B /* GitHubRegistrationViewController.swift in Sources */ = {isa = PBXBuildFile; fileRef = BD9FA51728CF160E00E8D68B /* GitHubRegistrationViewController.swift */; };
		BD9FA51A28CF161B00E8D68B /* ProjectViewController.swift in Sources */ = {isa = PBXBuildFile; fileRef = BD9FA51928CF161B00E8D68B /* ProjectViewController.swift */; };
		BD9FA51C28CF162500E8D68B /* SettingViewController.swift in Sources */ = {isa = PBXBuildFile; fileRef = BD9FA51B28CF162500E8D68B /* SettingViewController.swift */; };
		BD9FA51E28CF162F00E8D68B /* TabBarController.swift in Sources */ = {isa = PBXBuildFile; fileRef = BD9FA51D28CF162F00E8D68B /* TabBarController.swift */; };
		BD9FA52828CF171600E8D68B /* SnapKit in Frameworks */ = {isa = PBXBuildFile; productRef = BD9FA52728CF171600E8D68B /* SnapKit */; };
		BD9FA52B28CF174B00E8D68B /* Then in Frameworks */ = {isa = PBXBuildFile; productRef = BD9FA52A28CF174B00E8D68B /* Then */; };
		BD9FA52E28CF17AB00E8D68B /* FSCalendar in Frameworks */ = {isa = PBXBuildFile; productRef = BD9FA52D28CF17AB00E8D68B /* FSCalendar */; };
		BD9FA53528CF1AB800E8D68B /* .swiftlint.yml in Resources */ = {isa = PBXBuildFile; fileRef = BD9FA53428CF1AB800E8D68B /* .swiftlint.yml */; };
		BDB2016228D99F16003FF3A3 /* ObservableHelper.swift in Sources */ = {isa = PBXBuildFile; fileRef = BDB2016128D99F16003FF3A3 /* ObservableHelper.swift */; };
		BDB2016628D9C94C003FF3A3 /* TodoBottomSheetViewModel.swift in Sources */ = {isa = PBXBuildFile; fileRef = BDB2016528D9C94C003FF3A3 /* TodoBottomSheetViewModel.swift */; };
		BDB2016928D9CB26003FF3A3 /* TodoBottomSheetCollectionViewAdapter.swift in Sources */ = {isa = PBXBuildFile; fileRef = BDB2016828D9CB26003FF3A3 /* TodoBottomSheetCollectionViewAdapter.swift */; };
		BDB2016B28D9CBC5003FF3A3 /* TodoBottomSheetSection.swift in Sources */ = {isa = PBXBuildFile; fileRef = BDB2016A28D9CBC5003FF3A3 /* TodoBottomSheetSection.swift */; };
		BDB65B8D28D079A100679C02 /* ODSTextField.swift in Sources */ = {isa = PBXBuildFile; fileRef = BDB65B8C28D079A100679C02 /* ODSTextField.swift */; };
		BDB65B9028D0B5BC00679C02 /* Device.swift in Sources */ = {isa = PBXBuildFile; fileRef = BDB65B8F28D0B5BC00679C02 /* Device.swift */; };
		BDB65B9228D0B6B200679C02 /* PreviewProvider.swift in Sources */ = {isa = PBXBuildFile; fileRef = BDB65B9128D0B6B200679C02 /* PreviewProvider.swift */; };
		BDB65B9428D0BE8100679C02 /* TabBarItem.swift in Sources */ = {isa = PBXBuildFile; fileRef = BDB65B9328D0BE8100679C02 /* TabBarItem.swift */; };
		BDB65B9628D1ADBE00679C02 /* TodoListHeaderView.swift in Sources */ = {isa = PBXBuildFile; fileRef = BDB65B9528D1ADBE00679C02 /* TodoListHeaderView.swift */; };
		BDD2A48228E5AECD00AAB92D /* TokenViewController.swift in Sources */ = {isa = PBXBuildFile; fileRef = BDD2A48128E5AECD00AAB92D /* TokenViewController.swift */; };
		BDD5F8B528DD9B1D003F3B03 /* WSTagsField in Frameworks */ = {isa = PBXBuildFile; productRef = BDD5F8B428DD9B1D003F3B03 /* WSTagsField */; };
		BDD5F8B728DD9E81003F3B03 /* TagFieldCell.swift in Sources */ = {isa = PBXBuildFile; fileRef = BDD5F8B628DD9E81003F3B03 /* TagFieldCell.swift */; };
		BDD5F8BC28DDFA0C003F3B03 /* ProjectListEmptyView.swift in Sources */ = {isa = PBXBuildFile; fileRef = BDD5F8BB28DDFA0C003F3B03 /* ProjectListEmptyView.swift */; };
		BDD5F8BF28DE0072003F3B03 /* IQKeyboardManagerSwift in Frameworks */ = {isa = PBXBuildFile; productRef = BDD5F8BE28DE0072003F3B03 /* IQKeyboardManagerSwift */; };
		BDD5F8C128DE14CF003F3B03 /* Project.swift in Sources */ = {isa = PBXBuildFile; fileRef = BDD5F8C028DE14CF003F3B03 /* Project.swift */; };
		BDD5F8C328DE14E7003F3B03 /* StorableProject.swift in Sources */ = {isa = PBXBuildFile; fileRef = BDD5F8C228DE14E7003F3B03 /* StorableProject.swift */; };
		BDD5F8C628DF318E003F3B03 /* RxCocoa in Frameworks */ = {isa = PBXBuildFile; productRef = BDD5F8C528DF318E003F3B03 /* RxCocoa */; };
		BDD5F8C828DF318E003F3B03 /* RxSwift in Frameworks */ = {isa = PBXBuildFile; productRef = BDD5F8C728DF318E003F3B03 /* RxSwift */; };
		BDD5F8CB28DF336E003F3B03 /* ProjectListViewModel.swift in Sources */ = {isa = PBXBuildFile; fileRef = BDD5F8CA28DF336E003F3B03 /* ProjectListViewModel.swift */; };
		BDD5F8CF28DF796D003F3B03 /* ProjectArchiveItemViewModel.swift in Sources */ = {isa = PBXBuildFile; fileRef = BDD5F8CE28DF796D003F3B03 /* ProjectArchiveItemViewModel.swift */; };
		BDD5F90E28E1A10A003F3B03 /* ODSDatePickerViewController.swift in Sources */ = {isa = PBXBuildFile; fileRef = BDD5F90D28E1A10A003F3B03 /* ODSDatePickerViewController.swift */; };
		BDD8CA2A28CF1FD100668B70 /* OOTD_Core.h in Headers */ = {isa = PBXBuildFile; fileRef = BDD8CA2928CF1FD100668B70 /* OOTD_Core.h */; settings = {ATTRIBUTES = (Public, ); }; };
		BDD8CA2D28CF1FD100668B70 /* OOTD_Core.framework in Frameworks */ = {isa = PBXBuildFile; fileRef = BDD8CA2728CF1FD100668B70 /* OOTD_Core.framework */; };
		BDD8CA2F28CF1FD100668B70 /* OOTD_Core.framework in Embed Frameworks */ = {isa = PBXBuildFile; fileRef = BDD8CA2728CF1FD100668B70 /* OOTD_Core.framework */; settings = {ATTRIBUTES = (CodeSignOnCopy, RemoveHeadersOnCopy, ); }; };
		BDD8CA3828CF207000668B70 /* BaseView.swift in Sources */ = {isa = PBXBuildFile; fileRef = BDD8CA3728CF207000668B70 /* BaseView.swift */; };
		BDD8CA3A28CF208700668B70 /* BaseViewController.swift in Sources */ = {isa = PBXBuildFile; fileRef = BDD8CA3928CF208700668B70 /* BaseViewController.swift */; };
		BDD8CA3C28CF20B700668B70 /* BaseCollectionViewCell.swift in Sources */ = {isa = PBXBuildFile; fileRef = BDD8CA3B28CF20B700668B70 /* BaseCollectionViewCell.swift */; };
		BDD8CA3E28CF20E700668B70 /* Reusable.swift in Sources */ = {isa = PBXBuildFile; fileRef = BDD8CA3D28CF20E700668B70 /* Reusable.swift */; };
		BDD8CA4028CF219F00668B70 /* UIView+.swift in Sources */ = {isa = PBXBuildFile; fileRef = BDD8CA3F28CF219F00668B70 /* UIView+.swift */; };
		BDD8CA4228CF21B800668B70 /* UIStackView+.swift in Sources */ = {isa = PBXBuildFile; fileRef = BDD8CA4128CF21B800668B70 /* UIStackView+.swift */; };
		BDD8CA4628CF291900668B70 /* Adjusted+.swift in Sources */ = {isa = PBXBuildFile; fileRef = BDD8CA4528CF291900668B70 /* Adjusted+.swift */; };
		BDD8CA4928CF29FE00668B70 /* Collection+.swift in Sources */ = {isa = PBXBuildFile; fileRef = BDD8CA4828CF29FE00668B70 /* Collection+.swift */; };
		BDD8CA5428CF30EC00668B70 /* OOTD_UIKit.h in Headers */ = {isa = PBXBuildFile; fileRef = BDD8CA5328CF30EC00668B70 /* OOTD_UIKit.h */; settings = {ATTRIBUTES = (Public, ); }; };
		BDD8CA5728CF30EC00668B70 /* OOTD_UIKit.framework in Frameworks */ = {isa = PBXBuildFile; fileRef = BDD8CA5128CF30EC00668B70 /* OOTD_UIKit.framework */; };
		BDD8CA5828CF30EC00668B70 /* OOTD_UIKit.framework in Embed Frameworks */ = {isa = PBXBuildFile; fileRef = BDD8CA5128CF30EC00668B70 /* OOTD_UIKit.framework */; settings = {ATTRIBUTES = (CodeSignOnCopy, RemoveHeadersOnCopy, ); }; };
		BDD8CA9928CF378700668B70 /* Images.xcassets in Resources */ = {isa = PBXBuildFile; fileRef = BDD8CA9828CF378700668B70 /* Images.xcassets */; };
		BDD8CA9C28CF37E800668B70 /* UIImage+.swift in Sources */ = {isa = PBXBuildFile; fileRef = BDD8CA9B28CF37E800668B70 /* UIImage+.swift */; };
		BDD8CA9E28CF3D5100668B70 /* ODSBundle.swift in Sources */ = {isa = PBXBuildFile; fileRef = BDD8CA9D28CF3D5100668B70 /* ODSBundle.swift */; };
		BDD8CAA428CF415900668B70 /* Pretendard-SemiBold.ttf in Resources */ = {isa = PBXBuildFile; fileRef = BDD8CAA028CF415900668B70 /* Pretendard-SemiBold.ttf */; };
		BDD8CAA528CF415900668B70 /* Pretendard-Medium.ttf in Resources */ = {isa = PBXBuildFile; fileRef = BDD8CAA128CF415900668B70 /* Pretendard-Medium.ttf */; };
		BDD8CAA628CF415900668B70 /* Pretendard-Regular.ttf in Resources */ = {isa = PBXBuildFile; fileRef = BDD8CAA228CF415900668B70 /* Pretendard-Regular.ttf */; };
		BDD8CAA728CF415900668B70 /* Pretendard-Bold.ttf in Resources */ = {isa = PBXBuildFile; fileRef = BDD8CAA328CF415900668B70 /* Pretendard-Bold.ttf */; };
		BDD8CAA928CF41A600668B70 /* Font.swift in Sources */ = {isa = PBXBuildFile; fileRef = BDD8CAA828CF41A600668B70 /* Font.swift */; };
		BDD8CAAE28CF4A5200668B70 /* UIColor+.swift in Sources */ = {isa = PBXBuildFile; fileRef = BDD8CAAD28CF4A5200668B70 /* UIColor+.swift */; };
		BDD8CAB828CF4E5A00668B70 /* Spacing.swift in Sources */ = {isa = PBXBuildFile; fileRef = BDD8CAB728CF4E5A00668B70 /* Spacing.swift */; };
		BDD8CABA28CF4E9F00668B70 /* Radius.swift in Sources */ = {isa = PBXBuildFile; fileRef = BDD8CAB928CF4E9F00668B70 /* Radius.swift */; };
		BDD8CABD28CF73E900668B70 /* ODSNavigationBar.swift in Sources */ = {isa = PBXBuildFile; fileRef = BDD8CABC28CF73E900668B70 /* ODSNavigationBar.swift */; };
		BDD8CAC028CF7DB500668B70 /* SnapKit in Frameworks */ = {isa = PBXBuildFile; productRef = BDD8CABF28CF7DB500668B70 /* SnapKit */; };
		BDD8CAC228CF7DB900668B70 /* Then in Frameworks */ = {isa = PBXBuildFile; productRef = BDD8CAC128CF7DB900668B70 /* Then */; };
		BDD8CAC528CF825800668B70 /* ODSTagView.swift in Sources */ = {isa = PBXBuildFile; fileRef = BDD8CAC428CF825800668B70 /* ODSTagView.swift */; };
		BDD8CACB28CF8BA300668B70 /* ODSBasicBlockCell.swift in Sources */ = {isa = PBXBuildFile; fileRef = BDD8CACA28CF8BA300668B70 /* ODSBasicBlockCell.swift */; };
		BDDAB6DD28D20EB400C021BC /* SectionHeaderView.swift in Sources */ = {isa = PBXBuildFile; fileRef = BDDAB6DC28D20EB400C021BC /* SectionHeaderView.swift */; };
		BDDAB6DF28D2142400C021BC /* TodoListCell.swift in Sources */ = {isa = PBXBuildFile; fileRef = BDDAB6DE28D2142400C021BC /* TodoListCell.swift */; };
/* End PBXBuildFile section */

/* Begin PBXContainerItemProxy section */
		BDB65B8828D0713E00679C02 /* PBXContainerItemProxy */ = {
			isa = PBXContainerItemProxy;
			containerPortal = BD9FA4C728CF135100E8D68B /* Project object */;
			proxyType = 1;
			remoteGlobalIDString = BDD8CA2628CF1FD100668B70;
			remoteInfo = "OOTD-Core";
		};
		BDD8CA2B28CF1FD100668B70 /* PBXContainerItemProxy */ = {
			isa = PBXContainerItemProxy;
			containerPortal = BD9FA4C728CF135100E8D68B /* Project object */;
			proxyType = 1;
			remoteGlobalIDString = BDD8CA2628CF1FD100668B70;
			remoteInfo = "OOTD-Core";
		};
		BDD8CA5528CF30EC00668B70 /* PBXContainerItemProxy */ = {
			isa = PBXContainerItemProxy;
			containerPortal = BD9FA4C728CF135100E8D68B /* Project object */;
			proxyType = 1;
			remoteGlobalIDString = BDD8CA5028CF30EC00668B70;
			remoteInfo = "OOTD-UIKit";
		};
/* End PBXContainerItemProxy section */

/* Begin PBXCopyFilesBuildPhase section */
		BDD8CA2E28CF1FD100668B70 /* Embed Frameworks */ = {
			isa = PBXCopyFilesBuildPhase;
			buildActionMask = 2147483647;
			dstPath = "";
			dstSubfolderSpec = 10;
			files = (
				BDD8CA2F28CF1FD100668B70 /* OOTD_Core.framework in Embed Frameworks */,
				BDD8CA5828CF30EC00668B70 /* OOTD_UIKit.framework in Embed Frameworks */,
			);
			name = "Embed Frameworks";
			runOnlyForDeploymentPostprocessing = 0;
		};
/* End PBXCopyFilesBuildPhase section */

/* Begin PBXFileReference section */
		BD156FFF28D05ACE00155712 /* ODSButton.swift */ = {isa = PBXFileReference; lastKnownFileType = sourcecode.swift; path = ODSButton.swift; sourceTree = "<group>"; };
		BD19225628DC99C900726ECF /* SettingView.swift */ = {isa = PBXFileReference; lastKnownFileType = sourcecode.swift; path = SettingView.swift; sourceTree = "<group>"; };
		BD19225D28DC9F0100726ECF /* SettingItemCell.swift */ = {isa = PBXFileReference; lastKnownFileType = sourcecode.swift; path = SettingItemCell.swift; sourceTree = "<group>"; };
		BD19C4C328DC411300D209A1 /* ProjectArchiveCollectionViewAdapter.swift */ = {isa = PBXFileReference; lastKnownFileType = sourcecode.swift; path = ProjectArchiveCollectionViewAdapter.swift; sourceTree = "<group>"; };
		BD19C4C628DC421000D209A1 /* ProjectArchiveViewModel.swift */ = {isa = PBXFileReference; lastKnownFileType = sourcecode.swift; path = ProjectArchiveViewModel.swift; sourceTree = "<group>"; };
		BD19C4C828DC423900D209A1 /* ProjectArchiveSection.swift */ = {isa = PBXFileReference; lastKnownFileType = sourcecode.swift; path = ProjectArchiveSection.swift; sourceTree = "<group>"; };
		BD19C4CA28DC4E1800D209A1 /* MemoCell.swift */ = {isa = PBXFileReference; lastKnownFileType = sourcecode.swift; path = MemoCell.swift; sourceTree = "<group>"; };
		BD19C4CC28DC4E6500D209A1 /* LogoCell.swift */ = {isa = PBXFileReference; lastKnownFileType = sourcecode.swift; path = LogoCell.swift; sourceTree = "<group>"; };
		BD19C4CE28DC569800D209A1 /* PeriodCell.swift */ = {isa = PBXFileReference; lastKnownFileType = sourcecode.swift; path = PeriodCell.swift; sourceTree = "<group>"; };
		BD1BBB8228EE9442009C793F /* SettingViewReactor.swift */ = {isa = PBXFileReference; lastKnownFileType = sourcecode.swift; path = SettingViewReactor.swift; sourceTree = "<group>"; };
		BD1BBB8A28EECF4A009C793F /* SettingViewSection.swift */ = {isa = PBXFileReference; lastKnownFileType = sourcecode.swift; path = SettingViewSection.swift; sourceTree = "<group>"; };
		BD1BBB8C28EED138009C793F /* SettingItemCellReactor.swift */ = {isa = PBXFileReference; lastKnownFileType = sourcecode.swift; path = SettingItemCellReactor.swift; sourceTree = "<group>"; };
		BD39C48428E31166007AC73C /* UICollectionView+.swift */ = {isa = PBXFileReference; lastKnownFileType = sourcecode.swift; path = "UICollectionView+.swift"; sourceTree = "<group>"; };
		BD39C48A28E37522007AC73C /* SplashViewController.swift */ = {isa = PBXFileReference; lastKnownFileType = sourcecode.swift; path = SplashViewController.swift; sourceTree = "<group>"; };
		BD39C49828E46A08007AC73C /* CommitRange.swift */ = {isa = PBXFileReference; lastKnownFileType = sourcecode.swift; path = CommitRange.swift; sourceTree = "<group>"; };
		BD39C49A28E46A1B007AC73C /* TodoRange.swift */ = {isa = PBXFileReference; lastKnownFileType = sourcecode.swift; path = TodoRange.swift; sourceTree = "<group>"; };
		BD489F9828E4916100338427 /* LicenseViewController.swift */ = {isa = PBXFileReference; lastKnownFileType = sourcecode.swift; path = LicenseViewController.swift; sourceTree = "<group>"; };
		BD489F9A28E4917300338427 /* LicenseView.swift */ = {isa = PBXFileReference; lastKnownFileType = sourcecode.swift; path = LicenseView.swift; sourceTree = "<group>"; };
		BD489F9C28E491EA00338427 /* LicenseViewSection.swift */ = {isa = PBXFileReference; lastKnownFileType = sourcecode.swift; path = LicenseViewSection.swift; sourceTree = "<group>"; };
		BD489F9E28E4992800338427 /* ProfileView.swift */ = {isa = PBXFileReference; lastKnownFileType = sourcecode.swift; path = ProfileView.swift; sourceTree = "<group>"; };
		BD51B1A128F54C51005748F5 /* GoogleService-Info.plist */ = {isa = PBXFileReference; fileEncoding = 4; lastKnownFileType = text.plist.xml; path = "GoogleService-Info.plist"; sourceTree = "<group>"; };
		BD51B1AA28F55370005748F5 /* OOTD.entitlements */ = {isa = PBXFileReference; lastKnownFileType = text.plist.entitlements; path = OOTD.entitlements; sourceTree = "<group>"; };
		BD5C0AEB28E20EC300E1BBCC /* APIEnvironment.swift */ = {isa = PBXFileReference; lastKnownFileType = sourcecode.swift; path = APIEnvironment.swift; sourceTree = "<group>"; };
		BD5C0AED28E20F1200E1BBCC /* APIError.swift */ = {isa = PBXFileReference; lastKnownFileType = sourcecode.swift; path = APIError.swift; sourceTree = "<group>"; };
		BD5C0AEF28E20F3800E1BBCC /* APIManager.swift */ = {isa = PBXFileReference; lastKnownFileType = sourcecode.swift; path = APIManager.swift; sourceTree = "<group>"; };
		BD5C0AF128E20F6A00E1BBCC /* HTTPMethod.swift */ = {isa = PBXFileReference; lastKnownFileType = sourcecode.swift; path = HTTPMethod.swift; sourceTree = "<group>"; };
		BD5C0AF328E20F9D00E1BBCC /* NetworkRequest.swift */ = {isa = PBXFileReference; lastKnownFileType = sourcecode.swift; path = NetworkRequest.swift; sourceTree = "<group>"; };
		BD5C0AF528E20FD900E1BBCC /* EndPoint.swift */ = {isa = PBXFileReference; lastKnownFileType = sourcecode.swift; path = EndPoint.swift; sourceTree = "<group>"; };
		BD5C0AF828E2102000E1BBCC /* UserDTO.swift */ = {isa = PBXFileReference; lastKnownFileType = sourcecode.swift; path = UserDTO.swift; sourceTree = "<group>"; };
		BD5C0AFD28E2110000E1BBCC /* GitHubEndPoint.swift */ = {isa = PBXFileReference; lastKnownFileType = sourcecode.swift; path = GitHubEndPoint.swift; sourceTree = "<group>"; };
		BD5C0B0028E2117100E1BBCC /* GitHubManager.swift */ = {isa = PBXFileReference; lastKnownFileType = sourcecode.swift; path = GitHubManager.swift; sourceTree = "<group>"; };
		BD5C0B0228E2245B00E1BBCC /* RepoDTO.swift */ = {isa = PBXFileReference; lastKnownFileType = sourcecode.swift; path = RepoDTO.swift; sourceTree = "<group>"; };
		BD5C0B0428E226DC00E1BBCC /* EventDTO.swift */ = {isa = PBXFileReference; lastKnownFileType = sourcecode.swift; path = EventDTO.swift; sourceTree = "<group>"; };
		BD621A2628DA15C5008CFBB8 /* TodoBottomSheetState.swift */ = {isa = PBXFileReference; lastKnownFileType = sourcecode.swift; path = TodoBottomSheetState.swift; sourceTree = "<group>"; };
		BD621A2828DAC5C6008CFBB8 /* UIViewController+.swift */ = {isa = PBXFileReference; lastKnownFileType = sourcecode.swift; path = "UIViewController+.swift"; sourceTree = "<group>"; };
		BD621A2A28DB62C8008CFBB8 /* BaseCollectionReusableView.swift */ = {isa = PBXFileReference; lastKnownFileType = sourcecode.swift; path = BaseCollectionReusableView.swift; sourceTree = "<group>"; };
		BD621A2C28DB764E008CFBB8 /* Priority.swift */ = {isa = PBXFileReference; lastKnownFileType = sourcecode.swift; path = Priority.swift; sourceTree = "<group>"; };
		BD621A2E28DC39DC008CFBB8 /* ProjectArchiveViewController.swift */ = {isa = PBXFileReference; lastKnownFileType = sourcecode.swift; path = ProjectArchiveViewController.swift; sourceTree = "<group>"; };
		BD621A3228DC3A6E008CFBB8 /* ProjectArchiveView.swift */ = {isa = PBXFileReference; lastKnownFileType = sourcecode.swift; path = ProjectArchiveView.swift; sourceTree = "<group>"; };
		BD70EABD28D81C8A0063DE18 /* ProjectView.swift */ = {isa = PBXFileReference; lastKnownFileType = sourcecode.swift; path = ProjectView.swift; sourceTree = "<group>"; };
		BD70EABF28D81FCC0063DE18 /* ProjectListCell.swift */ = {isa = PBXFileReference; lastKnownFileType = sourcecode.swift; path = ProjectListCell.swift; sourceTree = "<group>"; };
		BD70EB0428D8AAC80063DE18 /* Entity.swift */ = {isa = PBXFileReference; lastKnownFileType = sourcecode.swift; path = Entity.swift; sourceTree = "<group>"; };
		BD70EB0628D8AB4D0063DE18 /* Repository.swift */ = {isa = PBXFileReference; lastKnownFileType = sourcecode.swift; path = Repository.swift; sourceTree = "<group>"; };
		BD70EB0828D8AC4F0063DE18 /* Todo.swift */ = {isa = PBXFileReference; lastKnownFileType = sourcecode.swift; path = Todo.swift; sourceTree = "<group>"; };
		BD70EB0A28D8AC5D0063DE18 /* StorableTodo.swift */ = {isa = PBXFileReference; lastKnownFileType = sourcecode.swift; path = StorableTodo.swift; sourceTree = "<group>"; };
		BD70EB0D28D8B2800063DE18 /* StorageRepository.swift */ = {isa = PBXFileReference; lastKnownFileType = sourcecode.swift; path = StorageRepository.swift; sourceTree = "<group>"; };
		BD70EB1428D988A80063DE18 /* TodoListViewModel.swift */ = {isa = PBXFileReference; lastKnownFileType = sourcecode.swift; path = TodoListViewModel.swift; sourceTree = "<group>"; };
		BD70EB1628D9890C0063DE18 /* TodoListCollectionViewAdapter.swift */ = {isa = PBXFileReference; lastKnownFileType = sourcecode.swift; path = TodoListCollectionViewAdapter.swift; sourceTree = "<group>"; };
		BD8B408728D4558E00A4E810 /* PriorityCell.swift */ = {isa = PBXFileReference; lastKnownFileType = sourcecode.swift; path = PriorityCell.swift; sourceTree = "<group>"; };
		BD8B408C28D46C7100A4E810 /* InputCell.swift */ = {isa = PBXFileReference; lastKnownFileType = sourcecode.swift; path = InputCell.swift; sourceTree = "<group>"; };
		BD8B408E28D472A300A4E810 /* ProjectCategoryCell.swift */ = {isa = PBXFileReference; lastKnownFileType = sourcecode.swift; path = ProjectCategoryCell.swift; sourceTree = "<group>"; };
		BD92EF9928D2CBF0000C4A4F /* BaseCollectionView.swift */ = {isa = PBXFileReference; lastKnownFileType = sourcecode.swift; path = BaseCollectionView.swift; sourceTree = "<group>"; };
		BD92EFA828D3777C000C4A4F /* TodoBottomSheetViewController.swift */ = {isa = PBXFileReference; lastKnownFileType = sourcecode.swift; path = TodoBottomSheetViewController.swift; sourceTree = "<group>"; };
		BD9FA4CF28CF135100E8D68B /* OOTD.app */ = {isa = PBXFileReference; explicitFileType = wrapper.application; includeInIndex = 0; path = OOTD.app; sourceTree = BUILT_PRODUCTS_DIR; };
		BD9FA4D228CF135100E8D68B /* AppDelegate.swift */ = {isa = PBXFileReference; lastKnownFileType = sourcecode.swift; path = AppDelegate.swift; sourceTree = "<group>"; };
		BD9FA4D428CF135100E8D68B /* SceneDelegate.swift */ = {isa = PBXFileReference; lastKnownFileType = sourcecode.swift; path = SceneDelegate.swift; sourceTree = "<group>"; };
		BD9FA4DB28CF135600E8D68B /* Assets.xcassets */ = {isa = PBXFileReference; lastKnownFileType = folder.assetcatalog; path = Assets.xcassets; sourceTree = "<group>"; };
		BD9FA4DE28CF135600E8D68B /* Base */ = {isa = PBXFileReference; lastKnownFileType = file.storyboard; name = Base; path = Base.lproj/LaunchScreen.storyboard; sourceTree = "<group>"; };
		BD9FA4E028CF135600E8D68B /* Info.plist */ = {isa = PBXFileReference; lastKnownFileType = text.plist.xml; path = Info.plist; sourceTree = "<group>"; };
		BD9FA51128CF156800E8D68B /* TodoListViewController.swift */ = {isa = PBXFileReference; lastKnownFileType = sourcecode.swift; path = TodoListViewController.swift; sourceTree = "<group>"; };
		BD9FA51728CF160E00E8D68B /* GitHubRegistrationViewController.swift */ = {isa = PBXFileReference; lastKnownFileType = sourcecode.swift; path = GitHubRegistrationViewController.swift; sourceTree = "<group>"; };
		BD9FA51928CF161B00E8D68B /* ProjectViewController.swift */ = {isa = PBXFileReference; lastKnownFileType = sourcecode.swift; path = ProjectViewController.swift; sourceTree = "<group>"; };
		BD9FA51B28CF162500E8D68B /* SettingViewController.swift */ = {isa = PBXFileReference; lastKnownFileType = sourcecode.swift; path = SettingViewController.swift; sourceTree = "<group>"; };
		BD9FA51D28CF162F00E8D68B /* TabBarController.swift */ = {isa = PBXFileReference; lastKnownFileType = sourcecode.swift; path = TabBarController.swift; sourceTree = "<group>"; };
		BD9FA53428CF1AB800E8D68B /* .swiftlint.yml */ = {isa = PBXFileReference; lastKnownFileType = text.yaml; path = .swiftlint.yml; sourceTree = "<group>"; };
		BDB2016128D99F16003FF3A3 /* ObservableHelper.swift */ = {isa = PBXFileReference; lastKnownFileType = sourcecode.swift; path = ObservableHelper.swift; sourceTree = "<group>"; };
		BDB2016528D9C94C003FF3A3 /* TodoBottomSheetViewModel.swift */ = {isa = PBXFileReference; lastKnownFileType = sourcecode.swift; path = TodoBottomSheetViewModel.swift; sourceTree = "<group>"; };
		BDB2016828D9CB26003FF3A3 /* TodoBottomSheetCollectionViewAdapter.swift */ = {isa = PBXFileReference; lastKnownFileType = sourcecode.swift; path = TodoBottomSheetCollectionViewAdapter.swift; sourceTree = "<group>"; };
		BDB2016A28D9CBC5003FF3A3 /* TodoBottomSheetSection.swift */ = {isa = PBXFileReference; lastKnownFileType = sourcecode.swift; path = TodoBottomSheetSection.swift; sourceTree = "<group>"; };
		BDB65B8C28D079A100679C02 /* ODSTextField.swift */ = {isa = PBXFileReference; lastKnownFileType = sourcecode.swift; path = ODSTextField.swift; sourceTree = "<group>"; };
		BDB65B8F28D0B5BC00679C02 /* Device.swift */ = {isa = PBXFileReference; lastKnownFileType = sourcecode.swift; path = Device.swift; sourceTree = "<group>"; };
		BDB65B9128D0B6B200679C02 /* PreviewProvider.swift */ = {isa = PBXFileReference; lastKnownFileType = sourcecode.swift; path = PreviewProvider.swift; sourceTree = "<group>"; };
		BDB65B9328D0BE8100679C02 /* TabBarItem.swift */ = {isa = PBXFileReference; lastKnownFileType = sourcecode.swift; path = TabBarItem.swift; sourceTree = "<group>"; };
		BDB65B9528D1ADBE00679C02 /* TodoListHeaderView.swift */ = {isa = PBXFileReference; lastKnownFileType = sourcecode.swift; path = TodoListHeaderView.swift; sourceTree = "<group>"; };
		BDD2A48128E5AECD00AAB92D /* TokenViewController.swift */ = {isa = PBXFileReference; lastKnownFileType = sourcecode.swift; path = TokenViewController.swift; sourceTree = "<group>"; };
		BDD5F8B628DD9E81003F3B03 /* TagFieldCell.swift */ = {isa = PBXFileReference; lastKnownFileType = sourcecode.swift; path = TagFieldCell.swift; sourceTree = "<group>"; };
		BDD5F8BB28DDFA0C003F3B03 /* ProjectListEmptyView.swift */ = {isa = PBXFileReference; lastKnownFileType = sourcecode.swift; path = ProjectListEmptyView.swift; sourceTree = "<group>"; };
		BDD5F8C028DE14CF003F3B03 /* Project.swift */ = {isa = PBXFileReference; lastKnownFileType = sourcecode.swift; path = Project.swift; sourceTree = "<group>"; };
		BDD5F8C228DE14E7003F3B03 /* StorableProject.swift */ = {isa = PBXFileReference; lastKnownFileType = sourcecode.swift; path = StorableProject.swift; sourceTree = "<group>"; };
		BDD5F8CA28DF336E003F3B03 /* ProjectListViewModel.swift */ = {isa = PBXFileReference; lastKnownFileType = sourcecode.swift; path = ProjectListViewModel.swift; sourceTree = "<group>"; };
		BDD5F8CE28DF796D003F3B03 /* ProjectArchiveItemViewModel.swift */ = {isa = PBXFileReference; lastKnownFileType = sourcecode.swift; path = ProjectArchiveItemViewModel.swift; sourceTree = "<group>"; };
		BDD5F90D28E1A10A003F3B03 /* ODSDatePickerViewController.swift */ = {isa = PBXFileReference; lastKnownFileType = sourcecode.swift; path = ODSDatePickerViewController.swift; sourceTree = "<group>"; };
		BDD8CA2728CF1FD100668B70 /* OOTD_Core.framework */ = {isa = PBXFileReference; explicitFileType = wrapper.framework; includeInIndex = 0; path = OOTD_Core.framework; sourceTree = BUILT_PRODUCTS_DIR; };
		BDD8CA2928CF1FD100668B70 /* OOTD_Core.h */ = {isa = PBXFileReference; lastKnownFileType = sourcecode.c.h; path = OOTD_Core.h; sourceTree = "<group>"; };
		BDD8CA3728CF207000668B70 /* BaseView.swift */ = {isa = PBXFileReference; lastKnownFileType = sourcecode.swift; path = BaseView.swift; sourceTree = "<group>"; };
		BDD8CA3928CF208700668B70 /* BaseViewController.swift */ = {isa = PBXFileReference; lastKnownFileType = sourcecode.swift; path = BaseViewController.swift; sourceTree = "<group>"; };
		BDD8CA3B28CF20B700668B70 /* BaseCollectionViewCell.swift */ = {isa = PBXFileReference; lastKnownFileType = sourcecode.swift; path = BaseCollectionViewCell.swift; sourceTree = "<group>"; };
		BDD8CA3D28CF20E700668B70 /* Reusable.swift */ = {isa = PBXFileReference; lastKnownFileType = sourcecode.swift; path = Reusable.swift; sourceTree = "<group>"; };
		BDD8CA3F28CF219F00668B70 /* UIView+.swift */ = {isa = PBXFileReference; lastKnownFileType = sourcecode.swift; path = "UIView+.swift"; sourceTree = "<group>"; };
		BDD8CA4128CF21B800668B70 /* UIStackView+.swift */ = {isa = PBXFileReference; lastKnownFileType = sourcecode.swift; path = "UIStackView+.swift"; sourceTree = "<group>"; };
		BDD8CA4528CF291900668B70 /* Adjusted+.swift */ = {isa = PBXFileReference; lastKnownFileType = sourcecode.swift; path = "Adjusted+.swift"; sourceTree = "<group>"; };
		BDD8CA4828CF29FE00668B70 /* Collection+.swift */ = {isa = PBXFileReference; lastKnownFileType = sourcecode.swift; path = "Collection+.swift"; sourceTree = "<group>"; };
		BDD8CA5128CF30EC00668B70 /* OOTD_UIKit.framework */ = {isa = PBXFileReference; explicitFileType = wrapper.framework; includeInIndex = 0; path = OOTD_UIKit.framework; sourceTree = BUILT_PRODUCTS_DIR; };
		BDD8CA5328CF30EC00668B70 /* OOTD_UIKit.h */ = {isa = PBXFileReference; lastKnownFileType = sourcecode.c.h; path = OOTD_UIKit.h; sourceTree = "<group>"; };
		BDD8CA9828CF378700668B70 /* Images.xcassets */ = {isa = PBXFileReference; lastKnownFileType = folder.assetcatalog; path = Images.xcassets; sourceTree = "<group>"; };
		BDD8CA9B28CF37E800668B70 /* UIImage+.swift */ = {isa = PBXFileReference; lastKnownFileType = sourcecode.swift; path = "UIImage+.swift"; sourceTree = "<group>"; };
		BDD8CA9D28CF3D5100668B70 /* ODSBundle.swift */ = {isa = PBXFileReference; lastKnownFileType = sourcecode.swift; path = ODSBundle.swift; sourceTree = "<group>"; };
		BDD8CAA028CF415900668B70 /* Pretendard-SemiBold.ttf */ = {isa = PBXFileReference; lastKnownFileType = file; path = "Pretendard-SemiBold.ttf"; sourceTree = "<group>"; };
		BDD8CAA128CF415900668B70 /* Pretendard-Medium.ttf */ = {isa = PBXFileReference; lastKnownFileType = file; path = "Pretendard-Medium.ttf"; sourceTree = "<group>"; };
		BDD8CAA228CF415900668B70 /* Pretendard-Regular.ttf */ = {isa = PBXFileReference; lastKnownFileType = file; path = "Pretendard-Regular.ttf"; sourceTree = "<group>"; };
		BDD8CAA328CF415900668B70 /* Pretendard-Bold.ttf */ = {isa = PBXFileReference; lastKnownFileType = file; path = "Pretendard-Bold.ttf"; sourceTree = "<group>"; };
		BDD8CAA828CF41A600668B70 /* Font.swift */ = {isa = PBXFileReference; lastKnownFileType = sourcecode.swift; path = Font.swift; sourceTree = "<group>"; };
		BDD8CAAD28CF4A5200668B70 /* UIColor+.swift */ = {isa = PBXFileReference; lastKnownFileType = sourcecode.swift; path = "UIColor+.swift"; sourceTree = "<group>"; };
		BDD8CAB728CF4E5A00668B70 /* Spacing.swift */ = {isa = PBXFileReference; lastKnownFileType = sourcecode.swift; path = Spacing.swift; sourceTree = "<group>"; };
		BDD8CAB928CF4E9F00668B70 /* Radius.swift */ = {isa = PBXFileReference; lastKnownFileType = sourcecode.swift; path = Radius.swift; sourceTree = "<group>"; };
		BDD8CABC28CF73E900668B70 /* ODSNavigationBar.swift */ = {isa = PBXFileReference; lastKnownFileType = sourcecode.swift; path = ODSNavigationBar.swift; sourceTree = "<group>"; };
		BDD8CAC428CF825800668B70 /* ODSTagView.swift */ = {isa = PBXFileReference; lastKnownFileType = sourcecode.swift; path = ODSTagView.swift; sourceTree = "<group>"; };
		BDD8CACA28CF8BA300668B70 /* ODSBasicBlockCell.swift */ = {isa = PBXFileReference; lastKnownFileType = sourcecode.swift; path = ODSBasicBlockCell.swift; sourceTree = "<group>"; };
		BDDAB6DC28D20EB400C021BC /* SectionHeaderView.swift */ = {isa = PBXFileReference; lastKnownFileType = sourcecode.swift; path = SectionHeaderView.swift; sourceTree = "<group>"; };
		BDDAB6DE28D2142400C021BC /* TodoListCell.swift */ = {isa = PBXFileReference; lastKnownFileType = sourcecode.swift; path = TodoListCell.swift; sourceTree = "<group>"; };
/* End PBXFileReference section */

/* Begin PBXFrameworksBuildPhase section */
		BD9FA4CC28CF135100E8D68B /* Frameworks */ = {
			isa = PBXFrameworksBuildPhase;
			buildActionMask = 2147483647;
			files = (
				BDD5F8B528DD9B1D003F3B03 /* WSTagsField in Frameworks */,
				BD1BBB8828EECEBA009C793F /* RxDataSources in Frameworks */,
				BD9FA52828CF171600E8D68B /* SnapKit in Frameworks */,
				BD51B1A928F54CFB005748F5 /* FirebaseMessaging in Frameworks */,
				BDD5F8C628DF318E003F3B03 /* RxCocoa in Frameworks */,
				BD9FA52E28CF17AB00E8D68B /* FSCalendar in Frameworks */,
				BD39C48E28E3DBC4007AC73C /* Realm in Frameworks */,
				BDD8CA5728CF30EC00668B70 /* OOTD_UIKit.framework in Frameworks */,
				BDD5F8BF28DE0072003F3B03 /* IQKeyboardManagerSwift in Frameworks */,
				BD51B1A528F54CFB005748F5 /* FirebaseAnalyticsWithoutAdIdSupport in Frameworks */,
				BDD8CA2D28CF1FD100668B70 /* OOTD_Core.framework in Frameworks */,
				BD51B1A728F54CFB005748F5 /* FirebaseCrashlytics in Frameworks */,
				BD39C49028E3DBC4007AC73C /* RealmSwift in Frameworks */,
				BD9FA52B28CF174B00E8D68B /* Then in Frameworks */,
				BD1BBB8028EE925C009C793F /* ReactorKit in Frameworks */,
				BDD5F8C828DF318E003F3B03 /* RxSwift in Frameworks */,
			);
			runOnlyForDeploymentPostprocessing = 0;
		};
		BDD8CA2428CF1FD100668B70 /* Frameworks */ = {
			isa = PBXFrameworksBuildPhase;
			buildActionMask = 2147483647;
			files = (
				BD1BBB8528EEC655009C793F /* RxSwift in Frameworks */,
			);
			runOnlyForDeploymentPostprocessing = 0;
		};
		BDD8CA4E28CF30EC00668B70 /* Frameworks */ = {
			isa = PBXFrameworksBuildPhase;
			buildActionMask = 2147483647;
			files = (
				BD39C49128E3EF4A007AC73C /* OOTD_Core.framework in Frameworks */,
				BDD8CAC028CF7DB500668B70 /* SnapKit in Frameworks */,
				BDD8CAC228CF7DB900668B70 /* Then in Frameworks */,
			);
			runOnlyForDeploymentPostprocessing = 0;
		};
/* End PBXFrameworksBuildPhase section */

/* Begin PBXGroup section */
		BD156FFE28D05ABC00155712 /* ODSButton */ = {
			isa = PBXGroup;
			children = (
				BD156FFF28D05ACE00155712 /* ODSButton.swift */,
			);
			path = ODSButton;
			sourceTree = "<group>";
		};
		BD19C4C228DC40F900D209A1 /* Helper */ = {
			isa = PBXGroup;
			children = (
				BD19C4C328DC411300D209A1 /* ProjectArchiveCollectionViewAdapter.swift */,
				BD19C4C828DC423900D209A1 /* ProjectArchiveSection.swift */,
			);
			path = Helper;
			sourceTree = "<group>";
		};
		BD19C4C528DC41F900D209A1 /* ViewModel */ = {
			isa = PBXGroup;
			children = (
				BDD5F8CE28DF796D003F3B03 /* ProjectArchiveItemViewModel.swift */,
				BD19C4C628DC421000D209A1 /* ProjectArchiveViewModel.swift */,
			);
			path = ViewModel;
			sourceTree = "<group>";
		};
		BD1BBB8128EE93D9009C793F /* ViewModel */ = {
			isa = PBXGroup;
			children = (
				BD1BBB8228EE9442009C793F /* SettingViewReactor.swift */,
				BD1BBB8C28EED138009C793F /* SettingItemCellReactor.swift */,
			);
			path = ViewModel;
			sourceTree = "<group>";
		};
		BD1BBB8928EECF3F009C793F /* Section */ = {
			isa = PBXGroup;
			children = (
				BD489F9C28E491EA00338427 /* LicenseViewSection.swift */,
				BD1BBB8A28EECF4A009C793F /* SettingViewSection.swift */,
			);
			path = Section;
			sourceTree = "<group>";
		};
		BD39C48728E31DC8007AC73C /* Common */ = {
			isa = PBXGroup;
			children = (
				BDDAB6DC28D20EB400C021BC /* SectionHeaderView.swift */,
			);
			path = Common;
			sourceTree = "<group>";
		};
		BD39C48828E37510007AC73C /* Splash */ = {
			isa = PBXGroup;
			children = (
				BD39C48928E3751C007AC73C /* View */,
			);
			path = Splash;
			sourceTree = "<group>";
		};
		BD39C48928E3751C007AC73C /* View */ = {
			isa = PBXGroup;
			children = (
				BD39C48A28E37522007AC73C /* SplashViewController.swift */,
			);
			path = View;
			sourceTree = "<group>";
		};
		BD5C0AE928E20E7600E1BBCC /* Network */ = {
			isa = PBXGroup;
			children = (
				BD5C0AFF28E2116300E1BBCC /* Manager */,
				BD5C0AFC28E210EB00E1BBCC /* EndPoint */,
				BD5C0AEA28E20EA600E1BBCC /* Foundation */,
			);
			path = Network;
			sourceTree = "<group>";
		};
		BD5C0AEA28E20EA600E1BBCC /* Foundation */ = {
			isa = PBXGroup;
			children = (
				BD5C0AEB28E20EC300E1BBCC /* APIEnvironment.swift */,
				BD5C0AED28E20F1200E1BBCC /* APIError.swift */,
				BD5C0AEF28E20F3800E1BBCC /* APIManager.swift */,
				BD5C0AF128E20F6A00E1BBCC /* HTTPMethod.swift */,
				BD5C0AF328E20F9D00E1BBCC /* NetworkRequest.swift */,
				BD5C0AF528E20FD900E1BBCC /* EndPoint.swift */,
			);
			path = Foundation;
			sourceTree = "<group>";
		};
		BD5C0AF728E2100D00E1BBCC /* DTO */ = {
			isa = PBXGroup;
			children = (
				BD5C0AF828E2102000E1BBCC /* UserDTO.swift */,
				BD5C0B0228E2245B00E1BBCC /* RepoDTO.swift */,
				BD5C0B0428E226DC00E1BBCC /* EventDTO.swift */,
			);
			path = DTO;
			sourceTree = "<group>";
		};
		BD5C0AFC28E210EB00E1BBCC /* EndPoint */ = {
			isa = PBXGroup;
			children = (
				BD5C0AFD28E2110000E1BBCC /* GitHubEndPoint.swift */,
			);
			path = EndPoint;
			sourceTree = "<group>";
		};
		BD5C0AFF28E2116300E1BBCC /* Manager */ = {
			isa = PBXGroup;
			children = (
				BD5C0B0028E2117100E1BBCC /* GitHubManager.swift */,
			);
			path = Manager;
			sourceTree = "<group>";
		};
		BD621A3028DC3A4A008CFBB8 /* Project Archive */ = {
			isa = PBXGroup;
			children = (
				BD19C4C228DC40F900D209A1 /* Helper */,
				BD19C4C528DC41F900D209A1 /* ViewModel */,
				BD621A3128DC3A5F008CFBB8 /* View */,
			);
			path = "Project Archive";
			sourceTree = "<group>";
		};
		BD621A3128DC3A5F008CFBB8 /* View */ = {
			isa = PBXGroup;
			children = (
				BD19C4CC28DC4E6500D209A1 /* LogoCell.swift */,
				BD19C4CA28DC4E1800D209A1 /* MemoCell.swift */,
				BD19C4CE28DC569800D209A1 /* PeriodCell.swift */,
				BD621A3228DC3A6E008CFBB8 /* ProjectArchiveView.swift */,
				BD621A2E28DC39DC008CFBB8 /* ProjectArchiveViewController.swift */,
				BDD5F8B628DD9E81003F3B03 /* TagFieldCell.swift */,
			);
			path = View;
			sourceTree = "<group>";
		};
		BD70EB0028D8A8990063DE18 /* Entity */ = {
			isa = PBXGroup;
			children = (
				BDD5F8C228DE14E7003F3B03 /* StorableProject.swift */,
				BD70EB0A28D8AC5D0063DE18 /* StorableTodo.swift */,
				BDD5F8C028DE14CF003F3B03 /* Project.swift */,
				BD70EB0828D8AC4F0063DE18 /* Todo.swift */,
			);
			path = Entity;
			sourceTree = "<group>";
		};
		BD70EB0128D8A9B90063DE18 /* Interface */ = {
			isa = PBXGroup;
			children = (
				BD70EB0428D8AAC80063DE18 /* Entity.swift */,
				BD70EB0628D8AB4D0063DE18 /* Repository.swift */,
			);
			path = Interface;
			sourceTree = "<group>";
		};
		BD70EB0C28D8B2750063DE18 /* Repository */ = {
			isa = PBXGroup;
			children = (
				BD70EB0D28D8B2800063DE18 /* StorageRepository.swift */,
			);
			path = Repository;
			sourceTree = "<group>";
		};
		BD70EB1128D985050063DE18 /* TodoBottomSheet */ = {
			isa = PBXGroup;
			children = (
				BDB2016728D9CB12003FF3A3 /* Helper */,
				BDB2016428D9C935003FF3A3 /* ViewModel */,
				BD70EB1228D9851E0063DE18 /* View */,
			);
			path = TodoBottomSheet;
			sourceTree = "<group>";
		};
		BD70EB1228D9851E0063DE18 /* View */ = {
			isa = PBXGroup;
			children = (
				BD8B408C28D46C7100A4E810 /* InputCell.swift */,
				BD8B408728D4558E00A4E810 /* PriorityCell.swift */,
				BD8B408E28D472A300A4E810 /* ProjectCategoryCell.swift */,
				BD92EFA828D3777C000C4A4F /* TodoBottomSheetViewController.swift */,
			);
			path = View;
			sourceTree = "<group>";
		};
		BD70EB1328D988230063DE18 /* ViewModel */ = {
			isa = PBXGroup;
			children = (
				BD70EB1428D988A80063DE18 /* TodoListViewModel.swift */,
			);
			path = ViewModel;
			sourceTree = "<group>";
		};
		BD9FA4C628CF135100E8D68B = {
			isa = PBXGroup;
			children = (
				BD9FA53428CF1AB800E8D68B /* .swiftlint.yml */,
				BD9FA4D128CF135100E8D68B /* OOTD */,
				BDD8CA2828CF1FD100668B70 /* OOTD-Core */,
				BDD8CA5228CF30EC00668B70 /* OOTD-UIKit */,
				BD9FA4D028CF135100E8D68B /* Products */,
				BDD8CABE28CF7DB500668B70 /* Frameworks */,
			);
			sourceTree = "<group>";
		};
		BD9FA4D028CF135100E8D68B /* Products */ = {
			isa = PBXGroup;
			children = (
				BD9FA4CF28CF135100E8D68B /* OOTD.app */,
				BDD8CA2728CF1FD100668B70 /* OOTD_Core.framework */,
				BDD8CA5128CF30EC00668B70 /* OOTD_UIKit.framework */,
			);
			name = Products;
			sourceTree = "<group>";
		};
		BD9FA4D128CF135100E8D68B /* OOTD */ = {
			isa = PBXGroup;
			children = (
				BD51B1AA28F55370005748F5 /* OOTD.entitlements */,
				BD9FA4E028CF135600E8D68B /* Info.plist */,
				BD51B1A128F54C51005748F5 /* GoogleService-Info.plist */,
				BD9FA50228CF13E000E8D68B /* Application */,
				BD9FA52328CF16D300E8D68B /* Common */,
				BD9FA50528CF14A400E8D68B /* Data */,
				BD9FA50628CF14D500E8D68B /* Domain */,
				BD5C0AE928E20E7600E1BBCC /* Network */,
				BD9FA50428CF145700E8D68B /* Presentation */,
				BD9FA50328CF143B00E8D68B /* Resources */,
			);
			path = OOTD;
			sourceTree = "<group>";
		};
		BD9FA50228CF13E000E8D68B /* Application */ = {
			isa = PBXGroup;
			children = (
				BD9FA4D228CF135100E8D68B /* AppDelegate.swift */,
				BD9FA4D428CF135100E8D68B /* SceneDelegate.swift */,
			);
			path = Application;
			sourceTree = "<group>";
		};
		BD9FA50328CF143B00E8D68B /* Resources */ = {
			isa = PBXGroup;
			children = (
				BD9FA4DB28CF135600E8D68B /* Assets.xcassets */,
				BD9FA4DD28CF135600E8D68B /* LaunchScreen.storyboard */,
			);
			path = Resources;
			sourceTree = "<group>";
		};
		BD9FA50428CF145700E8D68B /* Presentation */ = {
			isa = PBXGroup;
			children = (
				BD39C48728E31DC8007AC73C /* Common */,
				BD9FA50B28CF151B00E8D68B /* GitHub */,
				BD9FA50928CF14F300E8D68B /* Project */,
				BD621A3028DC3A4A008CFBB8 /* Project Archive */,
				BD9FA50A28CF14F500E8D68B /* Setting */,
				BD39C48828E37510007AC73C /* Splash */,
				BD9FA50728CF14EB00E8D68B /* TabBar */,
				BD70EB1128D985050063DE18 /* TodoBottomSheet */,
				BD9FA50828CF14EE00E8D68B /* TodoList */,
			);
			path = Presentation;
			sourceTree = "<group>";
		};
		BD9FA50528CF14A400E8D68B /* Data */ = {
			isa = PBXGroup;
			children = (
				BD5C0AF728E2100D00E1BBCC /* DTO */,
			);
			path = Data;
			sourceTree = "<group>";
		};
		BD9FA50628CF14D500E8D68B /* Domain */ = {
			isa = PBXGroup;
			children = (
				BD70EB0C28D8B2750063DE18 /* Repository */,
				BD70EB0128D8A9B90063DE18 /* Interface */,
				BD70EB0028D8A8990063DE18 /* Entity */,
			);
			path = Domain;
			sourceTree = "<group>";
		};
		BD9FA50728CF14EB00E8D68B /* TabBar */ = {
			isa = PBXGroup;
			children = (
				BD9FA50F28CF154C00E8D68B /* View */,
			);
			path = TabBar;
			sourceTree = "<group>";
		};
		BD9FA50828CF14EE00E8D68B /* TodoList */ = {
			isa = PBXGroup;
			children = (
				BDB2016328D9C883003FF3A3 /* Helper */,
				BD70EB1328D988230063DE18 /* ViewModel */,
				BD9FA51028CF154D00E8D68B /* View */,
			);
			path = TodoList;
			sourceTree = "<group>";
		};
		BD9FA50928CF14F300E8D68B /* Project */ = {
			isa = PBXGroup;
			children = (
				BDD5F8C928DF31A8003F3B03 /* ViewModel */,
				BD9FA50D28CF154900E8D68B /* View */,
			);
			path = Project;
			sourceTree = "<group>";
		};
		BD9FA50A28CF14F500E8D68B /* Setting */ = {
			isa = PBXGroup;
			children = (
				BD1BBB8928EECF3F009C793F /* Section */,
				BD9FA50E28CF154A00E8D68B /* View */,
				BD1BBB8128EE93D9009C793F /* ViewModel */,
			);
			path = Setting;
			sourceTree = "<group>";
		};
		BD9FA50B28CF151B00E8D68B /* GitHub */ = {
			isa = PBXGroup;
			children = (
				BD9FA50C28CF153500E8D68B /* View */,
			);
			path = GitHub;
			sourceTree = "<group>";
		};
		BD9FA50C28CF153500E8D68B /* View */ = {
			isa = PBXGroup;
			children = (
				BD9FA51728CF160E00E8D68B /* GitHubRegistrationViewController.swift */,
			);
			path = View;
			sourceTree = "<group>";
		};
		BD9FA50D28CF154900E8D68B /* View */ = {
			isa = PBXGroup;
			children = (
				BD70EABF28D81FCC0063DE18 /* ProjectListCell.swift */,
				BDD5F8BB28DDFA0C003F3B03 /* ProjectListEmptyView.swift */,
				BD70EABD28D81C8A0063DE18 /* ProjectView.swift */,
				BD9FA51928CF161B00E8D68B /* ProjectViewController.swift */,
			);
			path = View;
			sourceTree = "<group>";
		};
		BD9FA50E28CF154A00E8D68B /* View */ = {
			isa = PBXGroup;
			children = (
				BD489F9A28E4917300338427 /* LicenseView.swift */,
				BD489F9828E4916100338427 /* LicenseViewController.swift */,
				BD489F9E28E4992800338427 /* ProfileView.swift */,
				BD19225D28DC9F0100726ECF /* SettingItemCell.swift */,
				BD19225628DC99C900726ECF /* SettingView.swift */,
				BD9FA51B28CF162500E8D68B /* SettingViewController.swift */,
				BDD2A48128E5AECD00AAB92D /* TokenViewController.swift */,
			);
			path = View;
			sourceTree = "<group>";
		};
		BD9FA50F28CF154C00E8D68B /* View */ = {
			isa = PBXGroup;
			children = (
				BD9FA51D28CF162F00E8D68B /* TabBarController.swift */,
				BDB65B9328D0BE8100679C02 /* TabBarItem.swift */,
			);
			path = View;
			sourceTree = "<group>";
		};
		BD9FA51028CF154D00E8D68B /* View */ = {
			isa = PBXGroup;
			children = (
				BDDAB6DE28D2142400C021BC /* TodoListCell.swift */,
				BDB65B9528D1ADBE00679C02 /* TodoListHeaderView.swift */,
				BD9FA51128CF156800E8D68B /* TodoListViewController.swift */,
			);
			path = View;
			sourceTree = "<group>";
		};
		BD9FA52328CF16D300E8D68B /* Common */ = {
			isa = PBXGroup;
			children = (
				BDB2016128D99F16003FF3A3 /* ObservableHelper.swift */,
			);
			path = Common;
			sourceTree = "<group>";
		};
		BDB2016328D9C883003FF3A3 /* Helper */ = {
			isa = PBXGroup;
			children = (
				BD70EB1628D9890C0063DE18 /* TodoListCollectionViewAdapter.swift */,
				BD621A2C28DB764E008CFBB8 /* Priority.swift */,
				BD39C49828E46A08007AC73C /* CommitRange.swift */,
				BD39C49A28E46A1B007AC73C /* TodoRange.swift */,
			);
			path = Helper;
			sourceTree = "<group>";
		};
		BDB2016428D9C935003FF3A3 /* ViewModel */ = {
			isa = PBXGroup;
			children = (
				BDB2016528D9C94C003FF3A3 /* TodoBottomSheetViewModel.swift */,
			);
			path = ViewModel;
			sourceTree = "<group>";
		};
		BDB2016728D9CB12003FF3A3 /* Helper */ = {
			isa = PBXGroup;
			children = (
				BDB2016828D9CB26003FF3A3 /* TodoBottomSheetCollectionViewAdapter.swift */,
				BDB2016A28D9CBC5003FF3A3 /* TodoBottomSheetSection.swift */,
				BD621A2628DA15C5008CFBB8 /* TodoBottomSheetState.swift */,
			);
			path = Helper;
			sourceTree = "<group>";
		};
		BDB65B8B28D0799100679C02 /* ODSTextField */ = {
			isa = PBXGroup;
			children = (
				BDB65B8C28D079A100679C02 /* ODSTextField.swift */,
			);
			path = ODSTextField;
			sourceTree = "<group>";
		};
		BDB65B8E28D0B5AC00679C02 /* Preview */ = {
			isa = PBXGroup;
			children = (
				BDB65B8F28D0B5BC00679C02 /* Device.swift */,
				BDB65B9128D0B6B200679C02 /* PreviewProvider.swift */,
			);
			path = Preview;
			sourceTree = "<group>";
		};
		BDD5F8C928DF31A8003F3B03 /* ViewModel */ = {
			isa = PBXGroup;
			children = (
				BDD5F8CA28DF336E003F3B03 /* ProjectListViewModel.swift */,
			);
			path = ViewModel;
			sourceTree = "<group>";
		};
		BDD5F90C28E1A0F4003F3B03 /* ODSDatePickerViewController */ = {
			isa = PBXGroup;
			children = (
				BDD5F90D28E1A10A003F3B03 /* ODSDatePickerViewController.swift */,
			);
			path = ODSDatePickerViewController;
			sourceTree = "<group>";
		};
		BDD8CA2828CF1FD100668B70 /* OOTD-Core */ = {
			isa = PBXGroup;
			children = (
				BDD8CA2928CF1FD100668B70 /* OOTD_Core.h */,
				BDD8CA3528CF202600668B70 /* Base */,
				BDD8CA4728CF29F200668B70 /* Foundation+ */,
				BDD8CA3628CF203600668B70 /* Protocol */,
				BDD8CA3428CF202200668B70 /* UIKit+ */,
			);
			path = "OOTD-Core";
			sourceTree = "<group>";
		};
		BDD8CA3428CF202200668B70 /* UIKit+ */ = {
			isa = PBXGroup;
			children = (
				BDD8CA4528CF291900668B70 /* Adjusted+.swift */,
				BD39C48428E31166007AC73C /* UICollectionView+.swift */,
				BDD8CA4128CF21B800668B70 /* UIStackView+.swift */,
				BDD8CA3F28CF219F00668B70 /* UIView+.swift */,
				BD621A2828DAC5C6008CFBB8 /* UIViewController+.swift */,
			);
			path = "UIKit+";
			sourceTree = "<group>";
		};
		BDD8CA3528CF202600668B70 /* Base */ = {
			isa = PBXGroup;
			children = (
				BD621A2A28DB62C8008CFBB8 /* BaseCollectionReusableView.swift */,
				BD92EF9928D2CBF0000C4A4F /* BaseCollectionView.swift */,
				BDD8CA3B28CF20B700668B70 /* BaseCollectionViewCell.swift */,
				BDD8CA3728CF207000668B70 /* BaseView.swift */,
				BDD8CA3928CF208700668B70 /* BaseViewController.swift */,
			);
			path = Base;
			sourceTree = "<group>";
		};
		BDD8CA3628CF203600668B70 /* Protocol */ = {
			isa = PBXGroup;
			children = (
				BDD8CA3D28CF20E700668B70 /* Reusable.swift */,
			);
			path = Protocol;
			sourceTree = "<group>";
		};
		BDD8CA4728CF29F200668B70 /* Foundation+ */ = {
			isa = PBXGroup;
			children = (
				BDD8CA4828CF29FE00668B70 /* Collection+.swift */,
			);
			path = "Foundation+";
			sourceTree = "<group>";
		};
		BDD8CA5228CF30EC00668B70 /* OOTD-UIKit */ = {
			isa = PBXGroup;
			children = (
				BDD8CA5328CF30EC00668B70 /* OOTD_UIKit.h */,
				BDD8CA9D28CF3D5100668B70 /* ODSBundle.swift */,
				BDD8CAAA28CF49DA00668B70 /* Colors */,
				BDD8CA9F28CF40D600668B70 /* Fonts */,
				BDD8CA9A28CF37DC00668B70 /* Images */,
				BDD8CAB628CF4E5200668B70 /* Metric */,
				BDD8CAC928CF8B8C00668B70 /* ODSBasicBlockCell */,
				BD156FFE28D05ABC00155712 /* ODSButton */,
				BDD5F90C28E1A0F4003F3B03 /* ODSDatePickerViewController */,
				BDD8CABB28CF73A400668B70 /* ODSNavigationBar */,
				BDD8CAC328CF824800668B70 /* ODSTagView */,
				BDB65B8B28D0799100679C02 /* ODSTextField */,
				BDB65B8E28D0B5AC00679C02 /* Preview */,
			);
			path = "OOTD-UIKit";
			sourceTree = "<group>";
		};
		BDD8CA9A28CF37DC00668B70 /* Images */ = {
			isa = PBXGroup;
			children = (
				BDD8CA9828CF378700668B70 /* Images.xcassets */,
				BDD8CA9B28CF37E800668B70 /* UIImage+.swift */,
			);
			path = Images;
			sourceTree = "<group>";
		};
		BDD8CA9F28CF40D600668B70 /* Fonts */ = {
			isa = PBXGroup;
			children = (
				BDD8CAA828CF41A600668B70 /* Font.swift */,
				BDD8CAA328CF415900668B70 /* Pretendard-Bold.ttf */,
				BDD8CAA128CF415900668B70 /* Pretendard-Medium.ttf */,
				BDD8CAA228CF415900668B70 /* Pretendard-Regular.ttf */,
				BDD8CAA028CF415900668B70 /* Pretendard-SemiBold.ttf */,
			);
			path = Fonts;
			sourceTree = "<group>";
		};
		BDD8CAAA28CF49DA00668B70 /* Colors */ = {
			isa = PBXGroup;
			children = (
				BDD8CAAD28CF4A5200668B70 /* UIColor+.swift */,
			);
			path = Colors;
			sourceTree = "<group>";
		};
		BDD8CAB628CF4E5200668B70 /* Metric */ = {
			isa = PBXGroup;
			children = (
				BDD8CAB728CF4E5A00668B70 /* Spacing.swift */,
				BDD8CAB928CF4E9F00668B70 /* Radius.swift */,
			);
			path = Metric;
			sourceTree = "<group>";
		};
		BDD8CABB28CF73A400668B70 /* ODSNavigationBar */ = {
			isa = PBXGroup;
			children = (
				BDD8CABC28CF73E900668B70 /* ODSNavigationBar.swift */,
			);
			path = ODSNavigationBar;
			sourceTree = "<group>";
		};
		BDD8CABE28CF7DB500668B70 /* Frameworks */ = {
			isa = PBXGroup;
			children = (
			);
			name = Frameworks;
			sourceTree = "<group>";
		};
		BDD8CAC328CF824800668B70 /* ODSTagView */ = {
			isa = PBXGroup;
			children = (
				BDD8CAC428CF825800668B70 /* ODSTagView.swift */,
			);
			path = ODSTagView;
			sourceTree = "<group>";
		};
		BDD8CAC928CF8B8C00668B70 /* ODSBasicBlockCell */ = {
			isa = PBXGroup;
			children = (
				BDD8CACA28CF8BA300668B70 /* ODSBasicBlockCell.swift */,
			);
			path = ODSBasicBlockCell;
			sourceTree = "<group>";
		};
/* End PBXGroup section */

/* Begin PBXHeadersBuildPhase section */
		BDD8CA2228CF1FD100668B70 /* Headers */ = {
			isa = PBXHeadersBuildPhase;
			buildActionMask = 2147483647;
			files = (
				BDD8CA2A28CF1FD100668B70 /* OOTD_Core.h in Headers */,
			);
			runOnlyForDeploymentPostprocessing = 0;
		};
		BDD8CA4C28CF30EC00668B70 /* Headers */ = {
			isa = PBXHeadersBuildPhase;
			buildActionMask = 2147483647;
			files = (
				BDD8CA5428CF30EC00668B70 /* OOTD_UIKit.h in Headers */,
			);
			runOnlyForDeploymentPostprocessing = 0;
		};
/* End PBXHeadersBuildPhase section */

/* Begin PBXNativeTarget section */
		BD9FA4CE28CF135100E8D68B /* OOTD */ = {
			isa = PBXNativeTarget;
			buildConfigurationList = BD9FA4F928CF135600E8D68B /* Build configuration list for PBXNativeTarget "OOTD" */;
			buildPhases = (
				BD9FA53628CF1C5E00E8D68B /* SwiftLint */,
				BD9FA4CB28CF135100E8D68B /* Sources */,
				BD9FA4CC28CF135100E8D68B /* Frameworks */,
				BD9FA4CD28CF135100E8D68B /* Resources */,
				BDD8CA2E28CF1FD100668B70 /* Embed Frameworks */,
			);
			buildRules = (
			);
			dependencies = (
				BDD8CA2C28CF1FD100668B70 /* PBXTargetDependency */,
				BDD8CA5628CF30EC00668B70 /* PBXTargetDependency */,
			);
			name = OOTD;
			packageProductDependencies = (
				BD9FA52728CF171600E8D68B /* SnapKit */,
				BD9FA52A28CF174B00E8D68B /* Then */,
				BD9FA52D28CF17AB00E8D68B /* FSCalendar */,
				BDD5F8B428DD9B1D003F3B03 /* WSTagsField */,
				BDD5F8BE28DE0072003F3B03 /* IQKeyboardManagerSwift */,
				BDD5F8C528DF318E003F3B03 /* RxCocoa */,
				BDD5F8C728DF318E003F3B03 /* RxSwift */,
				BD39C48D28E3DBC4007AC73C /* Realm */,
				BD39C48F28E3DBC4007AC73C /* RealmSwift */,
				BD1BBB7F28EE925C009C793F /* ReactorKit */,
				BD1BBB8728EECEBA009C793F /* RxDataSources */,
				BD51B1A428F54CFB005748F5 /* FirebaseAnalyticsWithoutAdIdSupport */,
				BD51B1A628F54CFB005748F5 /* FirebaseCrashlytics */,
				BD51B1A828F54CFB005748F5 /* FirebaseMessaging */,
			);
			productName = OOTD;
			productReference = BD9FA4CF28CF135100E8D68B /* OOTD.app */;
			productType = "com.apple.product-type.application";
		};
		BDD8CA2628CF1FD100668B70 /* OOTD-Core */ = {
			isa = PBXNativeTarget;
			buildConfigurationList = BDD8CA3228CF1FD100668B70 /* Build configuration list for PBXNativeTarget "OOTD-Core" */;
			buildPhases = (
				BDD8CA2228CF1FD100668B70 /* Headers */,
				BDD8CA2328CF1FD100668B70 /* Sources */,
				BDD8CA2428CF1FD100668B70 /* Frameworks */,
				BDD8CA2528CF1FD100668B70 /* Resources */,
			);
			buildRules = (
			);
			dependencies = (
			);
			name = "OOTD-Core";
			packageProductDependencies = (
				BD1BBB8428EEC655009C793F /* RxSwift */,
			);
			productName = "OOTD-Core";
			productReference = BDD8CA2728CF1FD100668B70 /* OOTD_Core.framework */;
			productType = "com.apple.product-type.framework";
		};
		BDD8CA5028CF30EC00668B70 /* OOTD-UIKit */ = {
			isa = PBXNativeTarget;
			buildConfigurationList = BDD8CA5B28CF30EC00668B70 /* Build configuration list for PBXNativeTarget "OOTD-UIKit" */;
			buildPhases = (
				BDD8CA4C28CF30EC00668B70 /* Headers */,
				BDD8CA4D28CF30EC00668B70 /* Sources */,
				BDD8CA4E28CF30EC00668B70 /* Frameworks */,
				BDD8CA4F28CF30EC00668B70 /* Resources */,
			);
			buildRules = (
			);
			dependencies = (
				BDB65B8928D0713E00679C02 /* PBXTargetDependency */,
			);
			name = "OOTD-UIKit";
			packageProductDependencies = (
				BDD8CABF28CF7DB500668B70 /* SnapKit */,
				BDD8CAC128CF7DB900668B70 /* Then */,
			);
			productName = "OOTD-UIKit";
			productReference = BDD8CA5128CF30EC00668B70 /* OOTD_UIKit.framework */;
			productType = "com.apple.product-type.framework";
		};
/* End PBXNativeTarget section */

/* Begin PBXProject section */
		BD9FA4C728CF135100E8D68B /* Project object */ = {
			isa = PBXProject;
			attributes = {
				BuildIndependentTargetsInParallel = 1;
				LastSwiftUpdateCheck = 1340;
				LastUpgradeCheck = 1340;
				TargetAttributes = {
					BD9FA4CE28CF135100E8D68B = {
						CreatedOnToolsVersion = 13.4.1;
					};
					BDD8CA2628CF1FD100668B70 = {
						CreatedOnToolsVersion = 13.4.1;
						LastSwiftMigration = 1340;
					};
					BDD8CA5028CF30EC00668B70 = {
						CreatedOnToolsVersion = 13.4.1;
						LastSwiftMigration = 1340;
					};
				};
			};
			buildConfigurationList = BD9FA4CA28CF135100E8D68B /* Build configuration list for PBXProject "OOTD" */;
			compatibilityVersion = "Xcode 13.0";
			developmentRegion = en;
			hasScannedForEncodings = 0;
			knownRegions = (
				en,
				Base,
			);
			mainGroup = BD9FA4C628CF135100E8D68B;
			packageReferences = (
				BD9FA52628CF171600E8D68B /* XCRemoteSwiftPackageReference "SnapKit" */,
				BD9FA52928CF174B00E8D68B /* XCRemoteSwiftPackageReference "Then" */,
				BD9FA52C28CF17AB00E8D68B /* XCRemoteSwiftPackageReference "FSCalendar" */,
				BDD5F8B328DD9B1D003F3B03 /* XCRemoteSwiftPackageReference "WSTagsField" */,
				BDD5F8BD28DE0072003F3B03 /* XCRemoteSwiftPackageReference "IQKeyboardManager" */,
				BDD5F8C428DF318D003F3B03 /* XCRemoteSwiftPackageReference "RxSwift" */,
				BD39C48C28E3DBC4007AC73C /* XCRemoteSwiftPackageReference "realm-swift" */,
				BD1BBB7E28EE925C009C793F /* XCRemoteSwiftPackageReference "ReactorKit" */,
				BD1BBB8628EECEBA009C793F /* XCRemoteSwiftPackageReference "RxDataSources" */,
				BD51B1A328F54CFB005748F5 /* XCRemoteSwiftPackageReference "firebase-ios-sdk" */,
			);
			productRefGroup = BD9FA4D028CF135100E8D68B /* Products */;
			projectDirPath = "";
			projectRoot = "";
			targets = (
				BD9FA4CE28CF135100E8D68B /* OOTD */,
				BDD8CA2628CF1FD100668B70 /* OOTD-Core */,
				BDD8CA5028CF30EC00668B70 /* OOTD-UIKit */,
			);
		};
/* End PBXProject section */

/* Begin PBXResourcesBuildPhase section */
		BD9FA4CD28CF135100E8D68B /* Resources */ = {
			isa = PBXResourcesBuildPhase;
			buildActionMask = 2147483647;
			files = (
				BD51B1A228F54C51005748F5 /* GoogleService-Info.plist in Resources */,
				BD9FA53528CF1AB800E8D68B /* .swiftlint.yml in Resources */,
				BD9FA4DF28CF135600E8D68B /* LaunchScreen.storyboard in Resources */,
				BD9FA4DC28CF135600E8D68B /* Assets.xcassets in Resources */,
			);
			runOnlyForDeploymentPostprocessing = 0;
		};
		BDD8CA2528CF1FD100668B70 /* Resources */ = {
			isa = PBXResourcesBuildPhase;
			buildActionMask = 2147483647;
			files = (
			);
			runOnlyForDeploymentPostprocessing = 0;
		};
		BDD8CA4F28CF30EC00668B70 /* Resources */ = {
			isa = PBXResourcesBuildPhase;
			buildActionMask = 2147483647;
			files = (
				BDD8CAA428CF415900668B70 /* Pretendard-SemiBold.ttf in Resources */,
				BDD8CAA728CF415900668B70 /* Pretendard-Bold.ttf in Resources */,
				BDD8CA9928CF378700668B70 /* Images.xcassets in Resources */,
				BDD8CAA628CF415900668B70 /* Pretendard-Regular.ttf in Resources */,
				BDD8CAA528CF415900668B70 /* Pretendard-Medium.ttf in Resources */,
			);
			runOnlyForDeploymentPostprocessing = 0;
		};
/* End PBXResourcesBuildPhase section */

/* Begin PBXShellScriptBuildPhase section */
		BD9FA53628CF1C5E00E8D68B /* SwiftLint */ = {
			isa = PBXShellScriptBuildPhase;
			alwaysOutOfDate = 1;
			buildActionMask = 2147483647;
			files = (
			);
			inputFileListPaths = (
			);
			inputPaths = (
			);
			name = SwiftLint;
			outputFileListPaths = (
			);
			outputPaths = (
			);
			runOnlyForDeploymentPostprocessing = 0;
			shellPath = /bin/sh;
			shellScript = "export PATH=\"$PATH:/opt/homebrew/bin\"\n\nif which swiftlint > /dev/null; then\n  swiftlint\nelse\n  echo \"warning: SwiftLint not installed, download from https://github.com/realm/SwiftLint\"\nfi\n";
		};
/* End PBXShellScriptBuildPhase section */

/* Begin PBXSourcesBuildPhase section */
		BD9FA4CB28CF135100E8D68B /* Sources */ = {
			isa = PBXSourcesBuildPhase;
			buildActionMask = 2147483647;
			files = (
				BDD5F8CF28DF796D003F3B03 /* ProjectArchiveItemViewModel.swift in Sources */,
				BD19C4C928DC423900D209A1 /* ProjectArchiveSection.swift in Sources */,
				BD5C0B0528E226DC00E1BBCC /* EventDTO.swift in Sources */,
				BD19C4C728DC421000D209A1 /* ProjectArchiveViewModel.swift in Sources */,
				BD5C0AF928E2102000E1BBCC /* UserDTO.swift in Sources */,
				BDB2016628D9C94C003FF3A3 /* TodoBottomSheetViewModel.swift in Sources */,
				BD39C48B28E37522007AC73C /* SplashViewController.swift in Sources */,
				BD92EFA928D3777C000C4A4F /* TodoBottomSheetViewController.swift in Sources */,
				BD5C0B0328E2245B00E1BBCC /* RepoDTO.swift in Sources */,
				BD19C4C428DC411300D209A1 /* ProjectArchiveCollectionViewAdapter.swift in Sources */,
				BD9FA51E28CF162F00E8D68B /* TabBarController.swift in Sources */,
				BDB2016928D9CB26003FF3A3 /* TodoBottomSheetCollectionViewAdapter.swift in Sources */,
				BDD5F8C128DE14CF003F3B03 /* Project.swift in Sources */,
				BD9FA4D328CF135100E8D68B /* AppDelegate.swift in Sources */,
				BDB65B9428D0BE8100679C02 /* TabBarItem.swift in Sources */,
				BD5C0AF628E20FD900E1BBCC /* EndPoint.swift in Sources */,
				BD5C0AF028E20F3800E1BBCC /* APIManager.swift in Sources */,
				BD19C4CD28DC4E6500D209A1 /* LogoCell.swift in Sources */,
				BD70EB0E28D8B2800063DE18 /* StorageRepository.swift in Sources */,
				BD70EABE28D81C8A0063DE18 /* ProjectView.swift in Sources */,
				BD621A2F28DC39DC008CFBB8 /* ProjectArchiveViewController.swift in Sources */,
				BDB2016B28D9CBC5003FF3A3 /* TodoBottomSheetSection.swift in Sources */,
				BD9FA51A28CF161B00E8D68B /* ProjectViewController.swift in Sources */,
				BDDAB6DD28D20EB400C021BC /* SectionHeaderView.swift in Sources */,
				BDD5F8C328DE14E7003F3B03 /* StorableProject.swift in Sources */,
				BD39C49928E46A08007AC73C /* CommitRange.swift in Sources */,
				BD489F9F28E4992800338427 /* ProfileView.swift in Sources */,
				BD621A2D28DB764E008CFBB8 /* Priority.swift in Sources */,
				BD39C49B28E46A1B007AC73C /* TodoRange.swift in Sources */,
				BDB65B9628D1ADBE00679C02 /* TodoListHeaderView.swift in Sources */,
				BD5C0AEE28E20F1200E1BBCC /* APIError.swift in Sources */,
				BD489F9B28E4917300338427 /* LicenseView.swift in Sources */,
				BD1BBB8B28EECF4A009C793F /* SettingViewSection.swift in Sources */,
				BD8B408F28D472A300A4E810 /* ProjectCategoryCell.swift in Sources */,
				BD70EB0928D8AC4F0063DE18 /* Todo.swift in Sources */,
				BD19225728DC99C900726ECF /* SettingView.swift in Sources */,
				BDB2016228D99F16003FF3A3 /* ObservableHelper.swift in Sources */,
				BD19C4CF28DC569800D209A1 /* PeriodCell.swift in Sources */,
				BD621A2728DA15C5008CFBB8 /* TodoBottomSheetState.swift in Sources */,
				BD1BBB8D28EED138009C793F /* SettingItemCellReactor.swift in Sources */,
				BDDAB6DF28D2142400C021BC /* TodoListCell.swift in Sources */,
				BD1BBB8328EE9442009C793F /* SettingViewReactor.swift in Sources */,
				BD8B408D28D46C7100A4E810 /* InputCell.swift in Sources */,
				BD8B408828D4558E00A4E810 /* PriorityCell.swift in Sources */,
				BD5C0B0128E2117100E1BBCC /* GitHubManager.swift in Sources */,
				BDD5F8B728DD9E81003F3B03 /* TagFieldCell.swift in Sources */,
				BD489F9D28E491EA00338427 /* LicenseViewSection.swift in Sources */,
				BD70EB1728D9890C0063DE18 /* TodoListCollectionViewAdapter.swift in Sources */,
				BD5C0AF228E20F6A00E1BBCC /* HTTPMethod.swift in Sources */,
				BD489F9928E4916100338427 /* LicenseViewController.swift in Sources */,
				BDD2A48228E5AECD00AAB92D /* TokenViewController.swift in Sources */,
				BD5C0AF428E20F9D00E1BBCC /* NetworkRequest.swift in Sources */,
				BD19C4CB28DC4E1800D209A1 /* MemoCell.swift in Sources */,
				BD70EB0728D8AB4D0063DE18 /* Repository.swift in Sources */,
				BD19225E28DC9F0100726ECF /* SettingItemCell.swift in Sources */,
				BD9FA51828CF160E00E8D68B /* GitHubRegistrationViewController.swift in Sources */,
				BD9FA51228CF156800E8D68B /* TodoListViewController.swift in Sources */,
				BD70EB0528D8AAC80063DE18 /* Entity.swift in Sources */,
				BDD5F8CB28DF336E003F3B03 /* ProjectListViewModel.swift in Sources */,
				BD621A3328DC3A6E008CFBB8 /* ProjectArchiveView.swift in Sources */,
				BDD5F8BC28DDFA0C003F3B03 /* ProjectListEmptyView.swift in Sources */,
				BD9FA51C28CF162500E8D68B /* SettingViewController.swift in Sources */,
				BD5C0AEC28E20EC300E1BBCC /* APIEnvironment.swift in Sources */,
				BD5C0AFE28E2110000E1BBCC /* GitHubEndPoint.swift in Sources */,
				BD70EB0B28D8AC5D0063DE18 /* StorableTodo.swift in Sources */,
				BD70EAC028D81FCC0063DE18 /* ProjectListCell.swift in Sources */,
				BD9FA4D528CF135100E8D68B /* SceneDelegate.swift in Sources */,
				BD70EB1528D988A80063DE18 /* TodoListViewModel.swift in Sources */,
			);
			runOnlyForDeploymentPostprocessing = 0;
		};
		BDD8CA2328CF1FD100668B70 /* Sources */ = {
			isa = PBXSourcesBuildPhase;
			buildActionMask = 2147483647;
			files = (
				BD621A2B28DB62C8008CFBB8 /* BaseCollectionReusableView.swift in Sources */,
				BDD8CA4628CF291900668B70 /* Adjusted+.swift in Sources */,
				BDD8CA3E28CF20E700668B70 /* Reusable.swift in Sources */,
				BD621A2928DAC5C6008CFBB8 /* UIViewController+.swift in Sources */,
				BDD8CA4228CF21B800668B70 /* UIStackView+.swift in Sources */,
				BDD8CA4928CF29FE00668B70 /* Collection+.swift in Sources */,
				BDD8CA3828CF207000668B70 /* BaseView.swift in Sources */,
				BD92EF9A28D2CBF0000C4A4F /* BaseCollectionView.swift in Sources */,
				BDD8CA3A28CF208700668B70 /* BaseViewController.swift in Sources */,
				BDD8CA3C28CF20B700668B70 /* BaseCollectionViewCell.swift in Sources */,
				BD39C48528E31166007AC73C /* UICollectionView+.swift in Sources */,
				BDD8CA4028CF219F00668B70 /* UIView+.swift in Sources */,
			);
			runOnlyForDeploymentPostprocessing = 0;
		};
		BDD8CA4D28CF30EC00668B70 /* Sources */ = {
			isa = PBXSourcesBuildPhase;
			buildActionMask = 2147483647;
			files = (
				BDB65B9028D0B5BC00679C02 /* Device.swift in Sources */,
				BDB65B8D28D079A100679C02 /* ODSTextField.swift in Sources */,
				BD15700028D05ACE00155712 /* ODSButton.swift in Sources */,
				BDD8CAC528CF825800668B70 /* ODSTagView.swift in Sources */,
				BDD8CA9E28CF3D5100668B70 /* ODSBundle.swift in Sources */,
				BDB65B9228D0B6B200679C02 /* PreviewProvider.swift in Sources */,
				BDD8CACB28CF8BA300668B70 /* ODSBasicBlockCell.swift in Sources */,
				BDD8CAAE28CF4A5200668B70 /* UIColor+.swift in Sources */,
				BDD8CAB828CF4E5A00668B70 /* Spacing.swift in Sources */,
				BDD5F90E28E1A10A003F3B03 /* ODSDatePickerViewController.swift in Sources */,
				BDD8CAA928CF41A600668B70 /* Font.swift in Sources */,
				BDD8CABD28CF73E900668B70 /* ODSNavigationBar.swift in Sources */,
				BDD8CA9C28CF37E800668B70 /* UIImage+.swift in Sources */,
				BDD8CABA28CF4E9F00668B70 /* Radius.swift in Sources */,
			);
			runOnlyForDeploymentPostprocessing = 0;
		};
/* End PBXSourcesBuildPhase section */

/* Begin PBXTargetDependency section */
		BDB65B8928D0713E00679C02 /* PBXTargetDependency */ = {
			isa = PBXTargetDependency;
			target = BDD8CA2628CF1FD100668B70 /* OOTD-Core */;
			targetProxy = BDB65B8828D0713E00679C02 /* PBXContainerItemProxy */;
		};
		BDD8CA2C28CF1FD100668B70 /* PBXTargetDependency */ = {
			isa = PBXTargetDependency;
			target = BDD8CA2628CF1FD100668B70 /* OOTD-Core */;
			targetProxy = BDD8CA2B28CF1FD100668B70 /* PBXContainerItemProxy */;
		};
		BDD8CA5628CF30EC00668B70 /* PBXTargetDependency */ = {
			isa = PBXTargetDependency;
			target = BDD8CA5028CF30EC00668B70 /* OOTD-UIKit */;
			targetProxy = BDD8CA5528CF30EC00668B70 /* PBXContainerItemProxy */;
		};
/* End PBXTargetDependency section */

/* Begin PBXVariantGroup section */
		BD9FA4DD28CF135600E8D68B /* LaunchScreen.storyboard */ = {
			isa = PBXVariantGroup;
			children = (
				BD9FA4DE28CF135600E8D68B /* Base */,
			);
			name = LaunchScreen.storyboard;
			sourceTree = "<group>";
		};
/* End PBXVariantGroup section */

/* Begin XCBuildConfiguration section */
		BD9FA4F728CF135600E8D68B /* Debug */ = {
			isa = XCBuildConfiguration;
			buildSettings = {
				ALWAYS_SEARCH_USER_PATHS = NO;
				CLANG_ANALYZER_NONNULL = YES;
				CLANG_ANALYZER_NUMBER_OBJECT_CONVERSION = YES_AGGRESSIVE;
				CLANG_CXX_LANGUAGE_STANDARD = "gnu++17";
				CLANG_ENABLE_MODULES = YES;
				CLANG_ENABLE_OBJC_ARC = YES;
				CLANG_ENABLE_OBJC_WEAK = YES;
				CLANG_WARN_BLOCK_CAPTURE_AUTORELEASING = YES;
				CLANG_WARN_BOOL_CONVERSION = YES;
				CLANG_WARN_COMMA = YES;
				CLANG_WARN_CONSTANT_CONVERSION = YES;
				CLANG_WARN_DEPRECATED_OBJC_IMPLEMENTATIONS = YES;
				CLANG_WARN_DIRECT_OBJC_ISA_USAGE = YES_ERROR;
				CLANG_WARN_DOCUMENTATION_COMMENTS = YES;
				CLANG_WARN_EMPTY_BODY = YES;
				CLANG_WARN_ENUM_CONVERSION = YES;
				CLANG_WARN_INFINITE_RECURSION = YES;
				CLANG_WARN_INT_CONVERSION = YES;
				CLANG_WARN_NON_LITERAL_NULL_CONVERSION = YES;
				CLANG_WARN_OBJC_IMPLICIT_RETAIN_SELF = YES;
				CLANG_WARN_OBJC_LITERAL_CONVERSION = YES;
				CLANG_WARN_OBJC_ROOT_CLASS = YES_ERROR;
				CLANG_WARN_QUOTED_INCLUDE_IN_FRAMEWORK_HEADER = YES;
				CLANG_WARN_RANGE_LOOP_ANALYSIS = YES;
				CLANG_WARN_STRICT_PROTOTYPES = YES;
				CLANG_WARN_SUSPICIOUS_MOVE = YES;
				CLANG_WARN_UNGUARDED_AVAILABILITY = YES_AGGRESSIVE;
				CLANG_WARN_UNREACHABLE_CODE = YES;
				CLANG_WARN__DUPLICATE_METHOD_MATCH = YES;
				COPY_PHASE_STRIP = NO;
				DEBUG_INFORMATION_FORMAT = dwarf;
				ENABLE_STRICT_OBJC_MSGSEND = YES;
				ENABLE_TESTABILITY = YES;
				GCC_C_LANGUAGE_STANDARD = gnu11;
				GCC_DYNAMIC_NO_PIC = NO;
				GCC_NO_COMMON_BLOCKS = YES;
				GCC_OPTIMIZATION_LEVEL = 0;
				GCC_PREPROCESSOR_DEFINITIONS = (
					"DEBUG=1",
					"$(inherited)",
				);
				GCC_WARN_64_TO_32_BIT_CONVERSION = YES;
				GCC_WARN_ABOUT_RETURN_TYPE = YES_ERROR;
				GCC_WARN_UNDECLARED_SELECTOR = YES;
				GCC_WARN_UNINITIALIZED_AUTOS = YES_AGGRESSIVE;
				GCC_WARN_UNUSED_FUNCTION = YES;
				GCC_WARN_UNUSED_VARIABLE = YES;
				IPHONEOS_DEPLOYMENT_TARGET = 15.0;
				MTL_ENABLE_DEBUG_INFO = INCLUDE_SOURCE;
				MTL_FAST_MATH = YES;
				ONLY_ACTIVE_ARCH = YES;
				SDKROOT = iphoneos;
				SWIFT_ACTIVE_COMPILATION_CONDITIONS = DEBUG;
				SWIFT_OPTIMIZATION_LEVEL = "-Onone";
			};
			name = Debug;
		};
		BD9FA4F828CF135600E8D68B /* Release */ = {
			isa = XCBuildConfiguration;
			buildSettings = {
				ALWAYS_SEARCH_USER_PATHS = NO;
				CLANG_ANALYZER_NONNULL = YES;
				CLANG_ANALYZER_NUMBER_OBJECT_CONVERSION = YES_AGGRESSIVE;
				CLANG_CXX_LANGUAGE_STANDARD = "gnu++17";
				CLANG_ENABLE_MODULES = YES;
				CLANG_ENABLE_OBJC_ARC = YES;
				CLANG_ENABLE_OBJC_WEAK = YES;
				CLANG_WARN_BLOCK_CAPTURE_AUTORELEASING = YES;
				CLANG_WARN_BOOL_CONVERSION = YES;
				CLANG_WARN_COMMA = YES;
				CLANG_WARN_CONSTANT_CONVERSION = YES;
				CLANG_WARN_DEPRECATED_OBJC_IMPLEMENTATIONS = YES;
				CLANG_WARN_DIRECT_OBJC_ISA_USAGE = YES_ERROR;
				CLANG_WARN_DOCUMENTATION_COMMENTS = YES;
				CLANG_WARN_EMPTY_BODY = YES;
				CLANG_WARN_ENUM_CONVERSION = YES;
				CLANG_WARN_INFINITE_RECURSION = YES;
				CLANG_WARN_INT_CONVERSION = YES;
				CLANG_WARN_NON_LITERAL_NULL_CONVERSION = YES;
				CLANG_WARN_OBJC_IMPLICIT_RETAIN_SELF = YES;
				CLANG_WARN_OBJC_LITERAL_CONVERSION = YES;
				CLANG_WARN_OBJC_ROOT_CLASS = YES_ERROR;
				CLANG_WARN_QUOTED_INCLUDE_IN_FRAMEWORK_HEADER = YES;
				CLANG_WARN_RANGE_LOOP_ANALYSIS = YES;
				CLANG_WARN_STRICT_PROTOTYPES = YES;
				CLANG_WARN_SUSPICIOUS_MOVE = YES;
				CLANG_WARN_UNGUARDED_AVAILABILITY = YES_AGGRESSIVE;
				CLANG_WARN_UNREACHABLE_CODE = YES;
				CLANG_WARN__DUPLICATE_METHOD_MATCH = YES;
				COPY_PHASE_STRIP = NO;
				DEBUG_INFORMATION_FORMAT = "dwarf-with-dsym";
				ENABLE_NS_ASSERTIONS = NO;
				ENABLE_STRICT_OBJC_MSGSEND = YES;
				GCC_C_LANGUAGE_STANDARD = gnu11;
				GCC_NO_COMMON_BLOCKS = YES;
				GCC_WARN_64_TO_32_BIT_CONVERSION = YES;
				GCC_WARN_ABOUT_RETURN_TYPE = YES_ERROR;
				GCC_WARN_UNDECLARED_SELECTOR = YES;
				GCC_WARN_UNINITIALIZED_AUTOS = YES_AGGRESSIVE;
				GCC_WARN_UNUSED_FUNCTION = YES;
				GCC_WARN_UNUSED_VARIABLE = YES;
				IPHONEOS_DEPLOYMENT_TARGET = 15.0;
				MTL_ENABLE_DEBUG_INFO = NO;
				MTL_FAST_MATH = YES;
				SDKROOT = iphoneos;
				SWIFT_COMPILATION_MODE = wholemodule;
				SWIFT_OPTIMIZATION_LEVEL = "-O";
				VALIDATE_PRODUCT = YES;
			};
			name = Release;
		};
		BD9FA4FA28CF135600E8D68B /* Debug */ = {
			isa = XCBuildConfiguration;
			buildSettings = {
				ALWAYS_EMBED_SWIFT_STANDARD_LIBRARIES = YES;
				ASSETCATALOG_COMPILER_APPICON_NAME = AppIcon;
				ASSETCATALOG_COMPILER_GLOBAL_ACCENT_COLOR_NAME = AccentColor;
				CODE_SIGN_ENTITLEMENTS = OOTD/OOTD.entitlements;
				CODE_SIGN_STYLE = Automatic;
				CURRENT_PROJECT_VERSION = 2210231;
				DEVELOPMENT_TEAM = W7P3R7ZL78;
				GENERATE_INFOPLIST_FILE = YES;
				INFOPLIST_FILE = OOTD/Info.plist;
				INFOPLIST_KEY_CFBundleDisplayName = "오오투두";
				INFOPLIST_KEY_UIApplicationSupportsIndirectInputEvents = YES;
				INFOPLIST_KEY_UILaunchStoryboardName = LaunchScreen;
				INFOPLIST_KEY_UISupportedInterfaceOrientations = UIInterfaceOrientationPortrait;
				INFOPLIST_KEY_UISupportedInterfaceOrientations_iPad = "UIInterfaceOrientationPortrait UIInterfaceOrientationPortraitUpsideDown UIInterfaceOrientationLandscapeLeft UIInterfaceOrientationLandscapeRight";
				INFOPLIST_KEY_UISupportedInterfaceOrientations_iPhone = UIInterfaceOrientationPortrait;
				INFOPLIST_KEY_UIUserInterfaceStyle = Light;
				LD_RUNPATH_SEARCH_PATHS = (
					"$(inherited)",
					"@executable_path/Frameworks",
				);
				MARKETING_VERSION = 1.0.2;
				PRODUCT_BUNDLE_IDENTIFIER = com.taekki.OOTD;
				PRODUCT_NAME = "$(TARGET_NAME)";
				SWIFT_EMIT_LOC_STRINGS = YES;
				SWIFT_VERSION = 5.0;
				TARGETED_DEVICE_FAMILY = 1;
			};
			name = Debug;
		};
		BD9FA4FB28CF135600E8D68B /* Release */ = {
			isa = XCBuildConfiguration;
			buildSettings = {
				ALWAYS_EMBED_SWIFT_STANDARD_LIBRARIES = YES;
				ASSETCATALOG_COMPILER_APPICON_NAME = AppIcon;
				ASSETCATALOG_COMPILER_GLOBAL_ACCENT_COLOR_NAME = AccentColor;
				CODE_SIGN_ENTITLEMENTS = OOTD/OOTD.entitlements;
				CODE_SIGN_STYLE = Automatic;
				CURRENT_PROJECT_VERSION = 2210231;
				DEVELOPMENT_TEAM = W7P3R7ZL78;
				GENERATE_INFOPLIST_FILE = YES;
				INFOPLIST_FILE = OOTD/Info.plist;
				INFOPLIST_KEY_CFBundleDisplayName = "오오투두";
				INFOPLIST_KEY_UIApplicationSupportsIndirectInputEvents = YES;
				INFOPLIST_KEY_UILaunchStoryboardName = LaunchScreen;
				INFOPLIST_KEY_UISupportedInterfaceOrientations = UIInterfaceOrientationPortrait;
				INFOPLIST_KEY_UISupportedInterfaceOrientations_iPad = "UIInterfaceOrientationPortrait UIInterfaceOrientationPortraitUpsideDown UIInterfaceOrientationLandscapeLeft UIInterfaceOrientationLandscapeRight";
				INFOPLIST_KEY_UISupportedInterfaceOrientations_iPhone = UIInterfaceOrientationPortrait;
				INFOPLIST_KEY_UIUserInterfaceStyle = Light;
				LD_RUNPATH_SEARCH_PATHS = (
					"$(inherited)",
					"@executable_path/Frameworks",
				);
				MARKETING_VERSION = 1.0.2;
				PRODUCT_BUNDLE_IDENTIFIER = com.taekki.OOTD;
				PRODUCT_NAME = "$(TARGET_NAME)";
				SWIFT_EMIT_LOC_STRINGS = YES;
				SWIFT_VERSION = 5.0;
				TARGETED_DEVICE_FAMILY = 1;
			};
			name = Release;
		};
		BDD8CA3028CF1FD100668B70 /* Debug */ = {
			isa = XCBuildConfiguration;
			buildSettings = {
				CLANG_ENABLE_MODULES = YES;
				CODE_SIGN_STYLE = Automatic;
				CURRENT_PROJECT_VERSION = 2210183;
				DEFINES_MODULE = YES;
				DEVELOPMENT_TEAM = W7P3R7ZL78;
				DYLIB_COMPATIBILITY_VERSION = 1;
				DYLIB_CURRENT_VERSION = 2210183;
				DYLIB_INSTALL_NAME_BASE = "@rpath";
				GENERATE_INFOPLIST_FILE = YES;
				INFOPLIST_KEY_NSHumanReadableCopyright = "";
				INSTALL_PATH = "$(LOCAL_LIBRARY_DIR)/Frameworks";
				IPHONEOS_DEPLOYMENT_TARGET = 15.0;
				LD_RUNPATH_SEARCH_PATHS = (
					"$(inherited)",
					"@executable_path/Frameworks",
					"@loader_path/Frameworks",
				);
				MARKETING_VERSION = 1.0;
				PRODUCT_BUNDLE_IDENTIFIER = com.taekki.OOTD.Core;
				PRODUCT_NAME = "$(TARGET_NAME:c99extidentifier)";
				SKIP_INSTALL = YES;
				SUPPORTS_MACCATALYST = NO;
				SWIFT_EMIT_LOC_STRINGS = YES;
				SWIFT_OPTIMIZATION_LEVEL = "-Onone";
				SWIFT_VERSION = 5.0;
				TARGETED_DEVICE_FAMILY = 1;
				VERSIONING_SYSTEM = "apple-generic";
				VERSION_INFO_PREFIX = "";
			};
			name = Debug;
		};
		BDD8CA3128CF1FD100668B70 /* Release */ = {
			isa = XCBuildConfiguration;
			buildSettings = {
				CLANG_ENABLE_MODULES = YES;
				CODE_SIGN_STYLE = Automatic;
				CURRENT_PROJECT_VERSION = 2210183;
				DEFINES_MODULE = YES;
				DEVELOPMENT_TEAM = W7P3R7ZL78;
				DYLIB_COMPATIBILITY_VERSION = 1;
				DYLIB_CURRENT_VERSION = 2210183;
				DYLIB_INSTALL_NAME_BASE = "@rpath";
				GENERATE_INFOPLIST_FILE = YES;
				INFOPLIST_KEY_NSHumanReadableCopyright = "";
				INSTALL_PATH = "$(LOCAL_LIBRARY_DIR)/Frameworks";
				IPHONEOS_DEPLOYMENT_TARGET = 15.0;
				LD_RUNPATH_SEARCH_PATHS = (
					"$(inherited)",
					"@executable_path/Frameworks",
					"@loader_path/Frameworks",
				);
				MARKETING_VERSION = 1.0;
				PRODUCT_BUNDLE_IDENTIFIER = com.taekki.OOTD.Core;
				PRODUCT_NAME = "$(TARGET_NAME:c99extidentifier)";
				SKIP_INSTALL = YES;
				SUPPORTS_MACCATALYST = NO;
				SWIFT_EMIT_LOC_STRINGS = YES;
				SWIFT_VERSION = 5.0;
				TARGETED_DEVICE_FAMILY = 1;
				VERSIONING_SYSTEM = "apple-generic";
				VERSION_INFO_PREFIX = "";
			};
			name = Release;
		};
		BDD8CA5928CF30EC00668B70 /* Debug */ = {
			isa = XCBuildConfiguration;
			buildSettings = {
				CLANG_ENABLE_MODULES = YES;
				CODE_SIGN_STYLE = Automatic;
				CURRENT_PROJECT_VERSION = 2210183;
				DEFINES_MODULE = YES;
				DEVELOPMENT_TEAM = W7P3R7ZL78;
				DYLIB_COMPATIBILITY_VERSION = 1;
				DYLIB_CURRENT_VERSION = 2210183;
				DYLIB_INSTALL_NAME_BASE = "@rpath";
				GENERATE_INFOPLIST_FILE = YES;
				INFOPLIST_KEY_NSHumanReadableCopyright = "";
				INSTALL_PATH = "$(LOCAL_LIBRARY_DIR)/Frameworks";
				IPHONEOS_DEPLOYMENT_TARGET = 15.0;
				LD_RUNPATH_SEARCH_PATHS = (
					"$(inherited)",
					"@executable_path/Frameworks",
					"@loader_path/Frameworks",
				);
				MARKETING_VERSION = 1.0;
				PRODUCT_BUNDLE_IDENTIFIER = com.taekki.OOTD.UIKit;
				PRODUCT_NAME = "$(TARGET_NAME:c99extidentifier)";
				SKIP_INSTALL = YES;
				SUPPORTS_MACCATALYST = NO;
				SWIFT_EMIT_LOC_STRINGS = YES;
				SWIFT_OPTIMIZATION_LEVEL = "-Onone";
				SWIFT_VERSION = 5.0;
				TARGETED_DEVICE_FAMILY = 1;
				VERSIONING_SYSTEM = "apple-generic";
				VERSION_INFO_PREFIX = "";
			};
			name = Debug;
		};
		BDD8CA5A28CF30EC00668B70 /* Release */ = {
			isa = XCBuildConfiguration;
			buildSettings = {
				CLANG_ENABLE_MODULES = YES;
				CODE_SIGN_STYLE = Automatic;
				CURRENT_PROJECT_VERSION = 2210183;
				DEFINES_MODULE = YES;
				DEVELOPMENT_TEAM = W7P3R7ZL78;
				DYLIB_COMPATIBILITY_VERSION = 1;
				DYLIB_CURRENT_VERSION = 2210183;
				DYLIB_INSTALL_NAME_BASE = "@rpath";
				GENERATE_INFOPLIST_FILE = YES;
				INFOPLIST_KEY_NSHumanReadableCopyright = "";
				INSTALL_PATH = "$(LOCAL_LIBRARY_DIR)/Frameworks";
				IPHONEOS_DEPLOYMENT_TARGET = 15.0;
				LD_RUNPATH_SEARCH_PATHS = (
					"$(inherited)",
					"@executable_path/Frameworks",
					"@loader_path/Frameworks",
				);
				MARKETING_VERSION = 1.0;
				PRODUCT_BUNDLE_IDENTIFIER = com.taekki.OOTD.UIKit;
				PRODUCT_NAME = "$(TARGET_NAME:c99extidentifier)";
				SKIP_INSTALL = YES;
				SUPPORTS_MACCATALYST = NO;
				SWIFT_EMIT_LOC_STRINGS = YES;
				SWIFT_VERSION = 5.0;
				TARGETED_DEVICE_FAMILY = 1;
				VERSIONING_SYSTEM = "apple-generic";
				VERSION_INFO_PREFIX = "";
			};
			name = Release;
		};
/* End XCBuildConfiguration section */

/* Begin XCConfigurationList section */
		BD9FA4CA28CF135100E8D68B /* Build configuration list for PBXProject "OOTD" */ = {
			isa = XCConfigurationList;
			buildConfigurations = (
				BD9FA4F728CF135600E8D68B /* Debug */,
				BD9FA4F828CF135600E8D68B /* Release */,
			);
			defaultConfigurationIsVisible = 0;
			defaultConfigurationName = Release;
		};
		BD9FA4F928CF135600E8D68B /* Build configuration list for PBXNativeTarget "OOTD" */ = {
			isa = XCConfigurationList;
			buildConfigurations = (
				BD9FA4FA28CF135600E8D68B /* Debug */,
				BD9FA4FB28CF135600E8D68B /* Release */,
			);
			defaultConfigurationIsVisible = 0;
			defaultConfigurationName = Release;
		};
		BDD8CA3228CF1FD100668B70 /* Build configuration list for PBXNativeTarget "OOTD-Core" */ = {
			isa = XCConfigurationList;
			buildConfigurations = (
				BDD8CA3028CF1FD100668B70 /* Debug */,
				BDD8CA3128CF1FD100668B70 /* Release */,
			);
			defaultConfigurationIsVisible = 0;
			defaultConfigurationName = Release;
		};
		BDD8CA5B28CF30EC00668B70 /* Build configuration list for PBXNativeTarget "OOTD-UIKit" */ = {
			isa = XCConfigurationList;
			buildConfigurations = (
				BDD8CA5928CF30EC00668B70 /* Debug */,
				BDD8CA5A28CF30EC00668B70 /* Release */,
			);
			defaultConfigurationIsVisible = 0;
			defaultConfigurationName = Release;
		};
/* End XCConfigurationList section */

/* Begin XCRemoteSwiftPackageReference section */
		BD1BBB7E28EE925C009C793F /* XCRemoteSwiftPackageReference "ReactorKit" */ = {
			isa = XCRemoteSwiftPackageReference;
			repositoryURL = "https://github.com/ReactorKit/ReactorKit.git";
			requirement = {
				kind = upToNextMajorVersion;
				minimumVersion = 3.0.0;
			};
		};
		BD1BBB8628EECEBA009C793F /* XCRemoteSwiftPackageReference "RxDataSources" */ = {
			isa = XCRemoteSwiftPackageReference;
			repositoryURL = "https://github.com/RxSwiftCommunity/RxDataSources.git";
			requirement = {
				kind = upToNextMajorVersion;
				minimumVersion = 5.0.0;
			};
		};
		BD39C48C28E3DBC4007AC73C /* XCRemoteSwiftPackageReference "realm-swift" */ = {
			isa = XCRemoteSwiftPackageReference;
			repositoryURL = "https://github.com/realm/realm-swift.git";
			requirement = {
				kind = exactVersion;
				version = 10.30.0;
			};
		};
		BD51B1A328F54CFB005748F5 /* XCRemoteSwiftPackageReference "firebase-ios-sdk" */ = {
			isa = XCRemoteSwiftPackageReference;
			repositoryURL = "https://github.com/firebase/firebase-ios-sdk.git";
			requirement = {
				kind = upToNextMajorVersion;
				minimumVersion = 9.0.0;
			};
		};
		BD9FA52628CF171600E8D68B /* XCRemoteSwiftPackageReference "SnapKit" */ = {
			isa = XCRemoteSwiftPackageReference;
			repositoryURL = "https://github.com/SnapKit/SnapKit.git";
			requirement = {
				kind = upToNextMajorVersion;
				minimumVersion = 5.0.0;
			};
		};
		BD9FA52928CF174B00E8D68B /* XCRemoteSwiftPackageReference "Then" */ = {
			isa = XCRemoteSwiftPackageReference;
			repositoryURL = "https://github.com/devxoul/Then.git";
			requirement = {
				kind = upToNextMajorVersion;
				minimumVersion = 3.0.0;
			};
		};
		BD9FA52C28CF17AB00E8D68B /* XCRemoteSwiftPackageReference "FSCalendar" */ = {
			isa = XCRemoteSwiftPackageReference;
			repositoryURL = "https://github.com/WenchaoD/FSCalendar.git";
			requirement = {
				kind = upToNextMajorVersion;
				minimumVersion = 2.0.0;
			};
		};
		BDD5F8B328DD9B1D003F3B03 /* XCRemoteSwiftPackageReference "WSTagsField" */ = {
			isa = XCRemoteSwiftPackageReference;
			repositoryURL = "https://github.com/whitesmith/WSTagsField.git";
			requirement = {
				kind = upToNextMajorVersion;
				minimumVersion = 5.0.0;
			};
		};
		BDD5F8BD28DE0072003F3B03 /* XCRemoteSwiftPackageReference "IQKeyboardManager" */ = {
			isa = XCRemoteSwiftPackageReference;
			repositoryURL = "https://github.com/hackiftekhar/IQKeyboardManager.git";
			requirement = {
				branch = master;
				kind = branch;
			};
		};
		BDD5F8C428DF318D003F3B03 /* XCRemoteSwiftPackageReference "RxSwift" */ = {
			isa = XCRemoteSwiftPackageReference;
			repositoryURL = "https://github.com/ReactiveX/RxSwift.git";
			requirement = {
				kind = upToNextMajorVersion;
				minimumVersion = 6.0.0;
			};
		};
/* End XCRemoteSwiftPackageReference section */

/* Begin XCSwiftPackageProductDependency section */
		BD1BBB7F28EE925C009C793F /* ReactorKit */ = {
			isa = XCSwiftPackageProductDependency;
			package = BD1BBB7E28EE925C009C793F /* XCRemoteSwiftPackageReference "ReactorKit" */;
			productName = ReactorKit;
		};
		BD1BBB8428EEC655009C793F /* RxSwift */ = {
			isa = XCSwiftPackageProductDependency;
			package = BDD5F8C428DF318D003F3B03 /* XCRemoteSwiftPackageReference "RxSwift" */;
			productName = RxSwift;
		};
		BD1BBB8728EECEBA009C793F /* RxDataSources */ = {
			isa = XCSwiftPackageProductDependency;
			package = BD1BBB8628EECEBA009C793F /* XCRemoteSwiftPackageReference "RxDataSources" */;
			productName = RxDataSources;
		};
		BD39C48D28E3DBC4007AC73C /* Realm */ = {
			isa = XCSwiftPackageProductDependency;
			package = BD39C48C28E3DBC4007AC73C /* XCRemoteSwiftPackageReference "realm-swift" */;
			productName = Realm;
		};
		BD39C48F28E3DBC4007AC73C /* RealmSwift */ = {
			isa = XCSwiftPackageProductDependency;
			package = BD39C48C28E3DBC4007AC73C /* XCRemoteSwiftPackageReference "realm-swift" */;
			productName = RealmSwift;
		};
		BD51B1A428F54CFB005748F5 /* FirebaseAnalyticsWithoutAdIdSupport */ = {
			isa = XCSwiftPackageProductDependency;
			package = BD51B1A328F54CFB005748F5 /* XCRemoteSwiftPackageReference "firebase-ios-sdk" */;
			productName = FirebaseAnalyticsWithoutAdIdSupport;
		};
		BD51B1A628F54CFB005748F5 /* FirebaseCrashlytics */ = {
			isa = XCSwiftPackageProductDependency;
			package = BD51B1A328F54CFB005748F5 /* XCRemoteSwiftPackageReference "firebase-ios-sdk" */;
			productName = FirebaseCrashlytics;
		};
		BD51B1A828F54CFB005748F5 /* FirebaseMessaging */ = {
			isa = XCSwiftPackageProductDependency;
			package = BD51B1A328F54CFB005748F5 /* XCRemoteSwiftPackageReference "firebase-ios-sdk" */;
			productName = FirebaseMessaging;
		};
		BD9FA52728CF171600E8D68B /* SnapKit */ = {
			isa = XCSwiftPackageProductDependency;
			package = BD9FA52628CF171600E8D68B /* XCRemoteSwiftPackageReference "SnapKit" */;
			productName = SnapKit;
		};
		BD9FA52A28CF174B00E8D68B /* Then */ = {
			isa = XCSwiftPackageProductDependency;
			package = BD9FA52928CF174B00E8D68B /* XCRemoteSwiftPackageReference "Then" */;
			productName = Then;
		};
		BD9FA52D28CF17AB00E8D68B /* FSCalendar */ = {
			isa = XCSwiftPackageProductDependency;
			package = BD9FA52C28CF17AB00E8D68B /* XCRemoteSwiftPackageReference "FSCalendar" */;
			productName = FSCalendar;
		};
		BDD5F8B428DD9B1D003F3B03 /* WSTagsField */ = {
			isa = XCSwiftPackageProductDependency;
			package = BDD5F8B328DD9B1D003F3B03 /* XCRemoteSwiftPackageReference "WSTagsField" */;
			productName = WSTagsField;
		};
		BDD5F8BE28DE0072003F3B03 /* IQKeyboardManagerSwift */ = {
			isa = XCSwiftPackageProductDependency;
			package = BDD5F8BD28DE0072003F3B03 /* XCRemoteSwiftPackageReference "IQKeyboardManager" */;
			productName = IQKeyboardManagerSwift;
		};
		BDD5F8C528DF318E003F3B03 /* RxCocoa */ = {
			isa = XCSwiftPackageProductDependency;
			package = BDD5F8C428DF318D003F3B03 /* XCRemoteSwiftPackageReference "RxSwift" */;
			productName = RxCocoa;
		};
		BDD5F8C728DF318E003F3B03 /* RxSwift */ = {
			isa = XCSwiftPackageProductDependency;
			package = BDD5F8C428DF318D003F3B03 /* XCRemoteSwiftPackageReference "RxSwift" */;
			productName = RxSwift;
		};
		BDD8CABF28CF7DB500668B70 /* SnapKit */ = {
			isa = XCSwiftPackageProductDependency;
			package = BD9FA52628CF171600E8D68B /* XCRemoteSwiftPackageReference "SnapKit" */;
			productName = SnapKit;
		};
		BDD8CAC128CF7DB900668B70 /* Then */ = {
			isa = XCSwiftPackageProductDependency;
			package = BD9FA52928CF174B00E8D68B /* XCRemoteSwiftPackageReference "Then" */;
			productName = Then;
		};
/* End XCSwiftPackageProductDependency section */
	};
	rootObject = BD9FA4C728CF135100E8D68B /* Project object */;
}
